{"format_version":"1.1","terraform_version":"1.2.5","variables":{"region":{"value":"us-east-1"},"repo-name":{"value":"space-monkey"},"subnet_id":{"value":["$module.networking.vpc.public_subnets[0]"]}},"planned_values":{"outputs":{"ec2_pub_ip":{"sensitive":false},"ec2_tags":{"sensitive":false,"type":["map","string"],"value":{"Environment":"dev","Function":"WebServer","Name":"space-monkey-instance","Repo_Name":"space-monkey","Terraform":"true"}},"public_sn0_id":{"sensitive":false},"ssh_string1":{"sensitive":false},"vpc_id_test":{"sensitive":false},"vpc_name":{"sensitive":false,"type":"string","value":"JasperMainNet"}},"root_module":{"child_modules":[{"resources":[{"address":"module.ec2.aws_ebs_volume.ebs_vol_01","mode":"managed","type":"aws_ebs_volume","name":"ebs_vol_01","provider_name":"registry.terraform.io/hashicorp/aws","schema_version":0,"values":{"availability_zone":"us-east-1a","encrypted":true,"final_snapshot":false,"multi_attach_enabled":null,"outpost_arn":null,"size":16,"tags":{"Repo_Name":"space-monkey"},"tags_all":{"Repo_Name":"space-monkey"},"timeouts":null},"sensitive_values":{"tags":{},"tags_all":{}}},{"address":"module.ec2.aws_volume_attachment.ebs_att","mode":"managed","type":"aws_volume_attachment","name":"ebs_att","provider_name":"registry.terraform.io/hashicorp/aws","schema_version":0,"values":{"device_name":"/dev/sdh","force_detach":null,"skip_destroy":null,"stop_instance_before_detaching":null,"timeouts":null},"sensitive_values":{}}],"address":"module.ec2","child_modules":[{"resources":[{"address":"module.ec2.module.ec2_instance.aws_instance.this[0]","mode":"managed","type":"aws_instance","name":"this","index":0,"provider_name":"registry.terraform.io/hashicorp/aws","schema_version":1,"values":{"ami":"ami-05f75252ff0e431e9","credit_specification":[{"cpu_credits":null}],"enclave_options":[{}],"get_password_data":false,"hibernation":null,"iam_instance_profile":null,"instance_type":"t2.micro","key_name":"space-monkey-tf_key","launch_template":[],"metadata_options":[{"http_endpoint":"enabled","http_put_response_hop_limit":1,"http_tokens":"optional","instance_metadata_tags":"disabled"}],"monitoring":true,"source_dest_check":true,"tags":{"Environment":"dev","Function":"WebServer","Name":"space-monkey-instance","Repo_Name":"space-monkey","Terraform":"true"},"tags_all":{"Environment":"dev","Function":"WebServer","Name":"space-monkey-instance","Repo_Name":"space-monkey","Terraform":"true"},"timeouts":{"create":null,"delete":null,"update":null},"user_data":"73dc234ead394c61c6508f977b75fcdd68ecc1b1","user_data_replace_on_change":false,"volume_tags":{"Name":"space-monkey-instance"}},"sensitive_values":{"capacity_reservation_specification":[],"credit_specification":[{}],"ebs_block_device":[],"enclave_options":[{}],"ephemeral_block_device":[],"ipv6_addresses":[],"launch_template":[],"maintenance_options":[],"metadata_options":[{}],"network_interface":[],"private_dns_name_options":[],"root_block_device":[],"secondary_private_ips":[],"security_groups":[],"tags":{},"tags_all":{},"timeouts":{},"volume_tags":{},"vpc_security_group_ids":[]}}],"address":"module.ec2.module.ec2_instance"}]},{"resources":[{"address":"module.ec2_bastion.aws_ebs_volume.ebs_vol_01","mode":"managed","type":"aws_ebs_volume","name":"ebs_vol_01","provider_name":"registry.terraform.io/hashicorp/aws","schema_version":0,"values":{"availability_zone":"us-east-1a","encrypted":true,"final_snapshot":false,"multi_attach_enabled":null,"outpost_arn":null,"size":16,"tags":{"Repo_Name":"space-monkey"},"tags_all":{"Repo_Name":"space-monkey"},"timeouts":null},"sensitive_values":{"tags":{},"tags_all":{}}},{"address":"module.ec2_bastion.aws_volume_attachment.ebs_att","mode":"managed","type":"aws_volume_attachment","name":"ebs_att","provider_name":"registry.terraform.io/hashicorp/aws","schema_version":0,"values":{"device_name":"/dev/sdh","force_detach":null,"skip_destroy":null,"stop_instance_before_detaching":null,"timeouts":null},"sensitive_values":{}}],"address":"module.ec2_bastion","child_modules":[{"resources":[{"address":"module.ec2_bastion.module.ec2_bastion.aws_instance.this[0]","mode":"managed","type":"aws_instance","name":"this","index":0,"provider_name":"registry.terraform.io/hashicorp/aws","schema_version":1,"values":{"ami":"ami-0439517b5e436bdab","credit_specification":[{"cpu_credits":null}],"enclave_options":[{}],"get_password_data":false,"hibernation":null,"iam_instance_profile":null,"instance_type":"t2.micro","key_name":"space-monkey-tf_key","launch_template":[],"metadata_options":[{"http_endpoint":"enabled","http_put_response_hop_limit":1,"http_tokens":"optional","instance_metadata_tags":"disabled"}],"monitoring":true,"source_dest_check":true,"tags":{"Environment":"dev","Function":"Bastion Host","Name":"space-monkey-bastion-instance","Repo_Name":"space-monkey","Terraform":"true"},"tags_all":{"Environment":"dev","Function":"Bastion Host","Name":"space-monkey-bastion-instance","Repo_Name":"space-monkey","Terraform":"true"},"timeouts":{"create":null,"delete":null,"update":null},"user_data":"73dc234ead394c61c6508f977b75fcdd68ecc1b1","user_data_replace_on_change":false,"volume_tags":{"Name":"space-monkey-bastion-instance"}},"sensitive_values":{"capacity_reservation_specification":[],"credit_specification":[{}],"ebs_block_device":[],"enclave_options":[{}],"ephemeral_block_device":[],"ipv6_addresses":[],"launch_template":[],"maintenance_options":[],"metadata_options":[{}],"network_interface":[],"private_dns_name_options":[],"root_block_device":[],"secondary_private_ips":[],"security_groups":[],"tags":{},"tags_all":{},"timeouts":{},"volume_tags":{},"vpc_security_group_ids":[]}}],"address":"module.ec2_bastion.module.ec2_bastion"}]},{"resources":[{"address":"module.key_gen.local_file.created_keypair_to_local","mode":"managed","type":"local_file","name":"created_keypair_to_local","provider_name":"registry.terraform.io/hashicorp/local","schema_version":0,"values":{"content_base64":null,"directory_permission":"0777","file_permission":"400","filename":"space-monkey-tf_key.pem","sensitive_content":null,"source":null},"sensitive_values":{"content":true}},{"address":"module.key_gen.tls_private_key.rsa","mode":"managed","type":"tls_private_key","name":"rsa","provider_name":"registry.terraform.io/hashicorp/tls","schema_version":0,"values":{"algorithm":"RSA","ecdsa_curve":"P224","rsa_bits":4096},"sensitive_values":{}}],"address":"module.key_gen","child_modules":[{"resources":[{"address":"module.key_gen.module.key_pair.aws_key_pair.this[0]","mode":"managed","type":"aws_key_pair","name":"this","index":0,"provider_name":"registry.terraform.io/hashicorp/aws","schema_version":1,"values":{"key_name":"space-monkey-tf_key","tags":null},"sensitive_values":{"tags_all":{}}}],"address":"module.key_gen.module.key_pair"}]},{"resources":[{"address":"module.networking.aws_security_group.bastion-host-sg","mode":"managed","type":"aws_security_group","name":"bastion-host-sg","provider_name":"registry.terraform.io/hashicorp/aws","schema_version":1,"values":{"description":"Allow bastion host traffic","egress":[{"cidr_blocks":["0.0.0.0/0"],"description":"","from_port":0,"ipv6_cidr_blocks":[],"prefix_list_ids":[],"protocol":"-1","security_groups":[],"self":false,"to_port":0}],"ingress":[{"cidr_blocks":["0.0.0.0/0"],"description":"https from the internet","from_port":443,"ipv6_cidr_blocks":[],"prefix_list_ids":[],"protocol":"tcp","security_groups":[],"self":false,"to_port":443},{"cidr_blocks":["18.207.124.94/32"],"description":"SSH from the hosting server","from_port":22,"ipv6_cidr_blocks":[],"prefix_list_ids":[],"protocol":"tcp","security_groups":[],"self":false,"to_port":22}],"name":"bastion-host-sg","revoke_rules_on_delete":false,"tags":{"Name":"space-monkey-SG"},"tags_all":{"Name":"space-monkey-SG"},"timeouts":null},"sensitive_values":{"egress":[{"cidr_blocks":[false],"ipv6_cidr_blocks":[],"prefix_list_ids":[],"security_groups":[]}],"ingress":[{"cidr_blocks":[false],"ipv6_cidr_blocks":[],"prefix_list_ids":[],"security_groups":[]},{"cidr_blocks":[false],"ipv6_cidr_blocks":[],"prefix_list_ids":[],"security_groups":[]}],"tags":{},"tags_all":{}}},{"address":"module.networking.aws_security_group.webserver-sg","mode":"managed","type":"aws_security_group","name":"webserver-sg","provider_name":"registry.terraform.io/hashicorp/aws","schema_version":1,"values":{"description":"Allow webserver traffic","egress":[{"cidr_blocks":["0.0.0.0/0"],"description":"","from_port":0,"ipv6_cidr_blocks":[],"prefix_list_ids":[],"protocol":"-1","security_groups":[],"self":false,"to_port":0}],"ingress":[{"description":"SSH from the bastion host","from_port":22,"ipv6_cidr_blocks":[],"prefix_list_ids":[],"protocol":"tcp","security_groups":[],"self":false,"to_port":22},{"cidr_blocks":["0.0.0.0/0"],"description":"http from the internet","from_port":80,"ipv6_cidr_blocks":[],"prefix_list_ids":[],"protocol":"tcp","security_groups":[],"self":false,"to_port":80},{"cidr_blocks":["0.0.0.0/0"],"description":"https from the internet","from_port":443,"ipv6_cidr_blocks":[],"prefix_list_ids":[],"protocol":"tcp","security_groups":[],"self":false,"to_port":443}],"name":"webserver-sg","revoke_rules_on_delete":false,"tags":{"Name":"space-monkey-SG"},"tags_all":{"Name":"space-monkey-SG"},"timeouts":null},"sensitive_values":{"egress":[{"cidr_blocks":[false],"ipv6_cidr_blocks":[],"prefix_list_ids":[],"security_groups":[]}],"ingress":[{"cidr_blocks":[],"ipv6_cidr_blocks":[],"prefix_list_ids":[],"security_groups":[]},{"cidr_blocks":[false],"ipv6_cidr_blocks":[],"prefix_list_ids":[],"security_groups":[]},{"cidr_blocks":[false],"ipv6_cidr_blocks":[],"prefix_list_ids":[],"security_groups":[]}],"tags":{},"tags_all":{}}}],"address":"module.networking","child_modules":[{"resources":[{"address":"module.networking.module.vpc.aws_internet_gateway.this[0]","mode":"managed","type":"aws_internet_gateway","name":"this","index":0,"provider_name":"registry.terraform.io/hashicorp/aws","schema_version":0,"values":{"tags":{"Name":"JasperMainNet"},"tags_all":{"Name":"JasperMainNet"}},"sensitive_values":{"tags":{},"tags_all":{}}},{"address":"module.networking.module.vpc.aws_route.public_internet_gateway[0]","mode":"managed","type":"aws_route","name":"public_internet_gateway","index":0,"provider_name":"registry.terraform.io/hashicorp/aws","schema_version":0,"values":{"carrier_gateway_id":null,"core_network_arn":null,"destination_cidr_block":"0.0.0.0/0","destination_ipv6_cidr_block":null,"destination_prefix_list_id":null,"egress_only_gateway_id":null,"local_gateway_id":null,"nat_gateway_id":null,"timeouts":{"create":"5m","delete":null,"update":null},"transit_gateway_id":null,"vpc_endpoint_id":null,"vpc_peering_connection_id":null},"sensitive_values":{"timeouts":{}}},{"address":"module.networking.module.vpc.aws_route_table.private[0]","mode":"managed","type":"aws_route_table","name":"private","index":0,"provider_name":"registry.terraform.io/hashicorp/aws","schema_version":0,"values":{"tags":{"Name":"JasperMainNet-private"},"tags_all":{"Name":"JasperMainNet-private"},"timeouts":null},"sensitive_values":{"propagating_vgws":[],"route":[],"tags":{},"tags_all":{}}},{"address":"module.networking.module.vpc.aws_route_table.public[0]","mode":"managed","type":"aws_route_table","name":"public","index":0,"provider_name":"registry.terraform.io/hashicorp/aws","schema_version":0,"values":{"tags":{"Name":"JasperMainNet-public"},"tags_all":{"Name":"JasperMainNet-public"},"timeouts":null},"sensitive_values":{"propagating_vgws":[],"route":[],"tags":{},"tags_all":{}}},{"address":"module.networking.module.vpc.aws_route_table_association.private[0]","mode":"managed","type":"aws_route_table_association","name":"private","index":0,"provider_name":"registry.terraform.io/hashicorp/aws","schema_version":0,"values":{"gateway_id":null},"sensitive_values":{}},{"address":"module.networking.module.vpc.aws_route_table_association.private[1]","mode":"managed","type":"aws_route_table_association","name":"private","index":1,"provider_name":"registry.terraform.io/hashicorp/aws","schema_version":0,"values":{"gateway_id":null},"sensitive_values":{}},{"address":"module.networking.module.vpc.aws_route_table_association.public[0]","mode":"managed","type":"aws_route_table_association","name":"public","index":0,"provider_name":"registry.terraform.io/hashicorp/aws","schema_version":0,"values":{"gateway_id":null},"sensitive_values":{}},{"address":"module.networking.module.vpc.aws_route_table_association.public[1]","mode":"managed","type":"aws_route_table_association","name":"public","index":1,"provider_name":"registry.terraform.io/hashicorp/aws","schema_version":0,"values":{"gateway_id":null},"sensitive_values":{}},{"address":"module.networking.module.vpc.aws_subnet.private[0]","mode":"managed","type":"aws_subnet","name":"private","index":0,"provider_name":"registry.terraform.io/hashicorp/aws","schema_version":1,"values":{"assign_ipv6_address_on_creation":false,"availability_zone":"us-east-1a","cidr_block":"10.100.0.0/24","customer_owned_ipv4_pool":null,"enable_dns64":false,"enable_resource_name_dns_a_record_on_launch":false,"enable_resource_name_dns_aaaa_record_on_launch":false,"ipv6_cidr_block":null,"ipv6_native":false,"map_customer_owned_ip_on_launch":null,"map_public_ip_on_launch":false,"outpost_arn":null,"tags":{"Name":"JasperMainNet-private-us-east-1a"},"tags_all":{"Name":"JasperMainNet-private-us-east-1a"},"timeouts":null},"sensitive_values":{"tags":{},"tags_all":{}}},{"address":"module.networking.module.vpc.aws_subnet.private[1]","mode":"managed","type":"aws_subnet","name":"private","index":1,"provider_name":"registry.terraform.io/hashicorp/aws","schema_version":1,"values":{"assign_ipv6_address_on_creation":false,"availability_zone":"us-east-1b","cidr_block":"10.100.1.0/24","customer_owned_ipv4_pool":null,"enable_dns64":false,"enable_resource_name_dns_a_record_on_launch":false,"enable_resource_name_dns_aaaa_record_on_launch":false,"ipv6_cidr_block":null,"ipv6_native":false,"map_customer_owned_ip_on_launch":null,"map_public_ip_on_launch":false,"outpost_arn":null,"tags":{"Name":"JasperMainNet-private-us-east-1b"},"tags_all":{"Name":"JasperMainNet-private-us-east-1b"},"timeouts":null},"sensitive_values":{"tags":{},"tags_all":{}}},{"address":"module.networking.module.vpc.aws_subnet.public[0]","mode":"managed","type":"aws_subnet","name":"public","index":0,"provider_name":"registry.terraform.io/hashicorp/aws","schema_version":1,"values":{"assign_ipv6_address_on_creation":false,"availability_zone":"us-east-1a","cidr_block":"10.100.32.0/24","customer_owned_ipv4_pool":null,"enable_dns64":false,"enable_resource_name_dns_a_record_on_launch":false,"enable_resource_name_dns_aaaa_record_on_launch":false,"ipv6_cidr_block":null,"ipv6_native":false,"map_customer_owned_ip_on_launch":null,"map_public_ip_on_launch":true,"outpost_arn":null,"tags":{"Name":"JasperMainNet-public-us-east-1a"},"tags_all":{"Name":"JasperMainNet-public-us-east-1a"},"timeouts":null},"sensitive_values":{"tags":{},"tags_all":{}}},{"address":"module.networking.module.vpc.aws_subnet.public[1]","mode":"managed","type":"aws_subnet","name":"public","index":1,"provider_name":"registry.terraform.io/hashicorp/aws","schema_version":1,"values":{"assign_ipv6_address_on_creation":false,"availability_zone":"us-east-1b","cidr_block":"10.100.42.0/24","customer_owned_ipv4_pool":null,"enable_dns64":false,"enable_resource_name_dns_a_record_on_launch":false,"enable_resource_name_dns_aaaa_record_on_launch":false,"ipv6_cidr_block":null,"ipv6_native":false,"map_customer_owned_ip_on_launch":null,"map_public_ip_on_launch":true,"outpost_arn":null,"tags":{"Name":"JasperMainNet-public-us-east-1b"},"tags_all":{"Name":"JasperMainNet-public-us-east-1b"},"timeouts":null},"sensitive_values":{"tags":{},"tags_all":{}}},{"address":"module.networking.module.vpc.aws_vpc.this[0]","mode":"managed","type":"aws_vpc","name":"this","index":0,"provider_name":"registry.terraform.io/hashicorp/aws","schema_version":1,"values":{"assign_generated_ipv6_cidr_block":false,"cidr_block":"10.100.0.0/16","enable_dns_hostnames":false,"enable_dns_support":true,"instance_tenancy":"default","ipv4_ipam_pool_id":null,"ipv4_netmask_length":null,"ipv6_ipam_pool_id":null,"ipv6_netmask_length":null,"tags":{"Name":"JasperMainNet"},"tags_all":{"Name":"JasperMainNet"}},"sensitive_values":{"tags":{},"tags_all":{}}}],"address":"module.networking.module.vpc"}]},{"resources":[{"address":"module.s3-bucket.aws_s3_bucket.this[0]","mode":"managed","type":"aws_s3_bucket","name":"this","index":0,"provider_name":"registry.terraform.io/hashicorp/aws","schema_version":0,"values":{"bucket_prefix":null,"force_destroy":false,"object_lock_enabled":false,"tags":null},"sensitive_values":{"cors_rule":[],"grant":[],"lifecycle_rule":[],"logging":[],"object_lock_configuration":[],"replication_configuration":[],"server_side_encryption_configuration":[],"tags_all":{},"versioning":[],"website":[]}},{"address":"module.s3-bucket.aws_s3_bucket_public_access_block.this[0]","mode":"managed","type":"aws_s3_bucket_public_access_block","name":"this","index":0,"provider_name":"registry.terraform.io/hashicorp/aws","schema_version":0,"values":{"block_public_acls":false,"block_public_policy":false,"ignore_public_acls":false,"restrict_public_buckets":false},"sensitive_values":{}}],"address":"module.s3-bucket"}]}},"resource_changes":[{"address":"module.ec2.aws_ebs_volume.ebs_vol_01","module_address":"module.ec2","mode":"managed","type":"aws_ebs_volume","name":"ebs_vol_01","provider_name":"registry.terraform.io/hashicorp/aws","change":{"actions":["create"],"before":null,"after":{"availability_zone":"us-east-1a","encrypted":true,"final_snapshot":false,"multi_attach_enabled":null,"outpost_arn":null,"size":16,"tags":{"Repo_Name":"space-monkey"},"tags_all":{"Repo_Name":"space-monkey"},"timeouts":null},"after_unknown":{"arn":true,"id":true,"iops":true,"kms_key_id":true,"snapshot_id":true,"tags":{},"tags_all":{},"throughput":true,"type":true},"before_sensitive":false,"after_sensitive":{"tags":{},"tags_all":{}}}},{"address":"module.ec2.aws_volume_attachment.ebs_att","module_address":"module.ec2","mode":"managed","type":"aws_volume_attachment","name":"ebs_att","provider_name":"registry.terraform.io/hashicorp/aws","change":{"actions":["create"],"before":null,"after":{"device_name":"/dev/sdh","force_detach":null,"skip_destroy":null,"stop_instance_before_detaching":null,"timeouts":null},"after_unknown":{"id":true,"instance_id":true,"volume_id":true},"before_sensitive":false,"after_sensitive":{}}},{"address":"module.ec2.module.ec2_instance.aws_instance.this[0]","module_address":"module.ec2.module.ec2_instance","mode":"managed","type":"aws_instance","name":"this","index":0,"provider_name":"registry.terraform.io/hashicorp/aws","change":{"actions":["create"],"before":null,"after":{"ami":"ami-05f75252ff0e431e9","credit_specification":[{"cpu_credits":null}],"enclave_options":[{}],"get_password_data":false,"hibernation":null,"iam_instance_profile":null,"instance_type":"t2.micro","key_name":"space-monkey-tf_key","launch_template":[],"metadata_options":[{"http_endpoint":"enabled","http_put_response_hop_limit":1,"http_tokens":"optional","instance_metadata_tags":"disabled"}],"monitoring":true,"source_dest_check":true,"tags":{"Environment":"dev","Function":"WebServer","Name":"space-monkey-instance","Repo_Name":"space-monkey","Terraform":"true"},"tags_all":{"Environment":"dev","Function":"WebServer","Name":"space-monkey-instance","Repo_Name":"space-monkey","Terraform":"true"},"timeouts":{"create":null,"delete":null,"update":null},"user_data":"73dc234ead394c61c6508f977b75fcdd68ecc1b1","user_data_replace_on_change":false,"volume_tags":{"Name":"space-monkey-instance"}},"after_unknown":{"arn":true,"associate_public_ip_address":true,"availability_zone":true,"capacity_reservation_specification":true,"cpu_core_count":true,"cpu_threads_per_core":true,"credit_specification":[{}],"disable_api_stop":true,"disable_api_termination":true,"ebs_block_device":true,"ebs_optimized":true,"enclave_options":[{"enabled":true}],"ephemeral_block_device":true,"host_id":true,"id":true,"instance_initiated_shutdown_behavior":true,"instance_state":true,"ipv6_address_count":true,"ipv6_addresses":true,"launch_template":[],"maintenance_options":true,"metadata_options":[{}],"network_interface":true,"outpost_arn":true,"password_data":true,"placement_group":true,"placement_partition_number":true,"primary_network_interface_id":true,"private_dns":true,"private_dns_name_options":true,"private_ip":true,"public_dns":true,"public_ip":true,"root_block_device":true,"secondary_private_ips":true,"security_groups":true,"subnet_id":true,"tags":{},"tags_all":{},"tenancy":true,"timeouts":{},"user_data_base64":true,"volume_tags":{},"vpc_security_group_ids":true},"before_sensitive":false,"after_sensitive":{"capacity_reservation_specification":[],"credit_specification":[{}],"ebs_block_device":[],"enclave_options":[{}],"ephemeral_block_device":[],"ipv6_addresses":[],"launch_template":[],"maintenance_options":[],"metadata_options":[{}],"network_interface":[],"private_dns_name_options":[],"root_block_device":[],"secondary_private_ips":[],"security_groups":[],"tags":{},"tags_all":{},"timeouts":{},"volume_tags":{},"vpc_security_group_ids":[]}}},{"address":"module.ec2_bastion.aws_ebs_volume.ebs_vol_01","module_address":"module.ec2_bastion","mode":"managed","type":"aws_ebs_volume","name":"ebs_vol_01","provider_name":"registry.terraform.io/hashicorp/aws","change":{"actions":["create"],"before":null,"after":{"availability_zone":"us-east-1a","encrypted":true,"final_snapshot":false,"multi_attach_enabled":null,"outpost_arn":null,"size":16,"tags":{"Repo_Name":"space-monkey"},"tags_all":{"Repo_Name":"space-monkey"},"timeouts":null},"after_unknown":{"arn":true,"id":true,"iops":true,"kms_key_id":true,"snapshot_id":true,"tags":{},"tags_all":{},"throughput":true,"type":true},"before_sensitive":false,"after_sensitive":{"tags":{},"tags_all":{}}}},{"address":"module.ec2_bastion.aws_volume_attachment.ebs_att","module_address":"module.ec2_bastion","mode":"managed","type":"aws_volume_attachment","name":"ebs_att","provider_name":"registry.terraform.io/hashicorp/aws","change":{"actions":["create"],"before":null,"after":{"device_name":"/dev/sdh","force_detach":null,"skip_destroy":null,"stop_instance_before_detaching":null,"timeouts":null},"after_unknown":{"id":true,"instance_id":true,"volume_id":true},"before_sensitive":false,"after_sensitive":{}}},{"address":"module.ec2_bastion.module.ec2_bastion.aws_instance.this[0]","module_address":"module.ec2_bastion.module.ec2_bastion","mode":"managed","type":"aws_instance","name":"this","index":0,"provider_name":"registry.terraform.io/hashicorp/aws","change":{"actions":["create"],"before":null,"after":{"ami":"ami-0439517b5e436bdab","credit_specification":[{"cpu_credits":null}],"enclave_options":[{}],"get_password_data":false,"hibernation":null,"iam_instance_profile":null,"instance_type":"t2.micro","key_name":"space-monkey-tf_key","launch_template":[],"metadata_options":[{"http_endpoint":"enabled","http_put_response_hop_limit":1,"http_tokens":"optional","instance_metadata_tags":"disabled"}],"monitoring":true,"source_dest_check":true,"tags":{"Environment":"dev","Function":"Bastion Host","Name":"space-monkey-bastion-instance","Repo_Name":"space-monkey","Terraform":"true"},"tags_all":{"Environment":"dev","Function":"Bastion Host","Name":"space-monkey-bastion-instance","Repo_Name":"space-monkey","Terraform":"true"},"timeouts":{"create":null,"delete":null,"update":null},"user_data":"73dc234ead394c61c6508f977b75fcdd68ecc1b1","user_data_replace_on_change":false,"volume_tags":{"Name":"space-monkey-bastion-instance"}},"after_unknown":{"arn":true,"associate_public_ip_address":true,"availability_zone":true,"capacity_reservation_specification":true,"cpu_core_count":true,"cpu_threads_per_core":true,"credit_specification":[{}],"disable_api_stop":true,"disable_api_termination":true,"ebs_block_device":true,"ebs_optimized":true,"enclave_options":[{"enabled":true}],"ephemeral_block_device":true,"host_id":true,"id":true,"instance_initiated_shutdown_behavior":true,"instance_state":true,"ipv6_address_count":true,"ipv6_addresses":true,"launch_template":[],"maintenance_options":true,"metadata_options":[{}],"network_interface":true,"outpost_arn":true,"password_data":true,"placement_group":true,"placement_partition_number":true,"primary_network_interface_id":true,"private_dns":true,"private_dns_name_options":true,"private_ip":true,"public_dns":true,"public_ip":true,"root_block_device":true,"secondary_private_ips":true,"security_groups":true,"subnet_id":true,"tags":{},"tags_all":{},"tenancy":true,"timeouts":{},"user_data_base64":true,"volume_tags":{},"vpc_security_group_ids":true},"before_sensitive":false,"after_sensitive":{"capacity_reservation_specification":[],"credit_specification":[{}],"ebs_block_device":[],"enclave_options":[{}],"ephemeral_block_device":[],"ipv6_addresses":[],"launch_template":[],"maintenance_options":[],"metadata_options":[{}],"network_interface":[],"private_dns_name_options":[],"root_block_device":[],"secondary_private_ips":[],"security_groups":[],"tags":{},"tags_all":{},"timeouts":{},"volume_tags":{},"vpc_security_group_ids":[]}}},{"address":"module.key_gen.local_file.created_keypair_to_local","module_address":"module.key_gen","mode":"managed","type":"local_file","name":"created_keypair_to_local","provider_name":"registry.terraform.io/hashicorp/local","change":{"actions":["create"],"before":null,"after":{"content_base64":null,"directory_permission":"0777","file_permission":"400","filename":"space-monkey-tf_key.pem","sensitive_content":null,"source":null},"after_unknown":{"content":true,"id":true},"before_sensitive":false,"after_sensitive":{"content":true,"sensitive_content":true}}},{"address":"module.key_gen.module.key_pair.aws_key_pair.this[0]","module_address":"module.key_gen.module.key_pair","mode":"managed","type":"aws_key_pair","name":"this","index":0,"provider_name":"registry.terraform.io/hashicorp/aws","change":{"actions":["create"],"before":null,"after":{"key_name":"space-monkey-tf_key","tags":null},"after_unknown":{"arn":true,"fingerprint":true,"id":true,"key_name_prefix":true,"key_pair_id":true,"key_type":true,"public_key":true,"tags_all":true},"before_sensitive":false,"after_sensitive":{"tags_all":{}}}},{"address":"module.key_gen.tls_private_key.rsa","module_address":"module.key_gen","mode":"managed","type":"tls_private_key","name":"rsa","provider_name":"registry.terraform.io/hashicorp/tls","change":{"actions":["create"],"before":null,"after":{"algorithm":"RSA","ecdsa_curve":"P224","rsa_bits":4096},"after_unknown":{"id":true,"private_key_openssh":true,"private_key_pem":true,"public_key_fingerprint_md5":true,"public_key_fingerprint_sha256":true,"public_key_openssh":true,"public_key_pem":true},"before_sensitive":false,"after_sensitive":{"private_key_openssh":true,"private_key_pem":true}}},{"address":"module.networking.aws_security_group.bastion-host-sg","module_address":"module.networking","mode":"managed","type":"aws_security_group","name":"bastion-host-sg","provider_name":"registry.terraform.io/hashicorp/aws","change":{"actions":["create"],"before":null,"after":{"description":"Allow bastion host traffic","egress":[{"cidr_blocks":["0.0.0.0/0"],"description":"","from_port":0,"ipv6_cidr_blocks":[],"prefix_list_ids":[],"protocol":"-1","security_groups":[],"self":false,"to_port":0}],"ingress":[{"cidr_blocks":["0.0.0.0/0"],"description":"https from the internet","from_port":443,"ipv6_cidr_blocks":[],"prefix_list_ids":[],"protocol":"tcp","security_groups":[],"self":false,"to_port":443},{"cidr_blocks":["18.207.124.94/32"],"description":"SSH from the hosting server","from_port":22,"ipv6_cidr_blocks":[],"prefix_list_ids":[],"protocol":"tcp","security_groups":[],"self":false,"to_port":22}],"name":"bastion-host-sg","revoke_rules_on_delete":false,"tags":{"Name":"space-monkey-SG"},"tags_all":{"Name":"space-monkey-SG"},"timeouts":null},"after_unknown":{"arn":true,"egress":[{"cidr_blocks":[false],"ipv6_cidr_blocks":[],"prefix_list_ids":[],"security_groups":[]}],"id":true,"ingress":[{"cidr_blocks":[false],"ipv6_cidr_blocks":[],"prefix_list_ids":[],"security_groups":[]},{"cidr_blocks":[false],"ipv6_cidr_blocks":[],"prefix_list_ids":[],"security_groups":[]}],"name_prefix":true,"owner_id":true,"tags":{},"tags_all":{},"vpc_id":true},"before_sensitive":false,"after_sensitive":{"egress":[{"cidr_blocks":[false],"ipv6_cidr_blocks":[],"prefix_list_ids":[],"security_groups":[]}],"ingress":[{"cidr_blocks":[false],"ipv6_cidr_blocks":[],"prefix_list_ids":[],"security_groups":[]},{"cidr_blocks":[false],"ipv6_cidr_blocks":[],"prefix_list_ids":[],"security_groups":[]}],"tags":{},"tags_all":{}}}},{"address":"module.networking.aws_security_group.webserver-sg","module_address":"module.networking","mode":"managed","type":"aws_security_group","name":"webserver-sg","provider_name":"registry.terraform.io/hashicorp/aws","change":{"actions":["create"],"before":null,"after":{"description":"Allow webserver traffic","egress":[{"cidr_blocks":["0.0.0.0/0"],"description":"","from_port":0,"ipv6_cidr_blocks":[],"prefix_list_ids":[],"protocol":"-1","security_groups":[],"self":false,"to_port":0}],"ingress":[{"description":"SSH from the bastion host","from_port":22,"ipv6_cidr_blocks":[],"prefix_list_ids":[],"protocol":"tcp","security_groups":[],"self":false,"to_port":22},{"cidr_blocks":["0.0.0.0/0"],"description":"http from the internet","from_port":80,"ipv6_cidr_blocks":[],"prefix_list_ids":[],"protocol":"tcp","security_groups":[],"self":false,"to_port":80},{"cidr_blocks":["0.0.0.0/0"],"description":"https from the internet","from_port":443,"ipv6_cidr_blocks":[],"prefix_list_ids":[],"protocol":"tcp","security_groups":[],"self":false,"to_port":443}],"name":"webserver-sg","revoke_rules_on_delete":false,"tags":{"Name":"space-monkey-SG"},"tags_all":{"Name":"space-monkey-SG"},"timeouts":null},"after_unknown":{"arn":true,"egress":[{"cidr_blocks":[false],"ipv6_cidr_blocks":[],"prefix_list_ids":[],"security_groups":[]}],"id":true,"ingress":[{"cidr_blocks":true,"ipv6_cidr_blocks":[],"prefix_list_ids":[],"security_groups":[]},{"cidr_blocks":[false],"ipv6_cidr_blocks":[],"prefix_list_ids":[],"security_groups":[]},{"cidr_blocks":[false],"ipv6_cidr_blocks":[],"prefix_list_ids":[],"security_groups":[]}],"name_prefix":true,"owner_id":true,"tags":{},"tags_all":{},"vpc_id":true},"before_sensitive":false,"after_sensitive":{"egress":[{"cidr_blocks":[false],"ipv6_cidr_blocks":[],"prefix_list_ids":[],"security_groups":[]}],"ingress":[{"cidr_blocks":[],"ipv6_cidr_blocks":[],"prefix_list_ids":[],"security_groups":[]},{"cidr_blocks":[false],"ipv6_cidr_blocks":[],"prefix_list_ids":[],"security_groups":[]},{"cidr_blocks":[false],"ipv6_cidr_blocks":[],"prefix_list_ids":[],"security_groups":[]}],"tags":{},"tags_all":{}}}},{"address":"module.networking.module.vpc.aws_internet_gateway.this[0]","module_address":"module.networking.module.vpc","mode":"managed","type":"aws_internet_gateway","name":"this","index":0,"provider_name":"registry.terraform.io/hashicorp/aws","change":{"actions":["create"],"before":null,"after":{"tags":{"Name":"JasperMainNet"},"tags_all":{"Name":"JasperMainNet"}},"after_unknown":{"arn":true,"id":true,"owner_id":true,"tags":{},"tags_all":{},"vpc_id":true},"before_sensitive":false,"after_sensitive":{"tags":{},"tags_all":{}}}},{"address":"module.networking.module.vpc.aws_route.public_internet_gateway[0]","module_address":"module.networking.module.vpc","mode":"managed","type":"aws_route","name":"public_internet_gateway","index":0,"provider_name":"registry.terraform.io/hashicorp/aws","change":{"actions":["create"],"before":null,"after":{"carrier_gateway_id":null,"core_network_arn":null,"destination_cidr_block":"0.0.0.0/0","destination_ipv6_cidr_block":null,"destination_prefix_list_id":null,"egress_only_gateway_id":null,"local_gateway_id":null,"nat_gateway_id":null,"timeouts":{"create":"5m","delete":null,"update":null},"transit_gateway_id":null,"vpc_endpoint_id":null,"vpc_peering_connection_id":null},"after_unknown":{"gateway_id":true,"id":true,"instance_id":true,"instance_owner_id":true,"network_interface_id":true,"origin":true,"route_table_id":true,"state":true,"timeouts":{}},"before_sensitive":false,"after_sensitive":{"timeouts":{}}}},{"address":"module.networking.module.vpc.aws_route_table.private[0]","module_address":"module.networking.module.vpc","mode":"managed","type":"aws_route_table","name":"private","index":0,"provider_name":"registry.terraform.io/hashicorp/aws","change":{"actions":["create"],"before":null,"after":{"tags":{"Name":"JasperMainNet-private"},"tags_all":{"Name":"JasperMainNet-private"},"timeouts":null},"after_unknown":{"arn":true,"id":true,"owner_id":true,"propagating_vgws":true,"route":true,"tags":{},"tags_all":{},"vpc_id":true},"before_sensitive":false,"after_sensitive":{"propagating_vgws":[],"route":[],"tags":{},"tags_all":{}}}},{"address":"module.networking.module.vpc.aws_route_table.public[0]","module_address":"module.networking.module.vpc","mode":"managed","type":"aws_route_table","name":"public","index":0,"provider_name":"registry.terraform.io/hashicorp/aws","change":{"actions":["create"],"before":null,"after":{"tags":{"Name":"JasperMainNet-public"},"tags_all":{"Name":"JasperMainNet-public"},"timeouts":null},"after_unknown":{"arn":true,"id":true,"owner_id":true,"propagating_vgws":true,"route":true,"tags":{},"tags_all":{},"vpc_id":true},"before_sensitive":false,"after_sensitive":{"propagating_vgws":[],"route":[],"tags":{},"tags_all":{}}}},{"address":"module.networking.module.vpc.aws_route_table_association.private[0]","module_address":"module.networking.module.vpc","mode":"managed","type":"aws_route_table_association","name":"private","index":0,"provider_name":"registry.terraform.io/hashicorp/aws","change":{"actions":["create"],"before":null,"after":{"gateway_id":null},"after_unknown":{"id":true,"route_table_id":true,"subnet_id":true},"before_sensitive":false,"after_sensitive":{}}},{"address":"module.networking.module.vpc.aws_route_table_association.private[1]","module_address":"module.networking.module.vpc","mode":"managed","type":"aws_route_table_association","name":"private","index":1,"provider_name":"registry.terraform.io/hashicorp/aws","change":{"actions":["create"],"before":null,"after":{"gateway_id":null},"after_unknown":{"id":true,"route_table_id":true,"subnet_id":true},"before_sensitive":false,"after_sensitive":{}}},{"address":"module.networking.module.vpc.aws_route_table_association.public[0]","module_address":"module.networking.module.vpc","mode":"managed","type":"aws_route_table_association","name":"public","index":0,"provider_name":"registry.terraform.io/hashicorp/aws","change":{"actions":["create"],"before":null,"after":{"gateway_id":null},"after_unknown":{"id":true,"route_table_id":true,"subnet_id":true},"before_sensitive":false,"after_sensitive":{}}},{"address":"module.networking.module.vpc.aws_route_table_association.public[1]","module_address":"module.networking.module.vpc","mode":"managed","type":"aws_route_table_association","name":"public","index":1,"provider_name":"registry.terraform.io/hashicorp/aws","change":{"actions":["create"],"before":null,"after":{"gateway_id":null},"after_unknown":{"id":true,"route_table_id":true,"subnet_id":true},"before_sensitive":false,"after_sensitive":{}}},{"address":"module.networking.module.vpc.aws_subnet.private[0]","module_address":"module.networking.module.vpc","mode":"managed","type":"aws_subnet","name":"private","index":0,"provider_name":"registry.terraform.io/hashicorp/aws","change":{"actions":["create"],"before":null,"after":{"assign_ipv6_address_on_creation":false,"availability_zone":"us-east-1a","cidr_block":"10.100.0.0/24","customer_owned_ipv4_pool":null,"enable_dns64":false,"enable_resource_name_dns_a_record_on_launch":false,"enable_resource_name_dns_aaaa_record_on_launch":false,"ipv6_cidr_block":null,"ipv6_native":false,"map_customer_owned_ip_on_launch":null,"map_public_ip_on_launch":false,"outpost_arn":null,"tags":{"Name":"JasperMainNet-private-us-east-1a"},"tags_all":{"Name":"JasperMainNet-private-us-east-1a"},"timeouts":null},"after_unknown":{"arn":true,"availability_zone_id":true,"id":true,"ipv6_cidr_block_association_id":true,"owner_id":true,"private_dns_hostname_type_on_launch":true,"tags":{},"tags_all":{},"vpc_id":true},"before_sensitive":false,"after_sensitive":{"tags":{},"tags_all":{}}}},{"address":"module.networking.module.vpc.aws_subnet.private[1]","module_address":"module.networking.module.vpc","mode":"managed","type":"aws_subnet","name":"private","index":1,"provider_name":"registry.terraform.io/hashicorp/aws","change":{"actions":["create"],"before":null,"after":{"assign_ipv6_address_on_creation":false,"availability_zone":"us-east-1b","cidr_block":"10.100.1.0/24","customer_owned_ipv4_pool":null,"enable_dns64":false,"enable_resource_name_dns_a_record_on_launch":false,"enable_resource_name_dns_aaaa_record_on_launch":false,"ipv6_cidr_block":null,"ipv6_native":false,"map_customer_owned_ip_on_launch":null,"map_public_ip_on_launch":false,"outpost_arn":null,"tags":{"Name":"JasperMainNet-private-us-east-1b"},"tags_all":{"Name":"JasperMainNet-private-us-east-1b"},"timeouts":null},"after_unknown":{"arn":true,"availability_zone_id":true,"id":true,"ipv6_cidr_block_association_id":true,"owner_id":true,"private_dns_hostname_type_on_launch":true,"tags":{},"tags_all":{},"vpc_id":true},"before_sensitive":false,"after_sensitive":{"tags":{},"tags_all":{}}}},{"address":"module.networking.module.vpc.aws_subnet.public[0]","module_address":"module.networking.module.vpc","mode":"managed","type":"aws_subnet","name":"public","index":0,"provider_name":"registry.terraform.io/hashicorp/aws","change":{"actions":["create"],"before":null,"after":{"assign_ipv6_address_on_creation":false,"availability_zone":"us-east-1a","cidr_block":"10.100.32.0/24","customer_owned_ipv4_pool":null,"enable_dns64":false,"enable_resource_name_dns_a_record_on_launch":false,"enable_resource_name_dns_aaaa_record_on_launch":false,"ipv6_cidr_block":null,"ipv6_native":false,"map_customer_owned_ip_on_launch":null,"map_public_ip_on_launch":true,"outpost_arn":null,"tags":{"Name":"JasperMainNet-public-us-east-1a"},"tags_all":{"Name":"JasperMainNet-public-us-east-1a"},"timeouts":null},"after_unknown":{"arn":true,"availability_zone_id":true,"id":true,"ipv6_cidr_block_association_id":true,"owner_id":true,"private_dns_hostname_type_on_launch":true,"tags":{},"tags_all":{},"vpc_id":true},"before_sensitive":false,"after_sensitive":{"tags":{},"tags_all":{}}}},{"address":"module.networking.module.vpc.aws_subnet.public[1]","module_address":"module.networking.module.vpc","mode":"managed","type":"aws_subnet","name":"public","index":1,"provider_name":"registry.terraform.io/hashicorp/aws","change":{"actions":["create"],"before":null,"after":{"assign_ipv6_address_on_creation":false,"availability_zone":"us-east-1b","cidr_block":"10.100.42.0/24","customer_owned_ipv4_pool":null,"enable_dns64":false,"enable_resource_name_dns_a_record_on_launch":false,"enable_resource_name_dns_aaaa_record_on_launch":false,"ipv6_cidr_block":null,"ipv6_native":false,"map_customer_owned_ip_on_launch":null,"map_public_ip_on_launch":true,"outpost_arn":null,"tags":{"Name":"JasperMainNet-public-us-east-1b"},"tags_all":{"Name":"JasperMainNet-public-us-east-1b"},"timeouts":null},"after_unknown":{"arn":true,"availability_zone_id":true,"id":true,"ipv6_cidr_block_association_id":true,"owner_id":true,"private_dns_hostname_type_on_launch":true,"tags":{},"tags_all":{},"vpc_id":true},"before_sensitive":false,"after_sensitive":{"tags":{},"tags_all":{}}}},{"address":"module.networking.module.vpc.aws_vpc.this[0]","module_address":"module.networking.module.vpc","mode":"managed","type":"aws_vpc","name":"this","index":0,"provider_name":"registry.terraform.io/hashicorp/aws","change":{"actions":["create"],"before":null,"after":{"assign_generated_ipv6_cidr_block":false,"cidr_block":"10.100.0.0/16","enable_dns_hostnames":false,"enable_dns_support":true,"instance_tenancy":"default","ipv4_ipam_pool_id":null,"ipv4_netmask_length":null,"ipv6_ipam_pool_id":null,"ipv6_netmask_length":null,"tags":{"Name":"JasperMainNet"},"tags_all":{"Name":"JasperMainNet"}},"after_unknown":{"arn":true,"default_network_acl_id":true,"default_route_table_id":true,"default_security_group_id":true,"dhcp_options_id":true,"enable_classiclink":true,"enable_classiclink_dns_support":true,"id":true,"ipv6_association_id":true,"ipv6_cidr_block":true,"ipv6_cidr_block_network_border_group":true,"main_route_table_id":true,"owner_id":true,"tags":{},"tags_all":{}},"before_sensitive":false,"after_sensitive":{"tags":{},"tags_all":{}}}},{"address":"module.s3-bucket.aws_s3_bucket.this[0]","module_address":"module.s3-bucket","mode":"managed","type":"aws_s3_bucket","name":"this","index":0,"provider_name":"registry.terraform.io/hashicorp/aws","change":{"actions":["create"],"before":null,"after":{"bucket_prefix":null,"force_destroy":false,"object_lock_enabled":false,"tags":null},"after_unknown":{"acceleration_status":true,"acl":true,"arn":true,"bucket":true,"bucket_domain_name":true,"bucket_regional_domain_name":true,"cors_rule":true,"grant":true,"hosted_zone_id":true,"id":true,"lifecycle_rule":true,"logging":true,"object_lock_configuration":true,"policy":true,"region":true,"replication_configuration":true,"request_payer":true,"server_side_encryption_configuration":true,"tags_all":true,"versioning":true,"website":true,"website_domain":true,"website_endpoint":true},"before_sensitive":false,"after_sensitive":{"cors_rule":[],"grant":[],"lifecycle_rule":[],"logging":[],"object_lock_configuration":[],"replication_configuration":[],"server_side_encryption_configuration":[],"tags_all":{},"versioning":[],"website":[]}}},{"address":"module.s3-bucket.aws_s3_bucket_public_access_block.this[0]","module_address":"module.s3-bucket","mode":"managed","type":"aws_s3_bucket_public_access_block","name":"this","index":0,"provider_name":"registry.terraform.io/hashicorp/aws","change":{"actions":["create"],"before":null,"after":{"block_public_acls":false,"block_public_policy":false,"ignore_public_acls":false,"restrict_public_buckets":false},"after_unknown":{"bucket":true,"id":true},"before_sensitive":false,"after_sensitive":{}}}],"output_changes":{"ec2_pub_ip":{"actions":["create"],"before":null,"after_unknown":true,"before_sensitive":false,"after_sensitive":false},"ec2_tags":{"actions":["create"],"before":null,"after":{"Environment":"dev","Function":"WebServer","Name":"space-monkey-instance","Repo_Name":"space-monkey","Terraform":"true"},"after_unknown":false,"before_sensitive":false,"after_sensitive":false},"public_sn0_id":{"actions":["create"],"before":null,"after_unknown":true,"before_sensitive":false,"after_sensitive":false},"ssh_string1":{"actions":["create"],"before":null,"after_unknown":true,"before_sensitive":false,"after_sensitive":false},"vpc_id_test":{"actions":["create"],"before":null,"after_unknown":true,"before_sensitive":false,"after_sensitive":false},"vpc_name":{"actions":["create"],"before":null,"after":"JasperMainNet","after_unknown":false,"before_sensitive":false,"after_sensitive":false}},"prior_state":{"format_version":"1.0","terraform_version":"1.2.5","values":{"outputs":{"ec2_tags":{"sensitive":false,"value":{"Environment":"dev","Function":"WebServer","Name":"space-monkey-instance","Repo_Name":"space-monkey","Terraform":"true"},"type":["map","string"]},"vpc_name":{"sensitive":false,"value":"JasperMainNet","type":"string"}},"root_module":{"child_modules":[{"resources":[{"address":"module.ec2.data.aws_ami.ami","mode":"data","type":"aws_ami","name":"ami","provider_name":"registry.terraform.io/hashicorp/aws","schema_version":0,"values":{"architecture":"x86_64","arn":"arn:aws:ec2:us-east-1::image/ami-05f75252ff0e431e9","block_device_mappings":[{"device_name":"/dev/sda1","ebs":{"delete_on_termination":"true","encrypted":"false","iops":"0","snapshot_id":"snap-0879d8b1772ceac6e","throughput":"0","volume_size":"8","volume_type":"gp2"},"no_device":"","virtual_name":""},{"device_name":"/dev/sdb","ebs":{},"no_device":"","virtual_name":"ephemeral0"},{"device_name":"/dev/sdc","ebs":{},"no_device":"","virtual_name":"ephemeral1"}],"boot_mode":"","creation_date":"2022-07-22T06:54:28.000Z","deprecation_time":"2024-07-22T06:54:28.000Z","description":"Canonical, Ubuntu Minimal, 22.10, UNSUPPORTED daily amd64 kinetic image build on 2022-07-22","ena_support":true,"executable_users":null,"filter":[{"name":"architecture","values":["x86_64"]}],"hypervisor":"xen","id":"ami-05f75252ff0e431e9","image_id":"ami-05f75252ff0e431e9","image_location":"099720109477/ubuntu-minimal/images-testing/hvm-ssd/ubuntu-kinetic-daily-amd64-minimal-20220722","image_owner_alias":"","image_type":"machine","include_deprecated":false,"kernel_id":"","most_recent":true,"name":"ubuntu-minimal/images-testing/hvm-ssd/ubuntu-kinetic-daily-amd64-minimal-20220722","name_regex":null,"owner_id":"099720109477","owners":["099720109477"],"platform":"","platform_details":"Linux/UNIX","product_codes":[],"public":true,"ramdisk_id":"","root_device_name":"/dev/sda1","root_device_type":"ebs","root_snapshot_id":"snap-0879d8b1772ceac6e","sriov_net_support":"simple","state":"available","state_reason":{"code":"UNSET","message":"UNSET"},"tags":{},"tpm_support":"","usage_operation":"RunInstances","virtualization_type":"hvm"},"sensitive_values":{"block_device_mappings":[{"ebs":{}},{"ebs":{}},{"ebs":{}}],"filter":[{"values":[false]}],"owners":[false],"product_codes":[],"state_reason":{},"tags":{}}},{"address":"module.ec2.data.aws_availability_zones.available","mode":"data","type":"aws_availability_zones","name":"available","provider_name":"registry.terraform.io/hashicorp/aws","schema_version":0,"values":{"all_availability_zones":null,"exclude_names":null,"exclude_zone_ids":null,"filter":null,"group_names":["us-east-1"],"id":"us-east-1","names":["us-east-1a","us-east-1b","us-east-1c","us-east-1d","us-east-1e","us-east-1f"],"state":"available","zone_ids":["use1-az4","use1-az6","use1-az1","use1-az2","use1-az3","use1-az5"]},"sensitive_values":{"group_names":[false],"names":[false,false,false,false,false,false],"zone_ids":[false,false,false,false,false,false]}}],"address":"module.ec2"},{"resources":[{"address":"module.ec2_bastion.data.aws_availability_zones.available","mode":"data","type":"aws_availability_zones","name":"available","provider_name":"registry.terraform.io/hashicorp/aws","schema_version":0,"values":{"all_availability_zones":null,"exclude_names":null,"exclude_zone_ids":null,"filter":null,"group_names":["us-east-1"],"id":"us-east-1","names":["us-east-1a","us-east-1b","us-east-1c","us-east-1d","us-east-1e","us-east-1f"],"state":"available","zone_ids":["use1-az4","use1-az6","use1-az1","use1-az2","use1-az3","use1-az5"]},"sensitive_values":{"group_names":[false],"names":[false,false,false,false,false,false],"zone_ids":[false,false,false,false,false,false]}}],"address":"module.ec2_bastion"},{"resources":[{"address":"module.networking.data.aws_availability_zones.available","mode":"data","type":"aws_availability_zones","name":"available","provider_name":"registry.terraform.io/hashicorp/aws","schema_version":0,"values":{"all_availability_zones":null,"exclude_names":null,"exclude_zone_ids":null,"filter":null,"group_names":["us-east-1"],"id":"us-east-1","names":["us-east-1a","us-east-1b","us-east-1c","us-east-1d","us-east-1e","us-east-1f"],"state":null,"zone_ids":["use1-az4","use1-az6","use1-az1","use1-az2","use1-az3","use1-az5"]},"sensitive_values":{"group_names":[false],"names":[false,false,false,false,false,false],"zone_ids":[false,false,false,false,false,false]}},{"address":"module.networking.data.http.terraform_ip","mode":"data","type":"http","name":"terraform_ip","provider_name":"registry.terraform.io/hashicorp/http","schema_version":0,"values":{"body":"18.207.124.94\n","id":"http://ipv4.icanhazip.com","request_headers":null,"response_body":"18.207.124.94\n","response_headers":{"Access-Control-Allow-Methods":"GET","Access-Control-Allow-Origin":"*","Alt-Svc":"h3=\":443\"; ma=86400, h3-29=\":443\"; ma=86400","Cf-Ray":"72ed1a951e785dc8-IAD","Connection":"keep-alive","Content-Length":"14","Content-Type":"text/plain","Date":"Fri, 22 Jul 2022 15:10:33 GMT","Server":"cloudflare","Set-Cookie":"__cf_bm=xU8pcVBO2FlU956J5nfjlw87MErp0sC9FEVUnrU2F_o-1658502633-0-AYZ6VRvpUo18TCm/HGmySCSE73qgrGQgZ4AipnNDnkWgraMNGCTNl+PBmU6qzZ5XCm9/Y4qdJQ4f20C8KgnJGbo=; path=/; expires=Fri, 22-Jul-22 15:40:33 GMT; domain=.icanhazip.com; HttpOnly; SameSite=None","Vary":"Accept-Encoding"},"url":"http://ipv4.icanhazip.com"},"sensitive_values":{"response_headers":{}}}],"address":"module.networking"},{"resources":[{"address":"module.s3-bucket.data.aws_canonical_user_id.this","mode":"data","type":"aws_canonical_user_id","name":"this","provider_name":"registry.terraform.io/hashicorp/aws","schema_version":0,"values":{"display_name":"lab+LabServices-Prod-3913","id":"d5285123094d2b60ab0082f2063e6e01ec70e7d54372c6b71169f85f00b6ee02"},"sensitive_values":{}}],"address":"module.s3-bucket"}]}}},"configuration":{"provider_config":{"aws":{"name":"aws","full_name":"registry.terraform.io/hashicorp/aws","version_constraint":"~\u003e 4.0","expressions":{"region":{"references":["var.region"]},"shared_credentials_files":{"constant_value":["~/.aws/credentials"]}}},"module.key_gen.module.key_pair:aws":{"name":"aws","full_name":"registry.terraform.io/hashicorp/aws","version_constraint":"\u003e= 2.46.0","module_address":"module.key_gen.module.key_pair"},"module.key_gen:local":{"name":"local","full_name":"registry.terraform.io/hashicorp/local","module_address":"module.key_gen"},"module.key_gen:tls":{"name":"tls","full_name":"registry.terraform.io/hashicorp/tls","module_address":"module.key_gen"},"module.networking:http":{"name":"http","full_name":"registry.terraform.io/hashicorp/http","module_address":"module.networking"}},"root_module":{"outputs":{"ec2_pub_ip":{"expression":{"references":["module.ec2.ec2_public_ip","module.ec2"]}},"ec2_tags":{"expression":{"references":["module.ec2.ec2_tags","module.ec2"]}},"public_sn0_id":{"expression":{"references":["module.networking.vpc.public_subnets[0]","module.networking.vpc.public_subnets","module.networking.vpc","module.networking"]}},"ssh_string1":{"expression":{"references":["module.ec2.ec2_public_ip","module.ec2","module.key_gen.key_name","module.key_gen"]}},"vpc_id_test":{"expression":{"references":["module.networking.vpc.vpc_id","module.networking.vpc","module.networking"]}},"vpc_name":{"expression":{"references":["module.networking.vpc.name","module.networking.vpc","module.networking"]}}},"module_calls":{"ec2":{"source":"./modules/ec2","expressions":{"key_name":{"references":["module.key_gen.key_name","module.key_gen"]},"repo-name":{"references":["var.repo-name"]},"security_group":{"references":["module.networking.webserver-sg.id","module.networking.webserver-sg","module.networking"]},"subnet_id":{"references":["module.networking.vpc.public_subnets[0]","module.networking.vpc.public_subnets","module.networking.vpc","module.networking"]},"vpc":{"references":["module.networking.vpc.vpc_id","module.networking.vpc","module.networking"]}},"module":{"outputs":{"ebs_info":{"expression":{"references":["aws_ebs_volume.ebs_vol_01"]}},"ebs_vol_id":{"expression":{"references":["aws_ebs_volume.ebs_vol_01"]}},"ec2_id":{"expression":{"references":["module.ec2_instance.id","module.ec2_instance"]}},"ec2_info":{"expression":{"references":["module.ec2_instance"]}},"ec2_public_ip":{"expression":{"references":["module.ec2_instance.public_ip","module.ec2_instance"]}},"ec2_tags":{"expression":{"references":["module.ec2_instance.tags_all","module.ec2_instance"]}}},"resources":[{"address":"aws_ebs_volume.ebs_vol_01","mode":"managed","type":"aws_ebs_volume","name":"ebs_vol_01","provider_config_key":"aws","expressions":{"availability_zone":{"references":["data.aws_availability_zones.available.names[0]","data.aws_availability_zones.available.names","data.aws_availability_zones.available"]},"encrypted":{"constant_value":true},"size":{"constant_value":16},"tags":{"references":["var.repo-name"]}},"schema_version":0},{"address":"aws_volume_attachment.ebs_att","mode":"managed","type":"aws_volume_attachment","name":"ebs_att","provider_config_key":"aws","expressions":{"device_name":{"constant_value":"/dev/sdh"},"instance_id":{"references":["module.ec2_instance.id","module.ec2_instance"]},"volume_id":{"references":["aws_ebs_volume.ebs_vol_01.id","aws_ebs_volume.ebs_vol_01"]}},"schema_version":0},{"address":"data.aws_ami.ami","mode":"data","type":"aws_ami","name":"ami","provider_config_key":"aws","expressions":{"filter":[{"name":{"constant_value":"architecture"},"values":{"constant_value":["x86_64"]}}],"most_recent":{"constant_value":true},"owners":{"constant_value":["099720109477"]}},"schema_version":0},{"address":"data.aws_availability_zones.available","mode":"data","type":"aws_availability_zones","name":"available","provider_config_key":"aws","expressions":{"state":{"constant_value":"available"}},"schema_version":0}],"module_calls":{"ec2_instance":{"source":"terraform-aws-modules/ec2-instance/aws","expressions":{"ami":{"references":["data.aws_ami.ami.id","data.aws_ami.ami"]},"instance_type":{"constant_value":"t2.micro"},"key_name":{"references":["var.key_name"]},"monitoring":{"constant_value":true},"name":{"references":["var.repo-name"]},"subnet_id":{"references":["var.subnet_id"]},"tags":{"references":["var.repo-name"]},"user_data":{},"vpc_security_group_ids":{"references":["var.security_group"]}},"module":{"outputs":{"arn":{"expression":{"references":["aws_instance.this[0].arn","aws_instance.this[0]","aws_instance.this","aws_spot_instance_request.this[0].arn","aws_spot_instance_request.this[0]","aws_spot_instance_request.this"]},"description":"The ARN of the instance"},"capacity_reservation_specification":{"expression":{"references":["aws_instance.this[0].capacity_reservation_specification","aws_instance.this[0]","aws_instance.this","aws_spot_instance_request.this[0].capacity_reservation_specification","aws_spot_instance_request.this[0]","aws_spot_instance_request.this"]},"description":"Capacity reservation specification of the instance"},"id":{"expression":{"references":["aws_instance.this[0].id","aws_instance.this[0]","aws_instance.this","aws_spot_instance_request.this[0].id","aws_spot_instance_request.this[0]","aws_spot_instance_request.this"]},"description":"The ID of the instance"},"instance_state":{"expression":{"references":["aws_instance.this[0].instance_state","aws_instance.this[0]","aws_instance.this","aws_spot_instance_request.this[0].instance_state","aws_spot_instance_request.this[0]","aws_spot_instance_request.this"]},"description":"The state of the instance. One of: `pending`, `running`, `shutting-down`, `terminated`, `stopping`, `stopped`"},"ipv6_addresses":{"expression":{"references":["aws_instance.this[0].ipv6_addresses","aws_instance.this[0]","aws_instance.this"]},"description":"The IPv6 address assigned to the instance, if applicable."},"outpost_arn":{"expression":{"references":["aws_instance.this[0].outpost_arn","aws_instance.this[0]","aws_instance.this","aws_spot_instance_request.this[0].outpost_arn","aws_spot_instance_request.this[0]","aws_spot_instance_request.this"]},"description":"The ARN of the Outpost the instance is assigned to"},"password_data":{"expression":{"references":["aws_instance.this[0].password_data","aws_instance.this[0]","aws_instance.this","aws_spot_instance_request.this[0].password_data","aws_spot_instance_request.this[0]","aws_spot_instance_request.this"]},"description":"Base-64 encoded encrypted password data for the instance. Useful for getting the administrator password for instances running Microsoft Windows. This attribute is only exported if `get_password_data` is true"},"primary_network_interface_id":{"expression":{"references":["aws_instance.this[0].primary_network_interface_id","aws_instance.this[0]","aws_instance.this","aws_spot_instance_request.this[0].primary_network_interface_id","aws_spot_instance_request.this[0]","aws_spot_instance_request.this"]},"description":"The ID of the instance's primary network interface"},"private_dns":{"expression":{"references":["aws_instance.this[0].private_dns","aws_instance.this[0]","aws_instance.this","aws_spot_instance_request.this[0].private_dns","aws_spot_instance_request.this[0]","aws_spot_instance_request.this"]},"description":"The private DNS name assigned to the instance. Can only be used inside the Amazon EC2, and only available if you've enabled DNS hostnames for your VPC"},"private_ip":{"expression":{"references":["aws_instance.this[0].private_ip","aws_instance.this[0]","aws_instance.this","aws_spot_instance_request.this[0].private_ip","aws_spot_instance_request.this[0]","aws_spot_instance_request.this"]},"description":"The private IP address assigned to the instance."},"public_dns":{"expression":{"references":["aws_instance.this[0].public_dns","aws_instance.this[0]","aws_instance.this","aws_spot_instance_request.this[0].public_dns","aws_spot_instance_request.this[0]","aws_spot_instance_request.this"]},"description":"The public DNS name assigned to the instance. For EC2-VPC, this is only available if you've enabled DNS hostnames for your VPC"},"public_ip":{"expression":{"references":["aws_instance.this[0].public_ip","aws_instance.this[0]","aws_instance.this","aws_spot_instance_request.this[0].public_ip","aws_spot_instance_request.this[0]","aws_spot_instance_request.this"]},"description":"The public IP address assigned to the instance, if applicable. NOTE: If you are using an aws_eip with your instance, you should refer to the EIP's address directly and not use `public_ip` as this field will change after the EIP is attached"},"spot_bid_status":{"expression":{"references":["aws_spot_instance_request.this[0].spot_bid_status","aws_spot_instance_request.this[0]","aws_spot_instance_request.this"]},"description":"The current bid status of the Spot Instance Request"},"spot_instance_id":{"expression":{"references":["aws_spot_instance_request.this[0].spot_instance_id","aws_spot_instance_request.this[0]","aws_spot_instance_request.this"]},"description":"The Instance ID (if any) that is currently fulfilling the Spot Instance request"},"spot_request_state":{"expression":{"references":["aws_spot_instance_request.this[0].spot_request_state","aws_spot_instance_request.this[0]","aws_spot_instance_request.this"]},"description":"The current request state of the Spot Instance Request"},"tags_all":{"expression":{"references":["aws_instance.this[0].tags_all","aws_instance.this[0]","aws_instance.this","aws_spot_instance_request.this[0].tags_all","aws_spot_instance_request.this[0]","aws_spot_instance_request.this"]},"description":"A map of tags assigned to the resource, including those inherited from the provider default_tags configuration block"}},"resources":[{"address":"aws_instance.this","mode":"managed","type":"aws_instance","name":"this","provider_config_key":"aws","expressions":{"ami":{"references":["var.ami"]},"associate_public_ip_address":{"references":["var.associate_public_ip_address"]},"availability_zone":{"references":["var.availability_zone"]},"cpu_core_count":{"references":["var.cpu_core_count"]},"cpu_threads_per_core":{"references":["var.cpu_threads_per_core"]},"credit_specification":[{"cpu_credits":{"references":["local.is_t_instance_type","var.cpu_credits"]}}],"disable_api_termination":{"references":["var.disable_api_termination"]},"ebs_optimized":{"references":["var.ebs_optimized"]},"enclave_options":[{"enabled":{"references":["var.enclave_options_enabled"]}}],"get_password_data":{"references":["var.get_password_data"]},"hibernation":{"references":["var.hibernation"]},"host_id":{"references":["var.host_id"]},"iam_instance_profile":{"references":["var.iam_instance_profile"]},"instance_initiated_shutdown_behavior":{"references":["var.instance_initiated_shutdown_behavior"]},"instance_type":{"references":["var.instance_type"]},"ipv6_address_count":{"references":["var.ipv6_address_count"]},"ipv6_addresses":{"references":["var.ipv6_addresses"]},"key_name":{"references":["var.key_name"]},"monitoring":{"references":["var.monitoring"]},"placement_group":{"references":["var.placement_group"]},"private_ip":{"references":["var.private_ip"]},"secondary_private_ips":{"references":["var.secondary_private_ips"]},"source_dest_check":{"references":["var.network_interface","var.source_dest_check"]},"subnet_id":{"references":["var.subnet_id"]},"tags":{"references":["var.name","var.tags"]},"tenancy":{"references":["var.tenancy"]},"timeouts":{"create":{"references":["var.timeouts"]},"delete":{"references":["var.timeouts"]},"update":{"references":["var.timeouts"]}},"user_data":{"references":["var.user_data"]},"user_data_base64":{"references":["var.user_data_base64"]},"user_data_replace_on_change":{"references":["var.user_data_replace_on_change"]},"volume_tags":{"references":["var.enable_volume_tags","var.name","var.volume_tags"]},"vpc_security_group_ids":{"references":["var.vpc_security_group_ids"]}},"schema_version":1,"count_expression":{"references":["local.create","var.create_spot_instance"]}},{"address":"aws_spot_instance_request.this","mode":"managed","type":"aws_spot_instance_request","name":"this","provider_config_key":"aws","expressions":{"ami":{"references":["var.ami"]},"associate_public_ip_address":{"references":["var.associate_public_ip_address"]},"availability_zone":{"references":["var.availability_zone"]},"block_duration_minutes":{"references":["var.spot_block_duration_minutes"]},"cpu_core_count":{"references":["var.cpu_core_count"]},"cpu_threads_per_core":{"references":["var.cpu_threads_per_core"]},"credit_specification":[{"cpu_credits":{"references":["local.is_t_instance_type","var.cpu_credits"]}}],"disable_api_termination":{"references":["var.disable_api_termination"]},"ebs_optimized":{"references":["var.ebs_optimized"]},"enclave_options":[{"enabled":{"references":["var.enclave_options_enabled"]}}],"get_password_data":{"references":["var.get_password_data"]},"hibernation":{"references":["var.hibernation"]},"host_id":{"references":["var.host_id"]},"iam_instance_profile":{"references":["var.iam_instance_profile"]},"instance_initiated_shutdown_behavior":{"references":["var.instance_initiated_shutdown_behavior"]},"instance_interruption_behavior":{"references":["var.spot_instance_interruption_behavior"]},"instance_type":{"references":["var.instance_type"]},"ipv6_address_count":{"references":["var.ipv6_address_count"]},"ipv6_addresses":{"references":["var.ipv6_addresses"]},"key_name":{"references":["var.key_name"]},"launch_group":{"references":["var.spot_launch_group"]},"monitoring":{"references":["var.monitoring"]},"placement_group":{"references":["var.placement_group"]},"private_ip":{"references":["var.private_ip"]},"secondary_private_ips":{"references":["var.secondary_private_ips"]},"source_dest_check":{"references":["var.network_interface","var.source_dest_check"]},"spot_price":{"references":["var.spot_price"]},"spot_type":{"references":["var.spot_type"]},"subnet_id":{"references":["var.subnet_id"]},"tags":{"references":["var.name","var.tags"]},"tenancy":{"references":["var.tenancy"]},"timeouts":{"create":{"references":["var.timeouts"]},"delete":{"references":["var.timeouts"]}},"user_data":{"references":["var.user_data"]},"user_data_base64":{"references":["var.user_data_base64"]},"user_data_replace_on_change":{"references":["var.user_data_replace_on_change"]},"valid_from":{"references":["var.spot_valid_from"]},"valid_until":{"references":["var.spot_valid_until"]},"volume_tags":{"references":["var.enable_volume_tags","var.name","var.volume_tags"]},"vpc_security_group_ids":{"references":["var.vpc_security_group_ids"]},"wait_for_fulfillment":{"references":["var.spot_wait_for_fulfillment"]}},"schema_version":0,"count_expression":{"references":["local.create","var.create_spot_instance"]}}],"variables":{"ami":{"default":"","description":"ID of AMI to use for the instance"},"associate_public_ip_address":{"default":null,"description":"Whether to associate a public IP address with an instance in a VPC"},"availability_zone":{"default":null,"description":"AZ to start the instance in"},"capacity_reservation_specification":{"default":null,"description":"Describes an instance's Capacity Reservation targeting option"},"cpu_core_count":{"default":null,"description":"Sets the number of CPU cores for an instance."},"cpu_credits":{"default":null,"description":"The credit option for CPU usage (unlimited or standard)"},"cpu_threads_per_core":{"default":null,"description":"Sets the number of CPU threads per core for an instance (has no effect unless cpu_core_count is also set)."},"create":{"default":true,"description":"Whether to create an instance"},"create_spot_instance":{"default":false,"description":"Depicts if the instance is a spot instance"},"disable_api_termination":{"default":null,"description":"If true, enables EC2 Instance Termination Protection"},"ebs_block_device":{"default":[],"description":"Additional EBS block devices to attach to the instance"},"ebs_optimized":{"default":null,"description":"If true, the launched EC2 instance will be EBS-optimized"},"enable_volume_tags":{"default":true,"description":"Whether to enable volume tags (if enabled it conflicts with root_block_device tags)"},"enclave_options_enabled":{"default":null,"description":"Whether Nitro Enclaves will be enabled on the instance. Defaults to `false`"},"ephemeral_block_device":{"default":[],"description":"Customize Ephemeral (also known as Instance Store) volumes on the instance"},"get_password_data":{"default":null,"description":"If true, wait for password data to become available and retrieve it."},"hibernation":{"default":null,"description":"If true, the launched EC2 instance will support hibernation"},"host_id":{"default":null,"description":"ID of a dedicated host that the instance will be assigned to. Use when an instance is to be launched on a specific dedicated host"},"iam_instance_profile":{"default":null,"description":"IAM Instance Profile to launch the instance with. Specified as the name of the Instance Profile"},"instance_initiated_shutdown_behavior":{"default":null,"description":"Shutdown behavior for the instance. Amazon defaults this to stop for EBS-backed instances and terminate for instance-store instances. Cannot be set on instance-store instance"},"instance_type":{"default":"t3.micro","description":"The type of instance to start"},"ipv6_address_count":{"default":null,"description":"A number of IPv6 addresses to associate with the primary network interface. Amazon EC2 chooses the IPv6 addresses from the range of your subnet"},"ipv6_addresses":{"default":null,"description":"Specify one or more IPv6 addresses from the range of the subnet to associate with the primary network interface"},"key_name":{"default":null,"description":"Key name of the Key Pair to use for the instance; which can be managed using the `aws_key_pair` resource"},"launch_template":{"default":null,"description":"Specifies a Launch Template to configure the instance. Parameters configured on this resource will override the corresponding parameters in the Launch Template"},"metadata_options":{"default":{},"description":"Customize the metadata options of the instance"},"monitoring":{"default":false,"description":"If true, the launched EC2 instance will have detailed monitoring enabled"},"name":{"default":"","description":"Name to be used on EC2 instance created"},"network_interface":{"default":[],"description":"Customize network interfaces to be attached at instance boot time"},"placement_group":{"default":null,"description":"The Placement Group to start the instance in"},"private_ip":{"default":null,"description":"Private IP address to associate with the instance in a VPC"},"putin_khuylo":{"default":true,"description":"Do you agree that Putin doesn't respect Ukrainian sovereignty and territorial integrity? More info: https://en.wikipedia.org/wiki/Putin_khuylo!"},"root_block_device":{"default":[],"description":"Customize details about the root block device of the instance. See Block Devices below for details"},"secondary_private_ips":{"default":null,"description":"A list of secondary private IPv4 addresses to assign to the instance's primary network interface (eth0) in a VPC. Can only be assigned to the primary network interface (eth0) attached at instance creation, not a pre-existing network interface i.e. referenced in a `network_interface block`"},"source_dest_check":{"default":true,"description":"Controls if traffic is routed to the instance when the destination address does not match the instance. Used for NAT or VPNs."},"spot_block_duration_minutes":{"default":null,"description":"The required duration for the Spot instances, in minutes. This value must be a multiple of 60 (60, 120, 180, 240, 300, or 360)"},"spot_instance_interruption_behavior":{"default":null,"description":"Indicates Spot instance behavior when it is interrupted. Valid values are `terminate`, `stop`, or `hibernate`"},"spot_launch_group":{"default":null,"description":"A launch group is a group of spot instances that launch together and terminate together. If left empty instances are launched and terminated individually"},"spot_price":{"default":null,"description":"The maximum price to request on the spot market. Defaults to on-demand price"},"spot_type":{"default":null,"description":"If set to one-time, after the instance is terminated, the spot request will be closed. Default `persistent`"},"spot_valid_from":{"default":null,"description":"The start date and time of the request, in UTC RFC3339 format(for example, YYYY-MM-DDTHH:MM:SSZ)"},"spot_valid_until":{"default":null,"description":"The end date and time of the request, in UTC RFC3339 format(for example, YYYY-MM-DDTHH:MM:SSZ)"},"spot_wait_for_fulfillment":{"default":null,"description":"If set, Terraform will wait for the Spot Request to be fulfilled, and will throw an error if the timeout of 10m is reached"},"subnet_id":{"default":null,"description":"The VPC Subnet ID to launch in"},"tags":{"default":{},"description":"A mapping of tags to assign to the resource"},"tenancy":{"default":null,"description":"The tenancy of the instance (if the instance is running in a VPC). Available values: default, dedicated, host."},"timeouts":{"default":{},"description":"Define maximum timeout for creating, updating, and deleting EC2 instance resources"},"user_data":{"default":null,"description":"The user data to provide when launching the instance. Do not pass gzip-compressed data via this argument; see user_data_base64 instead."},"user_data_base64":{"default":null,"description":"Can be used instead of user_data to pass base64-encoded binary data directly. Use this instead of user_data whenever the value is not a valid UTF-8 string. For example, gzip-encoded user data must be base64-encoded and passed via this argument to avoid corruption."},"user_data_replace_on_change":{"default":false,"description":"When used in combination with user_data or user_data_base64 will trigger a destroy and recreate when set to true. Defaults to false if not set."},"volume_tags":{"default":{},"description":"A mapping of tags to assign to the devices created by the instance at launch time"},"vpc_security_group_ids":{"default":null,"description":"A list of security group IDs to associate with"}}},"version_constraint":"~\u003e 4.0"}},"variables":{"key_name":{},"repo-name":{},"security_group":{},"subnet_id":{"default":["$(module.networking.vpc.public_subnets[0]"]},"vpc":{}}}},"ec2_bastion":{"source":"./modules/node_ec2","expressions":{"key_name":{"references":["module.key_gen.key_name","module.key_gen"]},"repo-name":{"references":["var.repo-name"]},"security_group":{"references":["module.networking.bastion-host-sg.id","module.networking.bastion-host-sg","module.networking"]},"subnet_id":{"references":["module.networking.vpc.public_subnets[0]","module.networking.vpc.public_subnets","module.networking.vpc","module.networking"]},"vpc":{"references":["module.networking.vpc.vpc_id","module.networking.vpc","module.networking"]}},"module":{"outputs":{"ebs_info":{"expression":{"references":["aws_ebs_volume.ebs_vol_01"]}},"ebs_vol_id":{"expression":{"references":["aws_ebs_volume.ebs_vol_01"]}},"ec2_id":{"expression":{"references":["module.ec2_bastion.id","module.ec2_bastion"]}},"ec2_info":{"expression":{"references":["module.ec2_bastion"]}},"ec2_node_cidr":{"expression":{"references":["module.ec2_bastion.public_ip","module.ec2_bastion"]}},"ec2_public_ip":{"expression":{"references":["module.ec2_bastion.public_ip","module.ec2_bastion"]}},"ec2_tags":{"expression":{"references":["module.ec2_bastion.tags_all","module.ec2_bastion"]}}},"resources":[{"address":"aws_ebs_volume.ebs_vol_01","mode":"managed","type":"aws_ebs_volume","name":"ebs_vol_01","provider_config_key":"aws","expressions":{"availability_zone":{"references":["data.aws_availability_zones.available.names[0]","data.aws_availability_zones.available.names","data.aws_availability_zones.available"]},"encrypted":{"constant_value":true},"size":{"constant_value":16},"tags":{"references":["var.repo-name"]}},"schema_version":0},{"address":"aws_volume_attachment.ebs_att","mode":"managed","type":"aws_volume_attachment","name":"ebs_att","provider_config_key":"aws","expressions":{"device_name":{"constant_value":"/dev/sdh"},"instance_id":{"references":["module.ec2_bastion.id","module.ec2_bastion"]},"volume_id":{"references":["aws_ebs_volume.ebs_vol_01.id","aws_ebs_volume.ebs_vol_01"]}},"schema_version":0},{"address":"data.aws_availability_zones.available","mode":"data","type":"aws_availability_zones","name":"available","provider_config_key":"aws","expressions":{"state":{"constant_value":"available"}},"schema_version":0}],"module_calls":{"ec2_bastion":{"source":"terraform-aws-modules/ec2-instance/aws","expressions":{"ami":{"constant_value":"ami-0439517b5e436bdab"},"instance_type":{"constant_value":"t2.micro"},"key_name":{"references":["var.key_name"]},"monitoring":{"constant_value":true},"name":{"references":["var.repo-name"]},"subnet_id":{"references":["var.subnet_id"]},"tags":{"references":["var.repo-name"]},"user_data":{},"vpc_security_group_ids":{"references":["var.security_group"]}},"module":{"outputs":{"arn":{"expression":{"references":["aws_instance.this[0].arn","aws_instance.this[0]","aws_instance.this","aws_spot_instance_request.this[0].arn","aws_spot_instance_request.this[0]","aws_spot_instance_request.this"]},"description":"The ARN of the instance"},"capacity_reservation_specification":{"expression":{"references":["aws_instance.this[0].capacity_reservation_specification","aws_instance.this[0]","aws_instance.this","aws_spot_instance_request.this[0].capacity_reservation_specification","aws_spot_instance_request.this[0]","aws_spot_instance_request.this"]},"description":"Capacity reservation specification of the instance"},"id":{"expression":{"references":["aws_instance.this[0].id","aws_instance.this[0]","aws_instance.this","aws_spot_instance_request.this[0].id","aws_spot_instance_request.this[0]","aws_spot_instance_request.this"]},"description":"The ID of the instance"},"instance_state":{"expression":{"references":["aws_instance.this[0].instance_state","aws_instance.this[0]","aws_instance.this","aws_spot_instance_request.this[0].instance_state","aws_spot_instance_request.this[0]","aws_spot_instance_request.this"]},"description":"The state of the instance. One of: `pending`, `running`, `shutting-down`, `terminated`, `stopping`, `stopped`"},"ipv6_addresses":{"expression":{"references":["aws_instance.this[0].ipv6_addresses","aws_instance.this[0]","aws_instance.this"]},"description":"The IPv6 address assigned to the instance, if applicable."},"outpost_arn":{"expression":{"references":["aws_instance.this[0].outpost_arn","aws_instance.this[0]","aws_instance.this","aws_spot_instance_request.this[0].outpost_arn","aws_spot_instance_request.this[0]","aws_spot_instance_request.this"]},"description":"The ARN of the Outpost the instance is assigned to"},"password_data":{"expression":{"references":["aws_instance.this[0].password_data","aws_instance.this[0]","aws_instance.this","aws_spot_instance_request.this[0].password_data","aws_spot_instance_request.this[0]","aws_spot_instance_request.this"]},"description":"Base-64 encoded encrypted password data for the instance. Useful for getting the administrator password for instances running Microsoft Windows. This attribute is only exported if `get_password_data` is true"},"primary_network_interface_id":{"expression":{"references":["aws_instance.this[0].primary_network_interface_id","aws_instance.this[0]","aws_instance.this","aws_spot_instance_request.this[0].primary_network_interface_id","aws_spot_instance_request.this[0]","aws_spot_instance_request.this"]},"description":"The ID of the instance's primary network interface"},"private_dns":{"expression":{"references":["aws_instance.this[0].private_dns","aws_instance.this[0]","aws_instance.this","aws_spot_instance_request.this[0].private_dns","aws_spot_instance_request.this[0]","aws_spot_instance_request.this"]},"description":"The private DNS name assigned to the instance. Can only be used inside the Amazon EC2, and only available if you've enabled DNS hostnames for your VPC"},"private_ip":{"expression":{"references":["aws_instance.this[0].private_ip","aws_instance.this[0]","aws_instance.this","aws_spot_instance_request.this[0].private_ip","aws_spot_instance_request.this[0]","aws_spot_instance_request.this"]},"description":"The private IP address assigned to the instance."},"public_dns":{"expression":{"references":["aws_instance.this[0].public_dns","aws_instance.this[0]","aws_instance.this","aws_spot_instance_request.this[0].public_dns","aws_spot_instance_request.this[0]","aws_spot_instance_request.this"]},"description":"The public DNS name assigned to the instance. For EC2-VPC, this is only available if you've enabled DNS hostnames for your VPC"},"public_ip":{"expression":{"references":["aws_instance.this[0].public_ip","aws_instance.this[0]","aws_instance.this","aws_spot_instance_request.this[0].public_ip","aws_spot_instance_request.this[0]","aws_spot_instance_request.this"]},"description":"The public IP address assigned to the instance, if applicable. NOTE: If you are using an aws_eip with your instance, you should refer to the EIP's address directly and not use `public_ip` as this field will change after the EIP is attached"},"spot_bid_status":{"expression":{"references":["aws_spot_instance_request.this[0].spot_bid_status","aws_spot_instance_request.this[0]","aws_spot_instance_request.this"]},"description":"The current bid status of the Spot Instance Request"},"spot_instance_id":{"expression":{"references":["aws_spot_instance_request.this[0].spot_instance_id","aws_spot_instance_request.this[0]","aws_spot_instance_request.this"]},"description":"The Instance ID (if any) that is currently fulfilling the Spot Instance request"},"spot_request_state":{"expression":{"references":["aws_spot_instance_request.this[0].spot_request_state","aws_spot_instance_request.this[0]","aws_spot_instance_request.this"]},"description":"The current request state of the Spot Instance Request"},"tags_all":{"expression":{"references":["aws_instance.this[0].tags_all","aws_instance.this[0]","aws_instance.this","aws_spot_instance_request.this[0].tags_all","aws_spot_instance_request.this[0]","aws_spot_instance_request.this"]},"description":"A map of tags assigned to the resource, including those inherited from the provider default_tags configuration block"}},"resources":[{"address":"aws_instance.this","mode":"managed","type":"aws_instance","name":"this","provider_config_key":"aws","expressions":{"ami":{"references":["var.ami"]},"associate_public_ip_address":{"references":["var.associate_public_ip_address"]},"availability_zone":{"references":["var.availability_zone"]},"cpu_core_count":{"references":["var.cpu_core_count"]},"cpu_threads_per_core":{"references":["var.cpu_threads_per_core"]},"credit_specification":[{"cpu_credits":{"references":["local.is_t_instance_type","var.cpu_credits"]}}],"disable_api_termination":{"references":["var.disable_api_termination"]},"ebs_optimized":{"references":["var.ebs_optimized"]},"enclave_options":[{"enabled":{"references":["var.enclave_options_enabled"]}}],"get_password_data":{"references":["var.get_password_data"]},"hibernation":{"references":["var.hibernation"]},"host_id":{"references":["var.host_id"]},"iam_instance_profile":{"references":["var.iam_instance_profile"]},"instance_initiated_shutdown_behavior":{"references":["var.instance_initiated_shutdown_behavior"]},"instance_type":{"references":["var.instance_type"]},"ipv6_address_count":{"references":["var.ipv6_address_count"]},"ipv6_addresses":{"references":["var.ipv6_addresses"]},"key_name":{"references":["var.key_name"]},"monitoring":{"references":["var.monitoring"]},"placement_group":{"references":["var.placement_group"]},"private_ip":{"references":["var.private_ip"]},"secondary_private_ips":{"references":["var.secondary_private_ips"]},"source_dest_check":{"references":["var.network_interface","var.source_dest_check"]},"subnet_id":{"references":["var.subnet_id"]},"tags":{"references":["var.name","var.tags"]},"tenancy":{"references":["var.tenancy"]},"timeouts":{"create":{"references":["var.timeouts"]},"delete":{"references":["var.timeouts"]},"update":{"references":["var.timeouts"]}},"user_data":{"references":["var.user_data"]},"user_data_base64":{"references":["var.user_data_base64"]},"user_data_replace_on_change":{"references":["var.user_data_replace_on_change"]},"volume_tags":{"references":["var.enable_volume_tags","var.name","var.volume_tags"]},"vpc_security_group_ids":{"references":["var.vpc_security_group_ids"]}},"schema_version":1,"count_expression":{"references":["local.create","var.create_spot_instance"]}},{"address":"aws_spot_instance_request.this","mode":"managed","type":"aws_spot_instance_request","name":"this","provider_config_key":"aws","expressions":{"ami":{"references":["var.ami"]},"associate_public_ip_address":{"references":["var.associate_public_ip_address"]},"availability_zone":{"references":["var.availability_zone"]},"block_duration_minutes":{"references":["var.spot_block_duration_minutes"]},"cpu_core_count":{"references":["var.cpu_core_count"]},"cpu_threads_per_core":{"references":["var.cpu_threads_per_core"]},"credit_specification":[{"cpu_credits":{"references":["local.is_t_instance_type","var.cpu_credits"]}}],"disable_api_termination":{"references":["var.disable_api_termination"]},"ebs_optimized":{"references":["var.ebs_optimized"]},"enclave_options":[{"enabled":{"references":["var.enclave_options_enabled"]}}],"get_password_data":{"references":["var.get_password_data"]},"hibernation":{"references":["var.hibernation"]},"host_id":{"references":["var.host_id"]},"iam_instance_profile":{"references":["var.iam_instance_profile"]},"instance_initiated_shutdown_behavior":{"references":["var.instance_initiated_shutdown_behavior"]},"instance_interruption_behavior":{"references":["var.spot_instance_interruption_behavior"]},"instance_type":{"references":["var.instance_type"]},"ipv6_address_count":{"references":["var.ipv6_address_count"]},"ipv6_addresses":{"references":["var.ipv6_addresses"]},"key_name":{"references":["var.key_name"]},"launch_group":{"references":["var.spot_launch_group"]},"monitoring":{"references":["var.monitoring"]},"placement_group":{"references":["var.placement_group"]},"private_ip":{"references":["var.private_ip"]},"secondary_private_ips":{"references":["var.secondary_private_ips"]},"source_dest_check":{"references":["var.network_interface","var.source_dest_check"]},"spot_price":{"references":["var.spot_price"]},"spot_type":{"references":["var.spot_type"]},"subnet_id":{"references":["var.subnet_id"]},"tags":{"references":["var.name","var.tags"]},"tenancy":{"references":["var.tenancy"]},"timeouts":{"create":{"references":["var.timeouts"]},"delete":{"references":["var.timeouts"]}},"user_data":{"references":["var.user_data"]},"user_data_base64":{"references":["var.user_data_base64"]},"user_data_replace_on_change":{"references":["var.user_data_replace_on_change"]},"valid_from":{"references":["var.spot_valid_from"]},"valid_until":{"references":["var.spot_valid_until"]},"volume_tags":{"references":["var.enable_volume_tags","var.name","var.volume_tags"]},"vpc_security_group_ids":{"references":["var.vpc_security_group_ids"]},"wait_for_fulfillment":{"references":["var.spot_wait_for_fulfillment"]}},"schema_version":0,"count_expression":{"references":["local.create","var.create_spot_instance"]}}],"variables":{"ami":{"default":"","description":"ID of AMI to use for the instance"},"associate_public_ip_address":{"default":null,"description":"Whether to associate a public IP address with an instance in a VPC"},"availability_zone":{"default":null,"description":"AZ to start the instance in"},"capacity_reservation_specification":{"default":null,"description":"Describes an instance's Capacity Reservation targeting option"},"cpu_core_count":{"default":null,"description":"Sets the number of CPU cores for an instance."},"cpu_credits":{"default":null,"description":"The credit option for CPU usage (unlimited or standard)"},"cpu_threads_per_core":{"default":null,"description":"Sets the number of CPU threads per core for an instance (has no effect unless cpu_core_count is also set)."},"create":{"default":true,"description":"Whether to create an instance"},"create_spot_instance":{"default":false,"description":"Depicts if the instance is a spot instance"},"disable_api_termination":{"default":null,"description":"If true, enables EC2 Instance Termination Protection"},"ebs_block_device":{"default":[],"description":"Additional EBS block devices to attach to the instance"},"ebs_optimized":{"default":null,"description":"If true, the launched EC2 instance will be EBS-optimized"},"enable_volume_tags":{"default":true,"description":"Whether to enable volume tags (if enabled it conflicts with root_block_device tags)"},"enclave_options_enabled":{"default":null,"description":"Whether Nitro Enclaves will be enabled on the instance. Defaults to `false`"},"ephemeral_block_device":{"default":[],"description":"Customize Ephemeral (also known as Instance Store) volumes on the instance"},"get_password_data":{"default":null,"description":"If true, wait for password data to become available and retrieve it."},"hibernation":{"default":null,"description":"If true, the launched EC2 instance will support hibernation"},"host_id":{"default":null,"description":"ID of a dedicated host that the instance will be assigned to. Use when an instance is to be launched on a specific dedicated host"},"iam_instance_profile":{"default":null,"description":"IAM Instance Profile to launch the instance with. Specified as the name of the Instance Profile"},"instance_initiated_shutdown_behavior":{"default":null,"description":"Shutdown behavior for the instance. Amazon defaults this to stop for EBS-backed instances and terminate for instance-store instances. Cannot be set on instance-store instance"},"instance_type":{"default":"t3.micro","description":"The type of instance to start"},"ipv6_address_count":{"default":null,"description":"A number of IPv6 addresses to associate with the primary network interface. Amazon EC2 chooses the IPv6 addresses from the range of your subnet"},"ipv6_addresses":{"default":null,"description":"Specify one or more IPv6 addresses from the range of the subnet to associate with the primary network interface"},"key_name":{"default":null,"description":"Key name of the Key Pair to use for the instance; which can be managed using the `aws_key_pair` resource"},"launch_template":{"default":null,"description":"Specifies a Launch Template to configure the instance. Parameters configured on this resource will override the corresponding parameters in the Launch Template"},"metadata_options":{"default":{},"description":"Customize the metadata options of the instance"},"monitoring":{"default":false,"description":"If true, the launched EC2 instance will have detailed monitoring enabled"},"name":{"default":"","description":"Name to be used on EC2 instance created"},"network_interface":{"default":[],"description":"Customize network interfaces to be attached at instance boot time"},"placement_group":{"default":null,"description":"The Placement Group to start the instance in"},"private_ip":{"default":null,"description":"Private IP address to associate with the instance in a VPC"},"putin_khuylo":{"default":true,"description":"Do you agree that Putin doesn't respect Ukrainian sovereignty and territorial integrity? More info: https://en.wikipedia.org/wiki/Putin_khuylo!"},"root_block_device":{"default":[],"description":"Customize details about the root block device of the instance. See Block Devices below for details"},"secondary_private_ips":{"default":null,"description":"A list of secondary private IPv4 addresses to assign to the instance's primary network interface (eth0) in a VPC. Can only be assigned to the primary network interface (eth0) attached at instance creation, not a pre-existing network interface i.e. referenced in a `network_interface block`"},"source_dest_check":{"default":true,"description":"Controls if traffic is routed to the instance when the destination address does not match the instance. Used for NAT or VPNs."},"spot_block_duration_minutes":{"default":null,"description":"The required duration for the Spot instances, in minutes. This value must be a multiple of 60 (60, 120, 180, 240, 300, or 360)"},"spot_instance_interruption_behavior":{"default":null,"description":"Indicates Spot instance behavior when it is interrupted. Valid values are `terminate`, `stop`, or `hibernate`"},"spot_launch_group":{"default":null,"description":"A launch group is a group of spot instances that launch together and terminate together. If left empty instances are launched and terminated individually"},"spot_price":{"default":null,"description":"The maximum price to request on the spot market. Defaults to on-demand price"},"spot_type":{"default":null,"description":"If set to one-time, after the instance is terminated, the spot request will be closed. Default `persistent`"},"spot_valid_from":{"default":null,"description":"The start date and time of the request, in UTC RFC3339 format(for example, YYYY-MM-DDTHH:MM:SSZ)"},"spot_valid_until":{"default":null,"description":"The end date and time of the request, in UTC RFC3339 format(for example, YYYY-MM-DDTHH:MM:SSZ)"},"spot_wait_for_fulfillment":{"default":null,"description":"If set, Terraform will wait for the Spot Request to be fulfilled, and will throw an error if the timeout of 10m is reached"},"subnet_id":{"default":null,"description":"The VPC Subnet ID to launch in"},"tags":{"default":{},"description":"A mapping of tags to assign to the resource"},"tenancy":{"default":null,"description":"The tenancy of the instance (if the instance is running in a VPC). Available values: default, dedicated, host."},"timeouts":{"default":{},"description":"Define maximum timeout for creating, updating, and deleting EC2 instance resources"},"user_data":{"default":null,"description":"The user data to provide when launching the instance. Do not pass gzip-compressed data via this argument; see user_data_base64 instead."},"user_data_base64":{"default":null,"description":"Can be used instead of user_data to pass base64-encoded binary data directly. Use this instead of user_data whenever the value is not a valid UTF-8 string. For example, gzip-encoded user data must be base64-encoded and passed via this argument to avoid corruption."},"user_data_replace_on_change":{"default":false,"description":"When used in combination with user_data or user_data_base64 will trigger a destroy and recreate when set to true. Defaults to false if not set."},"volume_tags":{"default":{},"description":"A mapping of tags to assign to the devices created by the instance at launch time"},"vpc_security_group_ids":{"default":null,"description":"A list of security group IDs to associate with"}}},"version_constraint":"~\u003e 4.0"}},"variables":{"key_name":{},"repo-name":{},"security_group":{},"subnet_id":{"default":["$(module.networking.vpc.public_subnets[0]"]},"vpc":{}}}},"key_gen":{"source":"./modules/aws_keys","expressions":{"repo-name":{"references":["var.repo-name"]}},"module":{"outputs":{"key_info":{"expression":{"references":["module.key_pair"]}},"key_name":{"expression":{"references":["module.key_pair.key_pair_key_name","module.key_pair"]}}},"resources":[{"address":"local_file.created_keypair_to_local","mode":"managed","type":"local_file","name":"created_keypair_to_local","provider_config_key":"module.key_gen:local","expressions":{"content":{"references":["tls_private_key.rsa.private_key_pem","tls_private_key.rsa"]},"file_permission":{"constant_value":"400"},"filename":{"references":["module.key_pair.key_pair_key_name","module.key_pair"]}},"schema_version":0},{"address":"tls_private_key.rsa","mode":"managed","type":"tls_private_key","name":"rsa","provider_config_key":"module.key_gen:tls","expressions":{"algorithm":{"constant_value":"RSA"},"rsa_bits":{"constant_value":4096}},"schema_version":0}],"module_calls":{"key_pair":{"source":"terraform-aws-modules/key-pair/aws","expressions":{"key_name":{"references":["var.repo-name"]},"public_key":{"references":["tls_private_key.rsa.public_key_openssh","tls_private_key.rsa"]}},"module":{"outputs":{"key_pair_fingerprint":{"expression":{"references":["aws_key_pair.this"]},"description":"The MD5 public key fingerprint as specified in section 4 of RFC 4716."},"key_pair_key_name":{"expression":{"references":["aws_key_pair.this"]},"description":"The key pair name."},"key_pair_key_pair_id":{"expression":{"references":["aws_key_pair.this"]},"description":"The key pair ID."}},"resources":[{"address":"aws_key_pair.this","mode":"managed","type":"aws_key_pair","name":"this","provider_config_key":"module.key_gen.module.key_pair:aws","expressions":{"key_name":{"references":["var.key_name"]},"key_name_prefix":{"references":["var.key_name_prefix"]},"public_key":{"references":["var.public_key"]},"tags":{"references":["var.tags"]}},"schema_version":1,"count_expression":{"references":["var.create_key_pair"]}}],"variables":{"create_key_pair":{"default":true,"description":"Controls if key pair should be created"},"key_name":{"default":null,"description":"The name for the key pair."},"key_name_prefix":{"default":null,"description":"Creates a unique name beginning with the specified prefix. Conflicts with key_name."},"public_key":{"default":"","description":"The public key material."},"tags":{"default":{},"description":"A map of tags to add to key pair resource."}}}}},"variables":{"repo-name":{}}}},"networking":{"source":"./modules/networking","expressions":{"ec2_node_cidr":{"references":["module.ec2_bastion.ec2_node_cidr","module.ec2_bastion"]},"repo-name":{"references":["var.repo-name"]}},"module":{"outputs":{"bastion-host-sg":{"expression":{"references":["aws_security_group.bastion-host-sg"]}},"vpc":{"expression":{"references":["module.vpc"]}},"webserver-sg":{"expression":{"references":["aws_security_group.webserver-sg"]}}},"resources":[{"address":"aws_security_group.bastion-host-sg","mode":"managed","type":"aws_security_group","name":"bastion-host-sg","provider_config_key":"aws","expressions":{"description":{"constant_value":"Allow bastion host traffic"},"egress":{"constant_value":[{"cidr_blocks":["0.0.0.0/0"],"description":null,"from_port":0,"ipv6_cidr_blocks":null,"prefix_list_ids":null,"protocol":"-1","security_groups":null,"self":null,"to_port":0},{"cidr_blocks":["0.0.0.0/0"],"description":null,"from_port":0,"ipv6_cidr_blocks":null,"prefix_list_ids":null,"protocol":"-1","security_groups":null,"self":null,"to_port":0}]},"ingress":{"references":["data.http.terraform_ip.body","data.http.terraform_ip"]},"name":{"constant_value":"bastion-host-sg"},"tags":{"references":["var.repo-name"]},"vpc_id":{"references":["module.vpc.vpc_id","module.vpc"]}},"schema_version":1},{"address":"aws_security_group.webserver-sg","mode":"managed","type":"aws_security_group","name":"webserver-sg","provider_config_key":"aws","expressions":{"description":{"constant_value":"Allow webserver traffic"},"egress":{"constant_value":[{"cidr_blocks":["0.0.0.0/0"],"description":null,"from_port":0,"ipv6_cidr_blocks":null,"prefix_list_ids":null,"protocol":"-1","security_groups":null,"self":null,"to_port":0},{"cidr_blocks":["0.0.0.0/0"],"description":null,"from_port":0,"ipv6_cidr_blocks":null,"prefix_list_ids":null,"protocol":"-1","security_groups":null,"self":null,"to_port":0},{"cidr_blocks":["0.0.0.0/0"],"description":null,"from_port":0,"ipv6_cidr_blocks":null,"prefix_list_ids":null,"protocol":"-1","security_groups":null,"self":null,"to_port":0}]},"ingress":{"references":["var.ec2_node_cidr"]},"name":{"constant_value":"webserver-sg"},"tags":{"references":["var.repo-name"]},"vpc_id":{"references":["module.vpc.vpc_id","module.vpc"]}},"schema_version":1},{"address":"data.aws_availability_zones.available","mode":"data","type":"aws_availability_zones","name":"available","provider_config_key":"aws","schema_version":0},{"address":"data.http.terraform_ip","mode":"data","type":"http","name":"terraform_ip","provider_config_key":"module.networking:http","expressions":{"url":{"constant_value":"http://ipv4.icanhazip.com"}},"schema_version":0}],"module_calls":{"vpc":{"source":"terraform-aws-modules/vpc/aws","expressions":{"azs":{"references":["data.aws_availability_zones.available.names","data.aws_availability_zones.available"]},"cidr":{"references":["var.cidr_block"]},"create_database_subnet_group":{"constant_value":true},"name":{"references":["var.vpc_name"]},"private_subnets":{"references":["var.private_sn"]},"public_subnets":{"references":["var.public_sn"]},"single_nat_gateway":{"constant_value":true}},"module":{"outputs":{"azs":{"expression":{"references":["var.azs"]},"description":"A list of availability zones specified as argument to this module"},"cgw_arns":{"expression":{"references":["aws_customer_gateway.this"]},"description":"List of ARNs of Customer Gateway"},"cgw_ids":{"expression":{"references":["aws_customer_gateway.this"]},"description":"List of IDs of Customer Gateway"},"database_internet_gateway_route_id":{"expression":{"references":["aws_route.database_internet_gateway[0].id","aws_route.database_internet_gateway[0]","aws_route.database_internet_gateway"]},"description":"ID of the database internet gateway route"},"database_ipv6_egress_route_id":{"expression":{"references":["aws_route.database_ipv6_egress[0].id","aws_route.database_ipv6_egress[0]","aws_route.database_ipv6_egress"]},"description":"ID of the database IPv6 egress route"},"database_nat_gateway_route_ids":{"expression":{"references":["aws_route.database_nat_gateway"]},"description":"List of IDs of the database nat gateway route"},"database_network_acl_arn":{"expression":{"references":["aws_network_acl.database[0].arn","aws_network_acl.database[0]","aws_network_acl.database"]},"description":"ARN of the database network ACL"},"database_network_acl_id":{"expression":{"references":["aws_network_acl.database[0].id","aws_network_acl.database[0]","aws_network_acl.database"]},"description":"ID of the database network ACL"},"database_route_table_association_ids":{"expression":{"references":["aws_route_table_association.database"]},"description":"List of IDs of the database route table association"},"database_route_table_ids":{"expression":{"references":["aws_route_table.database","aws_route_table.private"]},"description":"List of IDs of database route tables"},"database_subnet_arns":{"expression":{"references":["aws_subnet.database"]},"description":"List of ARNs of database subnets"},"database_subnet_group":{"expression":{"references":["aws_db_subnet_group.database[0].id","aws_db_subnet_group.database[0]","aws_db_subnet_group.database"]},"description":"ID of database subnet group"},"database_subnet_group_name":{"expression":{"references":["aws_db_subnet_group.database[0].name","aws_db_subnet_group.database[0]","aws_db_subnet_group.database"]},"description":"Name of database subnet group"},"database_subnets":{"expression":{"references":["aws_subnet.database"]},"description":"List of IDs of database subnets"},"database_subnets_cidr_blocks":{"expression":{"references":["aws_subnet.database"]},"description":"List of cidr_blocks of database subnets"},"database_subnets_ipv6_cidr_blocks":{"expression":{"references":["aws_subnet.database"]},"description":"List of IPv6 cidr_blocks of database subnets in an IPv6 enabled VPC"},"default_network_acl_id":{"expression":{"references":["aws_vpc.this[0].default_network_acl_id","aws_vpc.this[0]","aws_vpc.this"]},"description":"The ID of the default network ACL"},"default_route_table_id":{"expression":{"references":["aws_vpc.this[0].default_route_table_id","aws_vpc.this[0]","aws_vpc.this"]},"description":"The ID of the default route table"},"default_security_group_id":{"expression":{"references":["aws_vpc.this[0].default_security_group_id","aws_vpc.this[0]","aws_vpc.this"]},"description":"The ID of the security group created by default on VPC creation"},"default_vpc_arn":{"expression":{"references":["aws_default_vpc.this[0].arn","aws_default_vpc.this[0]","aws_default_vpc.this"]},"description":"The ARN of the Default VPC"},"default_vpc_cidr_block":{"expression":{"references":["aws_default_vpc.this[0].cidr_block","aws_default_vpc.this[0]","aws_default_vpc.this"]},"description":"The CIDR block of the Default VPC"},"default_vpc_default_network_acl_id":{"expression":{"references":["aws_default_vpc.this[0].default_network_acl_id","aws_default_vpc.this[0]","aws_default_vpc.this"]},"description":"The ID of the default network ACL of the Default VPC"},"default_vpc_default_route_table_id":{"expression":{"references":["aws_default_vpc.this[0].default_route_table_id","aws_default_vpc.this[0]","aws_default_vpc.this"]},"description":"The ID of the default route table of the Default VPC"},"default_vpc_default_security_group_id":{"expression":{"references":["aws_default_vpc.this[0].default_security_group_id","aws_default_vpc.this[0]","aws_default_vpc.this"]},"description":"The ID of the security group created by default on Default VPC creation"},"default_vpc_enable_dns_hostnames":{"expression":{"references":["aws_default_vpc.this[0].enable_dns_hostnames","aws_default_vpc.this[0]","aws_default_vpc.this"]},"description":"Whether or not the Default VPC has DNS hostname support"},"default_vpc_enable_dns_support":{"expression":{"references":["aws_default_vpc.this[0].enable_dns_support","aws_default_vpc.this[0]","aws_default_vpc.this"]},"description":"Whether or not the Default VPC has DNS support"},"default_vpc_id":{"expression":{"references":["aws_default_vpc.this[0].id","aws_default_vpc.this[0]","aws_default_vpc.this"]},"description":"The ID of the Default VPC"},"default_vpc_instance_tenancy":{"expression":{"references":["aws_default_vpc.this[0].instance_tenancy","aws_default_vpc.this[0]","aws_default_vpc.this"]},"description":"Tenancy of instances spin up within Default VPC"},"default_vpc_main_route_table_id":{"expression":{"references":["aws_default_vpc.this[0].main_route_table_id","aws_default_vpc.this[0]","aws_default_vpc.this"]},"description":"The ID of the main route table associated with the Default VPC"},"dhcp_options_id":{"expression":{"references":["aws_vpc_dhcp_options.this[0].id","aws_vpc_dhcp_options.this[0]","aws_vpc_dhcp_options.this"]},"description":"The ID of the DHCP options"},"egress_only_internet_gateway_id":{"expression":{"references":["aws_egress_only_internet_gateway.this[0].id","aws_egress_only_internet_gateway.this[0]","aws_egress_only_internet_gateway.this"]},"description":"The ID of the egress only Internet Gateway"},"elasticache_network_acl_arn":{"expression":{"references":["aws_network_acl.elasticache[0].arn","aws_network_acl.elasticache[0]","aws_network_acl.elasticache"]},"description":"ARN of the elasticache network ACL"},"elasticache_network_acl_id":{"expression":{"references":["aws_network_acl.elasticache[0].id","aws_network_acl.elasticache[0]","aws_network_acl.elasticache"]},"description":"ID of the elasticache network ACL"},"elasticache_route_table_association_ids":{"expression":{"references":["aws_route_table_association.elasticache"]},"description":"List of IDs of the elasticache route table association"},"elasticache_route_table_ids":{"expression":{"references":["aws_route_table.elasticache","aws_route_table.private"]},"description":"List of IDs of elasticache route tables"},"elasticache_subnet_arns":{"expression":{"references":["aws_subnet.elasticache"]},"description":"List of ARNs of elasticache subnets"},"elasticache_subnet_group":{"expression":{"references":["aws_elasticache_subnet_group.elasticache[0].id","aws_elasticache_subnet_group.elasticache[0]","aws_elasticache_subnet_group.elasticache"]},"description":"ID of elasticache subnet group"},"elasticache_subnet_group_name":{"expression":{"references":["aws_elasticache_subnet_group.elasticache[0].name","aws_elasticache_subnet_group.elasticache[0]","aws_elasticache_subnet_group.elasticache"]},"description":"Name of elasticache subnet group"},"elasticache_subnets":{"expression":{"references":["aws_subnet.elasticache"]},"description":"List of IDs of elasticache subnets"},"elasticache_subnets_cidr_blocks":{"expression":{"references":["aws_subnet.elasticache"]},"description":"List of cidr_blocks of elasticache subnets"},"elasticache_subnets_ipv6_cidr_blocks":{"expression":{"references":["aws_subnet.elasticache"]},"description":"List of IPv6 cidr_blocks of elasticache subnets in an IPv6 enabled VPC"},"igw_arn":{"expression":{"references":["aws_internet_gateway.this[0].arn","aws_internet_gateway.this[0]","aws_internet_gateway.this"]},"description":"The ARN of the Internet Gateway"},"igw_id":{"expression":{"references":["aws_internet_gateway.this[0].id","aws_internet_gateway.this[0]","aws_internet_gateway.this"]},"description":"The ID of the Internet Gateway"},"intra_network_acl_arn":{"expression":{"references":["aws_network_acl.intra[0].arn","aws_network_acl.intra[0]","aws_network_acl.intra"]},"description":"ARN of the intra network ACL"},"intra_network_acl_id":{"expression":{"references":["aws_network_acl.intra[0].id","aws_network_acl.intra[0]","aws_network_acl.intra"]},"description":"ID of the intra network ACL"},"intra_route_table_association_ids":{"expression":{"references":["aws_route_table_association.intra"]},"description":"List of IDs of the intra route table association"},"intra_route_table_ids":{"expression":{"references":["aws_route_table.intra"]},"description":"List of IDs of intra route tables"},"intra_subnet_arns":{"expression":{"references":["aws_subnet.intra"]},"description":"List of ARNs of intra subnets"},"intra_subnets":{"expression":{"references":["aws_subnet.intra"]},"description":"List of IDs of intra subnets"},"intra_subnets_cidr_blocks":{"expression":{"references":["aws_subnet.intra"]},"description":"List of cidr_blocks of intra subnets"},"intra_subnets_ipv6_cidr_blocks":{"expression":{"references":["aws_subnet.intra"]},"description":"List of IPv6 cidr_blocks of intra subnets in an IPv6 enabled VPC"},"name":{"expression":{"references":["var.name"]},"description":"The name of the VPC specified as argument to this module"},"nat_ids":{"expression":{"references":["aws_eip.nat"]},"description":"List of allocation ID of Elastic IPs created for AWS NAT Gateway"},"nat_public_ips":{"expression":{"references":["var.reuse_nat_ips","var.external_nat_ips","aws_eip.nat"]},"description":"List of public Elastic IPs created for AWS NAT Gateway"},"natgw_ids":{"expression":{"references":["aws_nat_gateway.this"]},"description":"List of NAT Gateway IDs"},"outpost_network_acl_arn":{"expression":{"references":["aws_network_acl.outpost[0].arn","aws_network_acl.outpost[0]","aws_network_acl.outpost"]},"description":"ARN of the outpost network ACL"},"outpost_network_acl_id":{"expression":{"references":["aws_network_acl.outpost[0].id","aws_network_acl.outpost[0]","aws_network_acl.outpost"]},"description":"ID of the outpost network ACL"},"outpost_subnet_arns":{"expression":{"references":["aws_subnet.outpost"]},"description":"List of ARNs of outpost subnets"},"outpost_subnets":{"expression":{"references":["aws_subnet.outpost"]},"description":"List of IDs of outpost subnets"},"outpost_subnets_cidr_blocks":{"expression":{"references":["aws_subnet.outpost"]},"description":"List of cidr_blocks of outpost subnets"},"outpost_subnets_ipv6_cidr_blocks":{"expression":{"references":["aws_subnet.outpost"]},"description":"List of IPv6 cidr_blocks of outpost subnets in an IPv6 enabled VPC"},"private_ipv6_egress_route_ids":{"expression":{"references":["aws_route.private_ipv6_egress"]},"description":"List of IDs of the ipv6 egress route"},"private_nat_gateway_route_ids":{"expression":{"references":["aws_route.private_nat_gateway"]},"description":"List of IDs of the private nat gateway route"},"private_network_acl_arn":{"expression":{"references":["aws_network_acl.private[0].arn","aws_network_acl.private[0]","aws_network_acl.private"]},"description":"ARN of the private network ACL"},"private_network_acl_id":{"expression":{"references":["aws_network_acl.private[0].id","aws_network_acl.private[0]","aws_network_acl.private"]},"description":"ID of the private network ACL"},"private_route_table_association_ids":{"expression":{"references":["aws_route_table_association.private"]},"description":"List of IDs of the private route table association"},"private_route_table_ids":{"expression":{"references":["aws_route_table.private"]},"description":"List of IDs of private route tables"},"private_subnet_arns":{"expression":{"references":["aws_subnet.private"]},"description":"List of ARNs of private subnets"},"private_subnets":{"expression":{"references":["aws_subnet.private"]},"description":"List of IDs of private subnets"},"private_subnets_cidr_blocks":{"expression":{"references":["aws_subnet.private"]},"description":"List of cidr_blocks of private subnets"},"private_subnets_ipv6_cidr_blocks":{"expression":{"references":["aws_subnet.private"]},"description":"List of IPv6 cidr_blocks of private subnets in an IPv6 enabled VPC"},"public_internet_gateway_ipv6_route_id":{"expression":{"references":["aws_route.public_internet_gateway_ipv6[0].id","aws_route.public_internet_gateway_ipv6[0]","aws_route.public_internet_gateway_ipv6"]},"description":"ID of the IPv6 internet gateway route"},"public_internet_gateway_route_id":{"expression":{"references":["aws_route.public_internet_gateway[0].id","aws_route.public_internet_gateway[0]","aws_route.public_internet_gateway"]},"description":"ID of the internet gateway route"},"public_network_acl_arn":{"expression":{"references":["aws_network_acl.public[0].arn","aws_network_acl.public[0]","aws_network_acl.public"]},"description":"ARN of the public network ACL"},"public_network_acl_id":{"expression":{"references":["aws_network_acl.public[0].id","aws_network_acl.public[0]","aws_network_acl.public"]},"description":"ID of the public network ACL"},"public_route_table_association_ids":{"expression":{"references":["aws_route_table_association.public"]},"description":"List of IDs of the public route table association"},"public_route_table_ids":{"expression":{"references":["aws_route_table.public"]},"description":"List of IDs of public route tables"},"public_subnet_arns":{"expression":{"references":["aws_subnet.public"]},"description":"List of ARNs of public subnets"},"public_subnets":{"expression":{"references":["aws_subnet.public"]},"description":"List of IDs of public subnets"},"public_subnets_cidr_blocks":{"expression":{"references":["aws_subnet.public"]},"description":"List of cidr_blocks of public subnets"},"public_subnets_ipv6_cidr_blocks":{"expression":{"references":["aws_subnet.public"]},"description":"List of IPv6 cidr_blocks of public subnets in an IPv6 enabled VPC"},"redshift_network_acl_arn":{"expression":{"references":["aws_network_acl.redshift[0].arn","aws_network_acl.redshift[0]","aws_network_acl.redshift"]},"description":"ARN of the redshift network ACL"},"redshift_network_acl_id":{"expression":{"references":["aws_network_acl.redshift[0].id","aws_network_acl.redshift[0]","aws_network_acl.redshift"]},"description":"ID of the redshift network ACL"},"redshift_public_route_table_association_ids":{"expression":{"references":["aws_route_table_association.redshift_public"]},"description":"List of IDs of the public redshidt route table association"},"redshift_route_table_association_ids":{"expression":{"references":["aws_route_table_association.redshift"]},"description":"List of IDs of the redshift route table association"},"redshift_route_table_ids":{"expression":{"references":["aws_route_table.redshift","aws_route_table.redshift","var.enable_public_redshift","aws_route_table.public","aws_route_table.private"]},"description":"List of IDs of redshift route tables"},"redshift_subnet_arns":{"expression":{"references":["aws_subnet.redshift"]},"description":"List of ARNs of redshift subnets"},"redshift_subnet_group":{"expression":{"references":["aws_redshift_subnet_group.redshift[0].id","aws_redshift_subnet_group.redshift[0]","aws_redshift_subnet_group.redshift"]},"description":"ID of redshift subnet group"},"redshift_subnets":{"expression":{"references":["aws_subnet.redshift"]},"description":"List of IDs of redshift subnets"},"redshift_subnets_cidr_blocks":{"expression":{"references":["aws_subnet.redshift"]},"description":"List of cidr_blocks of redshift subnets"},"redshift_subnets_ipv6_cidr_blocks":{"expression":{"references":["aws_subnet.redshift"]},"description":"List of IPv6 cidr_blocks of redshift subnets in an IPv6 enabled VPC"},"this_customer_gateway":{"expression":{"references":["aws_customer_gateway.this"]},"description":"Map of Customer Gateway attributes"},"vgw_arn":{"expression":{"references":["aws_vpn_gateway.this[0].arn","aws_vpn_gateway.this[0]","aws_vpn_gateway.this"]},"description":"The ARN of the VPN Gateway"},"vgw_id":{"expression":{"references":["aws_vpn_gateway.this[0].id","aws_vpn_gateway.this[0]","aws_vpn_gateway.this","aws_vpn_gateway_attachment.this[0].vpn_gateway_id","aws_vpn_gateway_attachment.this[0]","aws_vpn_gateway_attachment.this"]},"description":"The ID of the VPN Gateway"},"vpc_arn":{"expression":{"references":["aws_vpc.this[0].arn","aws_vpc.this[0]","aws_vpc.this"]},"description":"The ARN of the VPC"},"vpc_cidr_block":{"expression":{"references":["aws_vpc.this[0].cidr_block","aws_vpc.this[0]","aws_vpc.this"]},"description":"The CIDR block of the VPC"},"vpc_enable_dns_hostnames":{"expression":{"references":["aws_vpc.this[0].enable_dns_hostnames","aws_vpc.this[0]","aws_vpc.this"]},"description":"Whether or not the VPC has DNS hostname support"},"vpc_enable_dns_support":{"expression":{"references":["aws_vpc.this[0].enable_dns_support","aws_vpc.this[0]","aws_vpc.this"]},"description":"Whether or not the VPC has DNS support"},"vpc_flow_log_cloudwatch_iam_role_arn":{"expression":{"references":["local.flow_log_iam_role_arn"]},"description":"The ARN of the IAM role used when pushing logs to Cloudwatch log group"},"vpc_flow_log_destination_arn":{"expression":{"references":["local.flow_log_destination_arn"]},"description":"The ARN of the destination for VPC Flow Logs"},"vpc_flow_log_destination_type":{"expression":{"references":["var.flow_log_destination_type"]},"description":"The type of the destination for VPC Flow Logs"},"vpc_flow_log_id":{"expression":{"references":["aws_flow_log.this[0].id","aws_flow_log.this[0]","aws_flow_log.this"]},"description":"The ID of the Flow Log resource"},"vpc_id":{"expression":{"references":["aws_vpc.this[0].id","aws_vpc.this[0]","aws_vpc.this"]},"description":"The ID of the VPC"},"vpc_instance_tenancy":{"expression":{"references":["aws_vpc.this[0].instance_tenancy","aws_vpc.this[0]","aws_vpc.this"]},"description":"Tenancy of instances spin up within VPC"},"vpc_ipv6_association_id":{"expression":{"references":["aws_vpc.this[0].ipv6_association_id","aws_vpc.this[0]","aws_vpc.this"]},"description":"The association ID for the IPv6 CIDR block"},"vpc_ipv6_cidr_block":{"expression":{"references":["aws_vpc.this[0].ipv6_cidr_block","aws_vpc.this[0]","aws_vpc.this"]},"description":"The IPv6 CIDR block"},"vpc_main_route_table_id":{"expression":{"references":["aws_vpc.this[0].main_route_table_id","aws_vpc.this[0]","aws_vpc.this"]},"description":"The ID of the main route table associated with this VPC"},"vpc_owner_id":{"expression":{"references":["aws_vpc.this[0].owner_id","aws_vpc.this[0]","aws_vpc.this"]},"description":"The ID of the AWS account that owns the VPC"},"vpc_secondary_cidr_blocks":{"expression":{"references":["aws_vpc_ipv4_cidr_block_association.this"]},"description":"List of secondary CIDR blocks of the VPC"}},"resources":[{"address":"aws_cloudwatch_log_group.flow_log","mode":"managed","type":"aws_cloudwatch_log_group","name":"flow_log","provider_config_key":"aws","expressions":{"kms_key_id":{"references":["var.flow_log_cloudwatch_log_group_kms_key_id"]},"name":{"references":["var.flow_log_cloudwatch_log_group_name_prefix","local.vpc_id"]},"retention_in_days":{"references":["var.flow_log_cloudwatch_log_group_retention_in_days"]},"tags":{"references":["var.tags","var.vpc_flow_log_tags"]}},"schema_version":0,"count_expression":{"references":["local.create_flow_log_cloudwatch_log_group"]}},{"address":"aws_customer_gateway.this","mode":"managed","type":"aws_customer_gateway","name":"this","provider_config_key":"aws","expressions":{"bgp_asn":{"references":["each.value[\"bgp_asn\"]","each.value"]},"device_name":{"references":["each.value"]},"ip_address":{"references":["each.value[\"ip_address\"]","each.value"]},"tags":{"references":["var.name","each.key","var.tags","var.customer_gateway_tags"]},"type":{"constant_value":"ipsec.1"}},"schema_version":0,"for_each_expression":{"references":["var.customer_gateways"]}},{"address":"aws_db_subnet_group.database","mode":"managed","type":"aws_db_subnet_group","name":"database","provider_config_key":"aws","expressions":{"description":{"references":["var.name"]},"name":{"references":["var.database_subnet_group_name","var.name"]},"subnet_ids":{"references":["aws_subnet.database"]},"tags":{"references":["var.database_subnet_group_name","var.name","var.tags","var.database_subnet_group_tags"]}},"schema_version":0,"count_expression":{"references":["local.create_vpc","var.database_subnets","var.create_database_subnet_group"]}},{"address":"aws_default_network_acl.this","mode":"managed","type":"aws_default_network_acl","name":"this","provider_config_key":"aws","expressions":{"default_network_acl_id":{"references":["aws_vpc.this[0].default_network_acl_id","aws_vpc.this[0]","aws_vpc.this"]},"subnet_ids":{"constant_value":null},"tags":{"references":["var.default_network_acl_name","var.name","var.tags","var.default_network_acl_tags"]}},"schema_version":0,"count_expression":{"references":["local.create_vpc","var.manage_default_network_acl"]}},{"address":"aws_default_route_table.default","mode":"managed","type":"aws_default_route_table","name":"default","provider_config_key":"aws","expressions":{"default_route_table_id":{"references":["aws_vpc.this[0].default_route_table_id","aws_vpc.this[0]","aws_vpc.this"]},"propagating_vgws":{"references":["var.default_route_table_propagating_vgws"]},"tags":{"references":["var.default_route_table_name","var.name","var.tags","var.default_route_table_tags"]},"timeouts":{"create":{"constant_value":"5m"},"update":{"constant_value":"5m"}}},"schema_version":0,"count_expression":{"references":["local.create_vpc","var.manage_default_route_table"]}},{"address":"aws_default_security_group.this","mode":"managed","type":"aws_default_security_group","name":"this","provider_config_key":"aws","expressions":{"tags":{"references":["var.default_security_group_name","var.name","var.tags","var.default_security_group_tags"]},"vpc_id":{"references":["aws_vpc.this[0].id","aws_vpc.this[0]","aws_vpc.this"]}},"schema_version":1,"count_expression":{"references":["local.create_vpc","var.manage_default_security_group"]}},{"address":"aws_default_vpc.this","mode":"managed","type":"aws_default_vpc","name":"this","provider_config_key":"aws","expressions":{"enable_classiclink":{"references":["var.default_vpc_enable_classiclink"]},"enable_dns_hostnames":{"references":["var.default_vpc_enable_dns_hostnames"]},"enable_dns_support":{"references":["var.default_vpc_enable_dns_support"]},"tags":{"references":["var.default_vpc_name","var.tags","var.default_vpc_tags"]}},"schema_version":1,"count_expression":{"references":["var.manage_default_vpc"]}},{"address":"aws_egress_only_internet_gateway.this","mode":"managed","type":"aws_egress_only_internet_gateway","name":"this","provider_config_key":"aws","expressions":{"tags":{"references":["var.name","var.tags","var.igw_tags"]},"vpc_id":{"references":["local.vpc_id"]}},"schema_version":0,"count_expression":{"references":["local.create_vpc","var.create_egress_only_igw","var.enable_ipv6","local.max_subnet_length"]}},{"address":"aws_eip.nat","mode":"managed","type":"aws_eip","name":"nat","provider_config_key":"aws","expressions":{"tags":{"references":["var.name","var.azs","var.single_nat_gateway","count.index","var.tags","var.nat_eip_tags"]},"vpc":{"constant_value":true}},"schema_version":0,"count_expression":{"references":["local.create_vpc","var.enable_nat_gateway","var.reuse_nat_ips","local.nat_gateway_count"]}},{"address":"aws_elasticache_subnet_group.elasticache","mode":"managed","type":"aws_elasticache_subnet_group","name":"elasticache","provider_config_key":"aws","expressions":{"description":{"references":["var.name"]},"name":{"references":["var.elasticache_subnet_group_name","var.name"]},"subnet_ids":{"references":["aws_subnet.elasticache"]},"tags":{"references":["var.elasticache_subnet_group_name","var.name","var.tags","var.elasticache_subnet_group_tags"]}},"schema_version":0,"count_expression":{"references":["local.create_vpc","var.elasticache_subnets","var.create_elasticache_subnet_group"]}},{"address":"aws_flow_log.this","mode":"managed","type":"aws_flow_log","name":"this","provider_config_key":"aws","expressions":{"iam_role_arn":{"references":["local.flow_log_iam_role_arn"]},"log_destination":{"references":["local.flow_log_destination_arn"]},"log_destination_type":{"references":["var.flow_log_destination_type"]},"log_format":{"references":["var.flow_log_log_format"]},"max_aggregation_interval":{"references":["var.flow_log_max_aggregation_interval"]},"tags":{"references":["var.tags","var.vpc_flow_log_tags"]},"traffic_type":{"references":["var.flow_log_traffic_type"]},"vpc_id":{"references":["local.vpc_id"]}},"schema_version":0,"count_expression":{"references":["local.enable_flow_log"]}},{"address":"aws_iam_policy.vpc_flow_log_cloudwatch","mode":"managed","type":"aws_iam_policy","name":"vpc_flow_log_cloudwatch","provider_config_key":"aws","expressions":{"name_prefix":{"constant_value":"vpc-flow-log-to-cloudwatch-"},"policy":{"references":["data.aws_iam_policy_document.vpc_flow_log_cloudwatch[0].json","data.aws_iam_policy_document.vpc_flow_log_cloudwatch[0]","data.aws_iam_policy_document.vpc_flow_log_cloudwatch"]},"tags":{"references":["var.tags","var.vpc_flow_log_tags"]}},"schema_version":0,"count_expression":{"references":["local.create_flow_log_cloudwatch_iam_role"]}},{"address":"aws_iam_role.vpc_flow_log_cloudwatch","mode":"managed","type":"aws_iam_role","name":"vpc_flow_log_cloudwatch","provider_config_key":"aws","expressions":{"assume_role_policy":{"references":["data.aws_iam_policy_document.flow_log_cloudwatch_assume_role[0].json","data.aws_iam_policy_document.flow_log_cloudwatch_assume_role[0]","data.aws_iam_policy_document.flow_log_cloudwatch_assume_role"]},"name_prefix":{"constant_value":"vpc-flow-log-role-"},"permissions_boundary":{"references":["var.vpc_flow_log_permissions_boundary"]},"tags":{"references":["var.tags","var.vpc_flow_log_tags"]}},"schema_version":0,"count_expression":{"references":["local.create_flow_log_cloudwatch_iam_role"]}},{"address":"aws_iam_role_policy_attachment.vpc_flow_log_cloudwatch","mode":"managed","type":"aws_iam_role_policy_attachment","name":"vpc_flow_log_cloudwatch","provider_config_key":"aws","expressions":{"policy_arn":{"references":["aws_iam_policy.vpc_flow_log_cloudwatch[0].arn","aws_iam_policy.vpc_flow_log_cloudwatch[0]","aws_iam_policy.vpc_flow_log_cloudwatch"]},"role":{"references":["aws_iam_role.vpc_flow_log_cloudwatch[0].name","aws_iam_role.vpc_flow_log_cloudwatch[0]","aws_iam_role.vpc_flow_log_cloudwatch"]}},"schema_version":0,"count_expression":{"references":["local.create_flow_log_cloudwatch_iam_role"]}},{"address":"aws_internet_gateway.this","mode":"managed","type":"aws_internet_gateway","name":"this","provider_config_key":"aws","expressions":{"tags":{"references":["var.name","var.tags","var.igw_tags"]},"vpc_id":{"references":["local.vpc_id"]}},"schema_version":0,"count_expression":{"references":["local.create_vpc","var.create_igw","var.public_subnets"]}},{"address":"aws_nat_gateway.this","mode":"managed","type":"aws_nat_gateway","name":"this","provider_config_key":"aws","expressions":{"allocation_id":{"references":["local.nat_gateway_ips","var.single_nat_gateway","count.index"]},"subnet_id":{"references":["aws_subnet.public","var.single_nat_gateway","count.index"]},"tags":{"references":["var.name","var.azs","var.single_nat_gateway","count.index","var.tags","var.nat_gateway_tags"]}},"schema_version":0,"count_expression":{"references":["local.create_vpc","var.enable_nat_gateway","local.nat_gateway_count"]},"depends_on":["aws_internet_gateway.this"]},{"address":"aws_network_acl.database","mode":"managed","type":"aws_network_acl","name":"database","provider_config_key":"aws","expressions":{"subnet_ids":{"references":["aws_subnet.database"]},"tags":{"references":["var.name","var.database_subnet_suffix","var.tags","var.database_acl_tags"]},"vpc_id":{"references":["local.vpc_id"]}},"schema_version":0,"count_expression":{"references":["local.create_vpc","var.database_dedicated_network_acl","var.database_subnets"]}},{"address":"aws_network_acl.elasticache","mode":"managed","type":"aws_network_acl","name":"elasticache","provider_config_key":"aws","expressions":{"subnet_ids":{"references":["aws_subnet.elasticache"]},"tags":{"references":["var.name","var.elasticache_subnet_suffix","var.tags","var.elasticache_acl_tags"]},"vpc_id":{"references":["local.vpc_id"]}},"schema_version":0,"count_expression":{"references":["local.create_vpc","var.elasticache_dedicated_network_acl","var.elasticache_subnets"]}},{"address":"aws_network_acl.intra","mode":"managed","type":"aws_network_acl","name":"intra","provider_config_key":"aws","expressions":{"subnet_ids":{"references":["aws_subnet.intra"]},"tags":{"references":["var.name","var.intra_subnet_suffix","var.tags","var.intra_acl_tags"]},"vpc_id":{"references":["local.vpc_id"]}},"schema_version":0,"count_expression":{"references":["local.create_vpc","var.intra_dedicated_network_acl","var.intra_subnets"]}},{"address":"aws_network_acl.outpost","mode":"managed","type":"aws_network_acl","name":"outpost","provider_config_key":"aws","expressions":{"subnet_ids":{"references":["aws_subnet.outpost"]},"tags":{"references":["var.name","var.outpost_subnet_suffix","var.tags","var.outpost_acl_tags"]},"vpc_id":{"references":["local.vpc_id"]}},"schema_version":0,"count_expression":{"references":["local.create_vpc","var.outpost_dedicated_network_acl","var.outpost_subnets"]}},{"address":"aws_network_acl.private","mode":"managed","type":"aws_network_acl","name":"private","provider_config_key":"aws","expressions":{"subnet_ids":{"references":["aws_subnet.private"]},"tags":{"references":["var.name","var.private_subnet_suffix","var.tags","var.private_acl_tags"]},"vpc_id":{"references":["local.vpc_id"]}},"schema_version":0,"count_expression":{"references":["local.create_vpc","var.private_dedicated_network_acl","var.private_subnets"]}},{"address":"aws_network_acl.public","mode":"managed","type":"aws_network_acl","name":"public","provider_config_key":"aws","expressions":{"subnet_ids":{"references":["aws_subnet.public"]},"tags":{"references":["var.name","var.public_subnet_suffix","var.tags","var.public_acl_tags"]},"vpc_id":{"references":["local.vpc_id"]}},"schema_version":0,"count_expression":{"references":["local.create_vpc","var.public_dedicated_network_acl","var.public_subnets"]}},{"address":"aws_network_acl.redshift","mode":"managed","type":"aws_network_acl","name":"redshift","provider_config_key":"aws","expressions":{"subnet_ids":{"references":["aws_subnet.redshift"]},"tags":{"references":["var.name","var.redshift_subnet_suffix","var.tags","var.redshift_acl_tags"]},"vpc_id":{"references":["local.vpc_id"]}},"schema_version":0,"count_expression":{"references":["local.create_vpc","var.redshift_dedicated_network_acl","var.redshift_subnets"]}},{"address":"aws_network_acl_rule.database_inbound","mode":"managed","type":"aws_network_acl_rule","name":"database_inbound","provider_config_key":"aws","expressions":{"cidr_block":{"references":["var.database_inbound_acl_rules","count.index"]},"egress":{"constant_value":false},"from_port":{"references":["var.database_inbound_acl_rules","count.index"]},"icmp_code":{"references":["var.database_inbound_acl_rules","count.index"]},"icmp_type":{"references":["var.database_inbound_acl_rules","count.index"]},"ipv6_cidr_block":{"references":["var.database_inbound_acl_rules","count.index"]},"network_acl_id":{"references":["aws_network_acl.database[0].id","aws_network_acl.database[0]","aws_network_acl.database"]},"protocol":{"references":["var.database_inbound_acl_rules","count.index"]},"rule_action":{"references":["var.database_inbound_acl_rules","count.index"]},"rule_number":{"references":["var.database_inbound_acl_rules","count.index"]},"to_port":{"references":["var.database_inbound_acl_rules","count.index"]}},"schema_version":0,"count_expression":{"references":["local.create_vpc","var.database_dedicated_network_acl","var.database_subnets","var.database_inbound_acl_rules"]}},{"address":"aws_network_acl_rule.database_outbound","mode":"managed","type":"aws_network_acl_rule","name":"database_outbound","provider_config_key":"aws","expressions":{"cidr_block":{"references":["var.database_outbound_acl_rules","count.index"]},"egress":{"constant_value":true},"from_port":{"references":["var.database_outbound_acl_rules","count.index"]},"icmp_code":{"references":["var.database_outbound_acl_rules","count.index"]},"icmp_type":{"references":["var.database_outbound_acl_rules","count.index"]},"ipv6_cidr_block":{"references":["var.database_outbound_acl_rules","count.index"]},"network_acl_id":{"references":["aws_network_acl.database[0].id","aws_network_acl.database[0]","aws_network_acl.database"]},"protocol":{"references":["var.database_outbound_acl_rules","count.index"]},"rule_action":{"references":["var.database_outbound_acl_rules","count.index"]},"rule_number":{"references":["var.database_outbound_acl_rules","count.index"]},"to_port":{"references":["var.database_outbound_acl_rules","count.index"]}},"schema_version":0,"count_expression":{"references":["local.create_vpc","var.database_dedicated_network_acl","var.database_subnets","var.database_outbound_acl_rules"]}},{"address":"aws_network_acl_rule.elasticache_inbound","mode":"managed","type":"aws_network_acl_rule","name":"elasticache_inbound","provider_config_key":"aws","expressions":{"cidr_block":{"references":["var.elasticache_inbound_acl_rules","count.index"]},"egress":{"constant_value":false},"from_port":{"references":["var.elasticache_inbound_acl_rules","count.index"]},"icmp_code":{"references":["var.elasticache_inbound_acl_rules","count.index"]},"icmp_type":{"references":["var.elasticache_inbound_acl_rules","count.index"]},"ipv6_cidr_block":{"references":["var.elasticache_inbound_acl_rules","count.index"]},"network_acl_id":{"references":["aws_network_acl.elasticache[0].id","aws_network_acl.elasticache[0]","aws_network_acl.elasticache"]},"protocol":{"references":["var.elasticache_inbound_acl_rules","count.index"]},"rule_action":{"references":["var.elasticache_inbound_acl_rules","count.index"]},"rule_number":{"references":["var.elasticache_inbound_acl_rules","count.index"]},"to_port":{"references":["var.elasticache_inbound_acl_rules","count.index"]}},"schema_version":0,"count_expression":{"references":["local.create_vpc","var.elasticache_dedicated_network_acl","var.elasticache_subnets","var.elasticache_inbound_acl_rules"]}},{"address":"aws_network_acl_rule.elasticache_outbound","mode":"managed","type":"aws_network_acl_rule","name":"elasticache_outbound","provider_config_key":"aws","expressions":{"cidr_block":{"references":["var.elasticache_outbound_acl_rules","count.index"]},"egress":{"constant_value":true},"from_port":{"references":["var.elasticache_outbound_acl_rules","count.index"]},"icmp_code":{"references":["var.elasticache_outbound_acl_rules","count.index"]},"icmp_type":{"references":["var.elasticache_outbound_acl_rules","count.index"]},"ipv6_cidr_block":{"references":["var.elasticache_outbound_acl_rules","count.index"]},"network_acl_id":{"references":["aws_network_acl.elasticache[0].id","aws_network_acl.elasticache[0]","aws_network_acl.elasticache"]},"protocol":{"references":["var.elasticache_outbound_acl_rules","count.index"]},"rule_action":{"references":["var.elasticache_outbound_acl_rules","count.index"]},"rule_number":{"references":["var.elasticache_outbound_acl_rules","count.index"]},"to_port":{"references":["var.elasticache_outbound_acl_rules","count.index"]}},"schema_version":0,"count_expression":{"references":["local.create_vpc","var.elasticache_dedicated_network_acl","var.elasticache_subnets","var.elasticache_outbound_acl_rules"]}},{"address":"aws_network_acl_rule.intra_inbound","mode":"managed","type":"aws_network_acl_rule","name":"intra_inbound","provider_config_key":"aws","expressions":{"cidr_block":{"references":["var.intra_inbound_acl_rules","count.index"]},"egress":{"constant_value":false},"from_port":{"references":["var.intra_inbound_acl_rules","count.index"]},"icmp_code":{"references":["var.intra_inbound_acl_rules","count.index"]},"icmp_type":{"references":["var.intra_inbound_acl_rules","count.index"]},"ipv6_cidr_block":{"references":["var.intra_inbound_acl_rules","count.index"]},"network_acl_id":{"references":["aws_network_acl.intra[0].id","aws_network_acl.intra[0]","aws_network_acl.intra"]},"protocol":{"references":["var.intra_inbound_acl_rules","count.index"]},"rule_action":{"references":["var.intra_inbound_acl_rules","count.index"]},"rule_number":{"references":["var.intra_inbound_acl_rules","count.index"]},"to_port":{"references":["var.intra_inbound_acl_rules","count.index"]}},"schema_version":0,"count_expression":{"references":["local.create_vpc","var.intra_dedicated_network_acl","var.intra_subnets","var.intra_inbound_acl_rules"]}},{"address":"aws_network_acl_rule.intra_outbound","mode":"managed","type":"aws_network_acl_rule","name":"intra_outbound","provider_config_key":"aws","expressions":{"cidr_block":{"references":["var.intra_outbound_acl_rules","count.index"]},"egress":{"constant_value":true},"from_port":{"references":["var.intra_outbound_acl_rules","count.index"]},"icmp_code":{"references":["var.intra_outbound_acl_rules","count.index"]},"icmp_type":{"references":["var.intra_outbound_acl_rules","count.index"]},"ipv6_cidr_block":{"references":["var.intra_outbound_acl_rules","count.index"]},"network_acl_id":{"references":["aws_network_acl.intra[0].id","aws_network_acl.intra[0]","aws_network_acl.intra"]},"protocol":{"references":["var.intra_outbound_acl_rules","count.index"]},"rule_action":{"references":["var.intra_outbound_acl_rules","count.index"]},"rule_number":{"references":["var.intra_outbound_acl_rules","count.index"]},"to_port":{"references":["var.intra_outbound_acl_rules","count.index"]}},"schema_version":0,"count_expression":{"references":["local.create_vpc","var.intra_dedicated_network_acl","var.intra_subnets","var.intra_outbound_acl_rules"]}},{"address":"aws_network_acl_rule.outpost_inbound","mode":"managed","type":"aws_network_acl_rule","name":"outpost_inbound","provider_config_key":"aws","expressions":{"cidr_block":{"references":["var.outpost_inbound_acl_rules","count.index"]},"egress":{"constant_value":false},"from_port":{"references":["var.outpost_inbound_acl_rules","count.index"]},"icmp_code":{"references":["var.outpost_inbound_acl_rules","count.index"]},"icmp_type":{"references":["var.outpost_inbound_acl_rules","count.index"]},"ipv6_cidr_block":{"references":["var.outpost_inbound_acl_rules","count.index"]},"network_acl_id":{"references":["aws_network_acl.outpost[0].id","aws_network_acl.outpost[0]","aws_network_acl.outpost"]},"protocol":{"references":["var.outpost_inbound_acl_rules","count.index"]},"rule_action":{"references":["var.outpost_inbound_acl_rules","count.index"]},"rule_number":{"references":["var.outpost_inbound_acl_rules","count.index"]},"to_port":{"references":["var.outpost_inbound_acl_rules","count.index"]}},"schema_version":0,"count_expression":{"references":["local.create_vpc","var.outpost_dedicated_network_acl","var.outpost_subnets","var.outpost_inbound_acl_rules"]}},{"address":"aws_network_acl_rule.outpost_outbound","mode":"managed","type":"aws_network_acl_rule","name":"outpost_outbound","provider_config_key":"aws","expressions":{"cidr_block":{"references":["var.outpost_outbound_acl_rules","count.index"]},"egress":{"constant_value":true},"from_port":{"references":["var.outpost_outbound_acl_rules","count.index"]},"icmp_code":{"references":["var.outpost_outbound_acl_rules","count.index"]},"icmp_type":{"references":["var.outpost_outbound_acl_rules","count.index"]},"ipv6_cidr_block":{"references":["var.outpost_outbound_acl_rules","count.index"]},"network_acl_id":{"references":["aws_network_acl.outpost[0].id","aws_network_acl.outpost[0]","aws_network_acl.outpost"]},"protocol":{"references":["var.outpost_outbound_acl_rules","count.index"]},"rule_action":{"references":["var.outpost_outbound_acl_rules","count.index"]},"rule_number":{"references":["var.outpost_outbound_acl_rules","count.index"]},"to_port":{"references":["var.outpost_outbound_acl_rules","count.index"]}},"schema_version":0,"count_expression":{"references":["local.create_vpc","var.outpost_dedicated_network_acl","var.outpost_subnets","var.outpost_outbound_acl_rules"]}},{"address":"aws_network_acl_rule.private_inbound","mode":"managed","type":"aws_network_acl_rule","name":"private_inbound","provider_config_key":"aws","expressions":{"cidr_block":{"references":["var.private_inbound_acl_rules","count.index"]},"egress":{"constant_value":false},"from_port":{"references":["var.private_inbound_acl_rules","count.index"]},"icmp_code":{"references":["var.private_inbound_acl_rules","count.index"]},"icmp_type":{"references":["var.private_inbound_acl_rules","count.index"]},"ipv6_cidr_block":{"references":["var.private_inbound_acl_rules","count.index"]},"network_acl_id":{"references":["aws_network_acl.private[0].id","aws_network_acl.private[0]","aws_network_acl.private"]},"protocol":{"references":["var.private_inbound_acl_rules","count.index"]},"rule_action":{"references":["var.private_inbound_acl_rules","count.index"]},"rule_number":{"references":["var.private_inbound_acl_rules","count.index"]},"to_port":{"references":["var.private_inbound_acl_rules","count.index"]}},"schema_version":0,"count_expression":{"references":["local.create_vpc","var.private_dedicated_network_acl","var.private_subnets","var.private_inbound_acl_rules"]}},{"address":"aws_network_acl_rule.private_outbound","mode":"managed","type":"aws_network_acl_rule","name":"private_outbound","provider_config_key":"aws","expressions":{"cidr_block":{"references":["var.private_outbound_acl_rules","count.index"]},"egress":{"constant_value":true},"from_port":{"references":["var.private_outbound_acl_rules","count.index"]},"icmp_code":{"references":["var.private_outbound_acl_rules","count.index"]},"icmp_type":{"references":["var.private_outbound_acl_rules","count.index"]},"ipv6_cidr_block":{"references":["var.private_outbound_acl_rules","count.index"]},"network_acl_id":{"references":["aws_network_acl.private[0].id","aws_network_acl.private[0]","aws_network_acl.private"]},"protocol":{"references":["var.private_outbound_acl_rules","count.index"]},"rule_action":{"references":["var.private_outbound_acl_rules","count.index"]},"rule_number":{"references":["var.private_outbound_acl_rules","count.index"]},"to_port":{"references":["var.private_outbound_acl_rules","count.index"]}},"schema_version":0,"count_expression":{"references":["local.create_vpc","var.private_dedicated_network_acl","var.private_subnets","var.private_outbound_acl_rules"]}},{"address":"aws_network_acl_rule.public_inbound","mode":"managed","type":"aws_network_acl_rule","name":"public_inbound","provider_config_key":"aws","expressions":{"cidr_block":{"references":["var.public_inbound_acl_rules","count.index"]},"egress":{"constant_value":false},"from_port":{"references":["var.public_inbound_acl_rules","count.index"]},"icmp_code":{"references":["var.public_inbound_acl_rules","count.index"]},"icmp_type":{"references":["var.public_inbound_acl_rules","count.index"]},"ipv6_cidr_block":{"references":["var.public_inbound_acl_rules","count.index"]},"network_acl_id":{"references":["aws_network_acl.public[0].id","aws_network_acl.public[0]","aws_network_acl.public"]},"protocol":{"references":["var.public_inbound_acl_rules","count.index"]},"rule_action":{"references":["var.public_inbound_acl_rules","count.index"]},"rule_number":{"references":["var.public_inbound_acl_rules","count.index"]},"to_port":{"references":["var.public_inbound_acl_rules","count.index"]}},"schema_version":0,"count_expression":{"references":["local.create_vpc","var.public_dedicated_network_acl","var.public_subnets","var.public_inbound_acl_rules"]}},{"address":"aws_network_acl_rule.public_outbound","mode":"managed","type":"aws_network_acl_rule","name":"public_outbound","provider_config_key":"aws","expressions":{"cidr_block":{"references":["var.public_outbound_acl_rules","count.index"]},"egress":{"constant_value":true},"from_port":{"references":["var.public_outbound_acl_rules","count.index"]},"icmp_code":{"references":["var.public_outbound_acl_rules","count.index"]},"icmp_type":{"references":["var.public_outbound_acl_rules","count.index"]},"ipv6_cidr_block":{"references":["var.public_outbound_acl_rules","count.index"]},"network_acl_id":{"references":["aws_network_acl.public[0].id","aws_network_acl.public[0]","aws_network_acl.public"]},"protocol":{"references":["var.public_outbound_acl_rules","count.index"]},"rule_action":{"references":["var.public_outbound_acl_rules","count.index"]},"rule_number":{"references":["var.public_outbound_acl_rules","count.index"]},"to_port":{"references":["var.public_outbound_acl_rules","count.index"]}},"schema_version":0,"count_expression":{"references":["local.create_vpc","var.public_dedicated_network_acl","var.public_subnets","var.public_outbound_acl_rules"]}},{"address":"aws_network_acl_rule.redshift_inbound","mode":"managed","type":"aws_network_acl_rule","name":"redshift_inbound","provider_config_key":"aws","expressions":{"cidr_block":{"references":["var.redshift_inbound_acl_rules","count.index"]},"egress":{"constant_value":false},"from_port":{"references":["var.redshift_inbound_acl_rules","count.index"]},"icmp_code":{"references":["var.redshift_inbound_acl_rules","count.index"]},"icmp_type":{"references":["var.redshift_inbound_acl_rules","count.index"]},"ipv6_cidr_block":{"references":["var.redshift_inbound_acl_rules","count.index"]},"network_acl_id":{"references":["aws_network_acl.redshift[0].id","aws_network_acl.redshift[0]","aws_network_acl.redshift"]},"protocol":{"references":["var.redshift_inbound_acl_rules","count.index"]},"rule_action":{"references":["var.redshift_inbound_acl_rules","count.index"]},"rule_number":{"references":["var.redshift_inbound_acl_rules","count.index"]},"to_port":{"references":["var.redshift_inbound_acl_rules","count.index"]}},"schema_version":0,"count_expression":{"references":["local.create_vpc","var.redshift_dedicated_network_acl","var.redshift_subnets","var.redshift_inbound_acl_rules"]}},{"address":"aws_network_acl_rule.redshift_outbound","mode":"managed","type":"aws_network_acl_rule","name":"redshift_outbound","provider_config_key":"aws","expressions":{"cidr_block":{"references":["var.redshift_outbound_acl_rules","count.index"]},"egress":{"constant_value":true},"from_port":{"references":["var.redshift_outbound_acl_rules","count.index"]},"icmp_code":{"references":["var.redshift_outbound_acl_rules","count.index"]},"icmp_type":{"references":["var.redshift_outbound_acl_rules","count.index"]},"ipv6_cidr_block":{"references":["var.redshift_outbound_acl_rules","count.index"]},"network_acl_id":{"references":["aws_network_acl.redshift[0].id","aws_network_acl.redshift[0]","aws_network_acl.redshift"]},"protocol":{"references":["var.redshift_outbound_acl_rules","count.index"]},"rule_action":{"references":["var.redshift_outbound_acl_rules","count.index"]},"rule_number":{"references":["var.redshift_outbound_acl_rules","count.index"]},"to_port":{"references":["var.redshift_outbound_acl_rules","count.index"]}},"schema_version":0,"count_expression":{"references":["local.create_vpc","var.redshift_dedicated_network_acl","var.redshift_subnets","var.redshift_outbound_acl_rules"]}},{"address":"aws_redshift_subnet_group.redshift","mode":"managed","type":"aws_redshift_subnet_group","name":"redshift","provider_config_key":"aws","expressions":{"description":{"references":["var.name"]},"name":{"references":["var.redshift_subnet_group_name","var.name"]},"subnet_ids":{"references":["aws_subnet.redshift"]},"tags":{"references":["var.redshift_subnet_group_name","var.name","var.tags","var.redshift_subnet_group_tags"]}},"schema_version":0,"count_expression":{"references":["local.create_vpc","var.redshift_subnets","var.create_redshift_subnet_group"]}},{"address":"aws_route.database_internet_gateway","mode":"managed","type":"aws_route","name":"database_internet_gateway","provider_config_key":"aws","expressions":{"destination_cidr_block":{"constant_value":"0.0.0.0/0"},"gateway_id":{"references":["aws_internet_gateway.this[0].id","aws_internet_gateway.this[0]","aws_internet_gateway.this"]},"route_table_id":{"references":["aws_route_table.database[0].id","aws_route_table.database[0]","aws_route_table.database"]},"timeouts":{"create":{"constant_value":"5m"}}},"schema_version":0,"count_expression":{"references":["local.create_vpc","var.create_igw","var.create_database_subnet_route_table","var.database_subnets","var.create_database_internet_gateway_route","var.create_database_nat_gateway_route"]}},{"address":"aws_route.database_ipv6_egress","mode":"managed","type":"aws_route","name":"database_ipv6_egress","provider_config_key":"aws","expressions":{"destination_ipv6_cidr_block":{"constant_value":"::/0"},"egress_only_gateway_id":{"references":["aws_egress_only_internet_gateway.this[0].id","aws_egress_only_internet_gateway.this[0]","aws_egress_only_internet_gateway.this"]},"route_table_id":{"references":["aws_route_table.database[0].id","aws_route_table.database[0]","aws_route_table.database"]},"timeouts":{"create":{"constant_value":"5m"}}},"schema_version":0,"count_expression":{"references":["local.create_vpc","var.create_egress_only_igw","var.enable_ipv6","var.create_database_subnet_route_table","var.database_subnets","var.create_database_internet_gateway_route"]}},{"address":"aws_route.database_nat_gateway","mode":"managed","type":"aws_route","name":"database_nat_gateway","provider_config_key":"aws","expressions":{"destination_cidr_block":{"constant_value":"0.0.0.0/0"},"nat_gateway_id":{"references":["aws_nat_gateway.this","count.index"]},"route_table_id":{"references":["aws_route_table.database","count.index"]},"timeouts":{"create":{"constant_value":"5m"}}},"schema_version":0,"count_expression":{"references":["local.create_vpc","var.create_database_subnet_route_table","var.database_subnets","var.create_database_internet_gateway_route","var.create_database_nat_gateway_route","var.enable_nat_gateway","var.single_nat_gateway","var.database_subnets"]}},{"address":"aws_route.private_ipv6_egress","mode":"managed","type":"aws_route","name":"private_ipv6_egress","provider_config_key":"aws","expressions":{"destination_ipv6_cidr_block":{"constant_value":"::/0"},"egress_only_gateway_id":{"references":["aws_egress_only_internet_gateway.this"]},"route_table_id":{"references":["aws_route_table.private","count.index"]}},"schema_version":0,"count_expression":{"references":["local.create_vpc","var.create_egress_only_igw","var.enable_ipv6","var.private_subnets"]}},{"address":"aws_route.private_nat_gateway","mode":"managed","type":"aws_route","name":"private_nat_gateway","provider_config_key":"aws","expressions":{"destination_cidr_block":{"references":["var.nat_gateway_destination_cidr_block"]},"nat_gateway_id":{"references":["aws_nat_gateway.this","count.index"]},"route_table_id":{"references":["aws_route_table.private","count.index"]},"timeouts":{"create":{"constant_value":"5m"}}},"schema_version":0,"count_expression":{"references":["local.create_vpc","var.enable_nat_gateway","local.nat_gateway_count"]}},{"address":"aws_route.public_internet_gateway","mode":"managed","type":"aws_route","name":"public_internet_gateway","provider_config_key":"aws","expressions":{"destination_cidr_block":{"constant_value":"0.0.0.0/0"},"gateway_id":{"references":["aws_internet_gateway.this[0].id","aws_internet_gateway.this[0]","aws_internet_gateway.this"]},"route_table_id":{"references":["aws_route_table.public[0].id","aws_route_table.public[0]","aws_route_table.public"]},"timeouts":{"create":{"constant_value":"5m"}}},"schema_version":0,"count_expression":{"references":["local.create_vpc","var.create_igw","var.public_subnets"]}},{"address":"aws_route.public_internet_gateway_ipv6","mode":"managed","type":"aws_route","name":"public_internet_gateway_ipv6","provider_config_key":"aws","expressions":{"destination_ipv6_cidr_block":{"constant_value":"::/0"},"gateway_id":{"references":["aws_internet_gateway.this[0].id","aws_internet_gateway.this[0]","aws_internet_gateway.this"]},"route_table_id":{"references":["aws_route_table.public[0].id","aws_route_table.public[0]","aws_route_table.public"]}},"schema_version":0,"count_expression":{"references":["local.create_vpc","var.create_igw","var.enable_ipv6","var.public_subnets"]}},{"address":"aws_route_table.database","mode":"managed","type":"aws_route_table","name":"database","provider_config_key":"aws","expressions":{"tags":{"references":["var.single_nat_gateway","var.create_database_internet_gateway_route","var.name","var.database_subnet_suffix","var.name","var.database_subnet_suffix","var.azs","count.index","var.tags","var.database_route_table_tags"]},"vpc_id":{"references":["local.vpc_id"]}},"schema_version":0,"count_expression":{"references":["local.create_vpc","var.create_database_subnet_route_table","var.database_subnets","var.single_nat_gateway","var.create_database_internet_gateway_route","var.database_subnets"]}},{"address":"aws_route_table.elasticache","mode":"managed","type":"aws_route_table","name":"elasticache","provider_config_key":"aws","expressions":{"tags":{"references":["var.name","var.elasticache_subnet_suffix","var.tags","var.elasticache_route_table_tags"]},"vpc_id":{"references":["local.vpc_id"]}},"schema_version":0,"count_expression":{"references":["local.create_vpc","var.create_elasticache_subnet_route_table","var.elasticache_subnets"]}},{"address":"aws_route_table.intra","mode":"managed","type":"aws_route_table","name":"intra","provider_config_key":"aws","expressions":{"tags":{"references":["var.name","var.intra_subnet_suffix","var.tags","var.intra_route_table_tags"]},"vpc_id":{"references":["local.vpc_id"]}},"schema_version":0,"count_expression":{"references":["local.create_vpc","var.intra_subnets"]}},{"address":"aws_route_table.private","mode":"managed","type":"aws_route_table","name":"private","provider_config_key":"aws","expressions":{"tags":{"references":["var.single_nat_gateway","var.name","var.private_subnet_suffix","var.name","var.private_subnet_suffix","var.azs","count.index","var.tags","var.private_route_table_tags"]},"vpc_id":{"references":["local.vpc_id"]}},"schema_version":0,"count_expression":{"references":["local.create_vpc","local.max_subnet_length","local.nat_gateway_count"]}},{"address":"aws_route_table.public","mode":"managed","type":"aws_route_table","name":"public","provider_config_key":"aws","expressions":{"tags":{"references":["var.name","var.public_subnet_suffix","var.tags","var.public_route_table_tags"]},"vpc_id":{"references":["local.vpc_id"]}},"schema_version":0,"count_expression":{"references":["local.create_vpc","var.public_subnets"]}},{"address":"aws_route_table.redshift","mode":"managed","type":"aws_route_table","name":"redshift","provider_config_key":"aws","expressions":{"tags":{"references":["var.name","var.redshift_subnet_suffix","var.tags","var.redshift_route_table_tags"]},"vpc_id":{"references":["local.vpc_id"]}},"schema_version":0,"count_expression":{"references":["local.create_vpc","var.create_redshift_subnet_route_table","var.redshift_subnets"]}},{"address":"aws_route_table_association.database","mode":"managed","type":"aws_route_table_association","name":"database","provider_config_key":"aws","expressions":{"route_table_id":{"references":["aws_route_table.database","aws_route_table.private","var.create_database_subnet_route_table","var.single_nat_gateway","var.create_database_internet_gateway_route","count.index","count.index"]},"subnet_id":{"references":["aws_subnet.database","count.index"]}},"schema_version":0,"count_expression":{"references":["local.create_vpc","var.database_subnets","var.database_subnets"]}},{"address":"aws_route_table_association.elasticache","mode":"managed","type":"aws_route_table_association","name":"elasticache","provider_config_key":"aws","expressions":{"route_table_id":{"references":["aws_route_table.elasticache","aws_route_table.private","var.single_nat_gateway","var.create_elasticache_subnet_route_table","count.index"]},"subnet_id":{"references":["aws_subnet.elasticache","count.index"]}},"schema_version":0,"count_expression":{"references":["local.create_vpc","var.elasticache_subnets","var.elasticache_subnets"]}},{"address":"aws_route_table_association.intra","mode":"managed","type":"aws_route_table_association","name":"intra","provider_config_key":"aws","expressions":{"route_table_id":{"references":["aws_route_table.intra"]},"subnet_id":{"references":["aws_subnet.intra","count.index"]}},"schema_version":0,"count_expression":{"references":["local.create_vpc","var.intra_subnets","var.intra_subnets"]}},{"address":"aws_route_table_association.outpost","mode":"managed","type":"aws_route_table_association","name":"outpost","provider_config_key":"aws","expressions":{"route_table_id":{"references":["aws_route_table.private","var.single_nat_gateway","count.index"]},"subnet_id":{"references":["aws_subnet.outpost","count.index"]}},"schema_version":0,"count_expression":{"references":["local.create_vpc","var.outpost_subnets","var.outpost_subnets"]}},{"address":"aws_route_table_association.private","mode":"managed","type":"aws_route_table_association","name":"private","provider_config_key":"aws","expressions":{"route_table_id":{"references":["aws_route_table.private","var.single_nat_gateway","count.index"]},"subnet_id":{"references":["aws_subnet.private","count.index"]}},"schema_version":0,"count_expression":{"references":["local.create_vpc","var.private_subnets","var.private_subnets"]}},{"address":"aws_route_table_association.public","mode":"managed","type":"aws_route_table_association","name":"public","provider_config_key":"aws","expressions":{"route_table_id":{"references":["aws_route_table.public[0].id","aws_route_table.public[0]","aws_route_table.public"]},"subnet_id":{"references":["aws_subnet.public","count.index"]}},"schema_version":0,"count_expression":{"references":["local.create_vpc","var.public_subnets","var.public_subnets"]}},{"address":"aws_route_table_association.redshift","mode":"managed","type":"aws_route_table_association","name":"redshift","provider_config_key":"aws","expressions":{"route_table_id":{"references":["aws_route_table.redshift","aws_route_table.private","var.single_nat_gateway","var.create_redshift_subnet_route_table","count.index"]},"subnet_id":{"references":["aws_subnet.redshift","count.index"]}},"schema_version":0,"count_expression":{"references":["local.create_vpc","var.redshift_subnets","var.enable_public_redshift","var.redshift_subnets"]}},{"address":"aws_route_table_association.redshift_public","mode":"managed","type":"aws_route_table_association","name":"redshift_public","provider_config_key":"aws","expressions":{"route_table_id":{"references":["aws_route_table.redshift","aws_route_table.public","var.single_nat_gateway","var.create_redshift_subnet_route_table","count.index"]},"subnet_id":{"references":["aws_subnet.redshift","count.index"]}},"schema_version":0,"count_expression":{"references":["local.create_vpc","var.redshift_subnets","var.enable_public_redshift","var.redshift_subnets"]}},{"address":"aws_subnet.database","mode":"managed","type":"aws_subnet","name":"database","provider_config_key":"aws","expressions":{"assign_ipv6_address_on_creation":{"references":["var.database_subnet_assign_ipv6_address_on_creation","var.assign_ipv6_address_on_creation","var.database_subnet_assign_ipv6_address_on_creation"]},"availability_zone":{"references":["var.azs","count.index","var.azs","count.index"]},"availability_zone_id":{"references":["var.azs","count.index","var.azs","count.index"]},"cidr_block":{"references":["var.database_subnets","count.index"]},"ipv6_cidr_block":{"references":["var.enable_ipv6","var.database_subnet_ipv6_prefixes","aws_vpc.this[0].ipv6_cidr_block","aws_vpc.this[0]","aws_vpc.this","var.database_subnet_ipv6_prefixes","count.index"]},"tags":{"references":["var.name","var.database_subnet_suffix","var.azs","count.index","var.tags","var.database_subnet_tags"]},"vpc_id":{"references":["local.vpc_id"]}},"schema_version":1,"count_expression":{"references":["local.create_vpc","var.database_subnets","var.database_subnets"]}},{"address":"aws_subnet.elasticache","mode":"managed","type":"aws_subnet","name":"elasticache","provider_config_key":"aws","expressions":{"assign_ipv6_address_on_creation":{"references":["var.elasticache_subnet_assign_ipv6_address_on_creation","var.assign_ipv6_address_on_creation","var.elasticache_subnet_assign_ipv6_address_on_creation"]},"availability_zone":{"references":["var.azs","count.index","var.azs","count.index"]},"availability_zone_id":{"references":["var.azs","count.index","var.azs","count.index"]},"cidr_block":{"references":["var.elasticache_subnets","count.index"]},"ipv6_cidr_block":{"references":["var.enable_ipv6","var.elasticache_subnet_ipv6_prefixes","aws_vpc.this[0].ipv6_cidr_block","aws_vpc.this[0]","aws_vpc.this","var.elasticache_subnet_ipv6_prefixes","count.index"]},"tags":{"references":["var.name","var.elasticache_subnet_suffix","var.azs","count.index","var.tags","var.elasticache_subnet_tags"]},"vpc_id":{"references":["local.vpc_id"]}},"schema_version":1,"count_expression":{"references":["local.create_vpc","var.elasticache_subnets","var.elasticache_subnets"]}},{"address":"aws_subnet.intra","mode":"managed","type":"aws_subnet","name":"intra","provider_config_key":"aws","expressions":{"assign_ipv6_address_on_creation":{"references":["var.intra_subnet_assign_ipv6_address_on_creation","var.assign_ipv6_address_on_creation","var.intra_subnet_assign_ipv6_address_on_creation"]},"availability_zone":{"references":["var.azs","count.index","var.azs","count.index"]},"availability_zone_id":{"references":["var.azs","count.index","var.azs","count.index"]},"cidr_block":{"references":["var.intra_subnets","count.index"]},"ipv6_cidr_block":{"references":["var.enable_ipv6","var.intra_subnet_ipv6_prefixes","aws_vpc.this[0].ipv6_cidr_block","aws_vpc.this[0]","aws_vpc.this","var.intra_subnet_ipv6_prefixes","count.index"]},"tags":{"references":["var.name","var.intra_subnet_suffix","var.azs","count.index","var.tags","var.intra_subnet_tags"]},"vpc_id":{"references":["local.vpc_id"]}},"schema_version":1,"count_expression":{"references":["local.create_vpc","var.intra_subnets","var.intra_subnets"]}},{"address":"aws_subnet.outpost","mode":"managed","type":"aws_subnet","name":"outpost","provider_config_key":"aws","expressions":{"assign_ipv6_address_on_creation":{"references":["var.outpost_subnet_assign_ipv6_address_on_creation","var.assign_ipv6_address_on_creation","var.outpost_subnet_assign_ipv6_address_on_creation"]},"availability_zone":{"references":["var.outpost_az"]},"cidr_block":{"references":["var.outpost_subnets","count.index"]},"ipv6_cidr_block":{"references":["var.enable_ipv6","var.outpost_subnet_ipv6_prefixes","aws_vpc.this[0].ipv6_cidr_block","aws_vpc.this[0]","aws_vpc.this","var.outpost_subnet_ipv6_prefixes","count.index"]},"outpost_arn":{"references":["var.outpost_arn"]},"tags":{"references":["var.name","var.outpost_subnet_suffix","var.outpost_az","var.tags","var.outpost_subnet_tags"]},"vpc_id":{"references":["local.vpc_id"]}},"schema_version":1,"count_expression":{"references":["local.create_vpc","var.outpost_subnets","var.outpost_subnets"]}},{"address":"aws_subnet.private","mode":"managed","type":"aws_subnet","name":"private","provider_config_key":"aws","expressions":{"assign_ipv6_address_on_creation":{"references":["var.private_subnet_assign_ipv6_address_on_creation","var.assign_ipv6_address_on_creation","var.private_subnet_assign_ipv6_address_on_creation"]},"availability_zone":{"references":["var.azs","count.index","var.azs","count.index"]},"availability_zone_id":{"references":["var.azs","count.index","var.azs","count.index"]},"cidr_block":{"references":["var.private_subnets","count.index"]},"ipv6_cidr_block":{"references":["var.enable_ipv6","var.private_subnet_ipv6_prefixes","aws_vpc.this[0].ipv6_cidr_block","aws_vpc.this[0]","aws_vpc.this","var.private_subnet_ipv6_prefixes","count.index"]},"tags":{"references":["var.name","var.private_subnet_suffix","var.azs","count.index","var.tags","var.private_subnet_tags"]},"vpc_id":{"references":["local.vpc_id"]}},"schema_version":1,"count_expression":{"references":["local.create_vpc","var.private_subnets","var.private_subnets"]}},{"address":"aws_subnet.public","mode":"managed","type":"aws_subnet","name":"public","provider_config_key":"aws","expressions":{"assign_ipv6_address_on_creation":{"references":["var.public_subnet_assign_ipv6_address_on_creation","var.assign_ipv6_address_on_creation","var.public_subnet_assign_ipv6_address_on_creation"]},"availability_zone":{"references":["var.azs","count.index","var.azs","count.index"]},"availability_zone_id":{"references":["var.azs","count.index","var.azs","count.index"]},"cidr_block":{"references":["var.public_subnets","count.index"]},"ipv6_cidr_block":{"references":["var.enable_ipv6","var.public_subnet_ipv6_prefixes","aws_vpc.this[0].ipv6_cidr_block","aws_vpc.this[0]","aws_vpc.this","var.public_subnet_ipv6_prefixes","count.index"]},"map_public_ip_on_launch":{"references":["var.map_public_ip_on_launch"]},"tags":{"references":["var.name","var.public_subnet_suffix","var.azs","count.index","var.tags","var.public_subnet_tags"]},"vpc_id":{"references":["local.vpc_id"]}},"schema_version":1,"count_expression":{"references":["local.create_vpc","var.public_subnets","var.one_nat_gateway_per_az","var.public_subnets","var.azs","var.public_subnets"]}},{"address":"aws_subnet.redshift","mode":"managed","type":"aws_subnet","name":"redshift","provider_config_key":"aws","expressions":{"assign_ipv6_address_on_creation":{"references":["var.redshift_subnet_assign_ipv6_address_on_creation","var.assign_ipv6_address_on_creation","var.redshift_subnet_assign_ipv6_address_on_creation"]},"availability_zone":{"references":["var.azs","count.index","var.azs","count.index"]},"availability_zone_id":{"references":["var.azs","count.index","var.azs","count.index"]},"cidr_block":{"references":["var.redshift_subnets","count.index"]},"ipv6_cidr_block":{"references":["var.enable_ipv6","var.redshift_subnet_ipv6_prefixes","aws_vpc.this[0].ipv6_cidr_block","aws_vpc.this[0]","aws_vpc.this","var.redshift_subnet_ipv6_prefixes","count.index"]},"tags":{"references":["var.name","var.redshift_subnet_suffix","var.azs","count.index","var.tags","var.redshift_subnet_tags"]},"vpc_id":{"references":["local.vpc_id"]}},"schema_version":1,"count_expression":{"references":["local.create_vpc","var.redshift_subnets","var.redshift_subnets"]}},{"address":"aws_vpc.this","mode":"managed","type":"aws_vpc","name":"this","provider_config_key":"aws","expressions":{"assign_generated_ipv6_cidr_block":{"references":["var.enable_ipv6"]},"cidr_block":{"references":["var.cidr"]},"enable_classiclink":{"references":["var.enable_classiclink"]},"enable_classiclink_dns_support":{"references":["var.enable_classiclink_dns_support"]},"enable_dns_hostnames":{"references":["var.enable_dns_hostnames"]},"enable_dns_support":{"references":["var.enable_dns_support"]},"instance_tenancy":{"references":["var.instance_tenancy"]},"tags":{"references":["var.name","var.tags","var.vpc_tags"]}},"schema_version":1,"count_expression":{"references":["local.create_vpc"]}},{"address":"aws_vpc_dhcp_options.this","mode":"managed","type":"aws_vpc_dhcp_options","name":"this","provider_config_key":"aws","expressions":{"domain_name":{"references":["var.dhcp_options_domain_name"]},"domain_name_servers":{"references":["var.dhcp_options_domain_name_servers"]},"netbios_name_servers":{"references":["var.dhcp_options_netbios_name_servers"]},"netbios_node_type":{"references":["var.dhcp_options_netbios_node_type"]},"ntp_servers":{"references":["var.dhcp_options_ntp_servers"]},"tags":{"references":["var.name","var.tags","var.dhcp_options_tags"]}},"schema_version":0,"count_expression":{"references":["local.create_vpc","var.enable_dhcp_options"]}},{"address":"aws_vpc_dhcp_options_association.this","mode":"managed","type":"aws_vpc_dhcp_options_association","name":"this","provider_config_key":"aws","expressions":{"dhcp_options_id":{"references":["aws_vpc_dhcp_options.this[0].id","aws_vpc_dhcp_options.this[0]","aws_vpc_dhcp_options.this"]},"vpc_id":{"references":["local.vpc_id"]}},"schema_version":0,"count_expression":{"references":["local.create_vpc","var.enable_dhcp_options"]}},{"address":"aws_vpc_ipv4_cidr_block_association.this","mode":"managed","type":"aws_vpc_ipv4_cidr_block_association","name":"this","provider_config_key":"aws","expressions":{"cidr_block":{"references":["var.secondary_cidr_blocks","count.index"]},"vpc_id":{"references":["aws_vpc.this[0].id","aws_vpc.this[0]","aws_vpc.this"]}},"schema_version":0,"count_expression":{"references":["local.create_vpc","var.secondary_cidr_blocks","var.secondary_cidr_blocks"]}},{"address":"aws_vpn_gateway.this","mode":"managed","type":"aws_vpn_gateway","name":"this","provider_config_key":"aws","expressions":{"amazon_side_asn":{"references":["var.amazon_side_asn"]},"availability_zone":{"references":["var.vpn_gateway_az"]},"tags":{"references":["var.name","var.tags","var.vpn_gateway_tags"]},"vpc_id":{"references":["local.vpc_id"]}},"schema_version":0,"count_expression":{"references":["local.create_vpc","var.enable_vpn_gateway"]}},{"address":"aws_vpn_gateway_attachment.this","mode":"managed","type":"aws_vpn_gateway_attachment","name":"this","provider_config_key":"aws","expressions":{"vpc_id":{"references":["local.vpc_id"]},"vpn_gateway_id":{"references":["var.vpn_gateway_id"]}},"schema_version":0,"count_expression":{"references":["var.vpn_gateway_id"]}},{"address":"aws_vpn_gateway_route_propagation.intra","mode":"managed","type":"aws_vpn_gateway_route_propagation","name":"intra","provider_config_key":"aws","expressions":{"route_table_id":{"references":["aws_route_table.intra","count.index"]},"vpn_gateway_id":{"references":["aws_vpn_gateway.this","aws_vpn_gateway_attachment.this","count.index"]}},"schema_version":0,"count_expression":{"references":["local.create_vpc","var.propagate_intra_route_tables_vgw","var.enable_vpn_gateway","var.vpn_gateway_id","var.intra_subnets"]}},{"address":"aws_vpn_gateway_route_propagation.private","mode":"managed","type":"aws_vpn_gateway_route_propagation","name":"private","provider_config_key":"aws","expressions":{"route_table_id":{"references":["aws_route_table.private","count.index"]},"vpn_gateway_id":{"references":["aws_vpn_gateway.this","aws_vpn_gateway_attachment.this","count.index"]}},"schema_version":0,"count_expression":{"references":["local.create_vpc","var.propagate_private_route_tables_vgw","var.enable_vpn_gateway","var.vpn_gateway_id","var.private_subnets"]}},{"address":"aws_vpn_gateway_route_propagation.public","mode":"managed","type":"aws_vpn_gateway_route_propagation","name":"public","provider_config_key":"aws","expressions":{"route_table_id":{"references":["aws_route_table.public","count.index"]},"vpn_gateway_id":{"references":["aws_vpn_gateway.this","aws_vpn_gateway_attachment.this","count.index"]}},"schema_version":0,"count_expression":{"references":["local.create_vpc","var.propagate_public_route_tables_vgw","var.enable_vpn_gateway","var.vpn_gateway_id"]}},{"address":"data.aws_iam_policy_document.flow_log_cloudwatch_assume_role","mode":"data","type":"aws_iam_policy_document","name":"flow_log_cloudwatch_assume_role","provider_config_key":"aws","expressions":{"statement":[{"actions":{"constant_value":["sts:AssumeRole"]},"effect":{"constant_value":"Allow"},"principals":[{"identifiers":{"constant_value":["vpc-flow-logs.amazonaws.com"]},"type":{"constant_value":"Service"}}],"sid":{"constant_value":"AWSVPCFlowLogsAssumeRole"}}]},"schema_version":0,"count_expression":{"references":["local.create_flow_log_cloudwatch_iam_role"]}},{"address":"data.aws_iam_policy_document.vpc_flow_log_cloudwatch","mode":"data","type":"aws_iam_policy_document","name":"vpc_flow_log_cloudwatch","provider_config_key":"aws","expressions":{"statement":[{"actions":{"constant_value":["logs:CreateLogStream","logs:PutLogEvents","logs:DescribeLogGroups","logs:DescribeLogStreams"]},"effect":{"constant_value":"Allow"},"resources":{"constant_value":["*"]},"sid":{"constant_value":"AWSVPCFlowLogsPushToCloudWatch"}}]},"schema_version":0,"count_expression":{"references":["local.create_flow_log_cloudwatch_iam_role"]}}],"variables":{"amazon_side_asn":{"default":"64512","description":"The Autonomous System Number (ASN) for the Amazon side of the gateway. By default the virtual private gateway is created with the current default Amazon ASN."},"assign_ipv6_address_on_creation":{"default":false,"description":"Assign IPv6 address on subnet, must be disabled to change IPv6 CIDRs. This is the IPv6 equivalent of map_public_ip_on_launch"},"azs":{"default":[],"description":"A list of availability zones names or ids in the region"},"cidr":{"default":"0.0.0.0/0","description":"The CIDR block for the VPC. Default value is a valid CIDR, but not acceptable by AWS and should be overridden"},"create_database_internet_gateway_route":{"default":false,"description":"Controls if an internet gateway route for public database access should be created"},"create_database_nat_gateway_route":{"default":false,"description":"Controls if a nat gateway route should be created to give internet access to the database subnets"},"create_database_subnet_group":{"default":true,"description":"Controls if database subnet group should be created (n.b. database_subnets must also be set)"},"create_database_subnet_route_table":{"default":false,"description":"Controls if separate route table for database should be created"},"create_egress_only_igw":{"default":true,"description":"Controls if an Egress Only Internet Gateway is created and its related routes."},"create_elasticache_subnet_group":{"default":true,"description":"Controls if elasticache subnet group should be created"},"create_elasticache_subnet_route_table":{"default":false,"description":"Controls if separate route table for elasticache should be created"},"create_flow_log_cloudwatch_iam_role":{"default":false,"description":"Whether to create IAM role for VPC Flow Logs"},"create_flow_log_cloudwatch_log_group":{"default":false,"description":"Whether to create CloudWatch log group for VPC Flow Logs"},"create_igw":{"default":true,"description":"Controls if an Internet Gateway is created for public subnets and the related routes that connect them."},"create_redshift_subnet_group":{"default":true,"description":"Controls if redshift subnet group should be created"},"create_redshift_subnet_route_table":{"default":false,"description":"Controls if separate route table for redshift should be created"},"create_vpc":{"default":true,"description":"Controls if VPC should be created (it affects almost all resources)"},"customer_gateway_tags":{"default":{},"description":"Additional tags for the Customer Gateway"},"customer_gateways":{"default":{},"description":"Maps of Customer Gateway's attributes (BGP ASN and Gateway's Internet-routable external IP address)"},"database_acl_tags":{"default":{},"description":"Additional tags for the database subnets network ACL"},"database_dedicated_network_acl":{"default":false,"description":"Whether to use dedicated network ACL (not default) and custom rules for database subnets"},"database_inbound_acl_rules":{"default":[{"cidr_block":"0.0.0.0/0","from_port":"0","protocol":"-1","rule_action":"allow","rule_number":"100","to_port":"0"}],"description":"Database subnets inbound network ACL rules"},"database_outbound_acl_rules":{"default":[{"cidr_block":"0.0.0.0/0","from_port":"0","protocol":"-1","rule_action":"allow","rule_number":"100","to_port":"0"}],"description":"Database subnets outbound network ACL rules"},"database_route_table_tags":{"default":{},"description":"Additional tags for the database route tables"},"database_subnet_assign_ipv6_address_on_creation":{"default":null,"description":"Assign IPv6 address on database subnet, must be disabled to change IPv6 CIDRs. This is the IPv6 equivalent of map_public_ip_on_launch"},"database_subnet_group_name":{"default":null,"description":"Name of database subnet group"},"database_subnet_group_tags":{"default":{},"description":"Additional tags for the database subnet group"},"database_subnet_ipv6_prefixes":{"default":[],"description":"Assigns IPv6 database subnet id based on the Amazon provided /56 prefix base 10 integer (0-256). Must be of equal length to the corresponding IPv4 subnet list"},"database_subnet_suffix":{"default":"db","description":"Suffix to append to database subnets name"},"database_subnet_tags":{"default":{},"description":"Additional tags for the database subnets"},"database_subnets":{"default":[],"description":"A list of database subnets"},"default_network_acl_egress":{"default":[{"action":"allow","cidr_block":"0.0.0.0/0","from_port":"0","protocol":"-1","rule_no":"100","to_port":"0"},{"action":"allow","from_port":"0","ipv6_cidr_block":"::/0","protocol":"-1","rule_no":"101","to_port":"0"}],"description":"List of maps of egress rules to set on the Default Network ACL"},"default_network_acl_ingress":{"default":[{"action":"allow","cidr_block":"0.0.0.0/0","from_port":"0","protocol":"-1","rule_no":"100","to_port":"0"},{"action":"allow","from_port":"0","ipv6_cidr_block":"::/0","protocol":"-1","rule_no":"101","to_port":"0"}],"description":"List of maps of ingress rules to set on the Default Network ACL"},"default_network_acl_name":{"default":null,"description":"Name to be used on the Default Network ACL"},"default_network_acl_tags":{"default":{},"description":"Additional tags for the Default Network ACL"},"default_route_table_name":{"default":null,"description":"Name to be used on the default route table"},"default_route_table_propagating_vgws":{"default":[],"description":"List of virtual gateways for propagation"},"default_route_table_routes":{"default":[],"description":"Configuration block of routes. See https://registry.terraform.io/providers/hashicorp/aws/latest/docs/resources/default_route_table#route"},"default_route_table_tags":{"default":{},"description":"Additional tags for the default route table"},"default_security_group_egress":{"default":[],"description":"List of maps of egress rules to set on the default security group"},"default_security_group_ingress":{"default":[],"description":"List of maps of ingress rules to set on the default security group"},"default_security_group_name":{"default":null,"description":"Name to be used on the default security group"},"default_security_group_tags":{"default":{},"description":"Additional tags for the default security group"},"default_vpc_enable_classiclink":{"default":false,"description":"Should be true to enable ClassicLink in the Default VPC"},"default_vpc_enable_dns_hostnames":{"default":false,"description":"Should be true to enable DNS hostnames in the Default VPC"},"default_vpc_enable_dns_support":{"default":true,"description":"Should be true to enable DNS support in the Default VPC"},"default_vpc_name":{"default":null,"description":"Name to be used on the Default VPC"},"default_vpc_tags":{"default":{},"description":"Additional tags for the Default VPC"},"dhcp_options_domain_name":{"default":"","description":"Specifies DNS name for DHCP options set (requires enable_dhcp_options set to true)"},"dhcp_options_domain_name_servers":{"default":["AmazonProvidedDNS"],"description":"Specify a list of DNS server addresses for DHCP options set, default to AWS provided (requires enable_dhcp_options set to true)"},"dhcp_options_netbios_name_servers":{"default":[],"description":"Specify a list of netbios servers for DHCP options set (requires enable_dhcp_options set to true)"},"dhcp_options_netbios_node_type":{"default":"","description":"Specify netbios node_type for DHCP options set (requires enable_dhcp_options set to true)"},"dhcp_options_ntp_servers":{"default":[],"description":"Specify a list of NTP servers for DHCP options set (requires enable_dhcp_options set to true)"},"dhcp_options_tags":{"default":{},"description":"Additional tags for the DHCP option set (requires enable_dhcp_options set to true)"},"elasticache_acl_tags":{"default":{},"description":"Additional tags for the elasticache subnets network ACL"},"elasticache_dedicated_network_acl":{"default":false,"description":"Whether to use dedicated network ACL (not default) and custom rules for elasticache subnets"},"elasticache_inbound_acl_rules":{"default":[{"cidr_block":"0.0.0.0/0","from_port":"0","protocol":"-1","rule_action":"allow","rule_number":"100","to_port":"0"}],"description":"Elasticache subnets inbound network ACL rules"},"elasticache_outbound_acl_rules":{"default":[{"cidr_block":"0.0.0.0/0","from_port":"0","protocol":"-1","rule_action":"allow","rule_number":"100","to_port":"0"}],"description":"Elasticache subnets outbound network ACL rules"},"elasticache_route_table_tags":{"default":{},"description":"Additional tags for the elasticache route tables"},"elasticache_subnet_assign_ipv6_address_on_creation":{"default":null,"description":"Assign IPv6 address on elasticache subnet, must be disabled to change IPv6 CIDRs. This is the IPv6 equivalent of map_public_ip_on_launch"},"elasticache_subnet_group_name":{"default":null,"description":"Name of elasticache subnet group"},"elasticache_subnet_group_tags":{"default":{},"description":"Additional tags for the elasticache subnet group"},"elasticache_subnet_ipv6_prefixes":{"default":[],"description":"Assigns IPv6 elasticache subnet id based on the Amazon provided /56 prefix base 10 integer (0-256). Must be of equal length to the corresponding IPv4 subnet list"},"elasticache_subnet_suffix":{"default":"elasticache","description":"Suffix to append to elasticache subnets name"},"elasticache_subnet_tags":{"default":{},"description":"Additional tags for the elasticache subnets"},"elasticache_subnets":{"default":[],"description":"A list of elasticache subnets"},"enable_classiclink":{"default":null,"description":"Should be true to enable ClassicLink for the VPC. Only valid in regions and accounts that support EC2 Classic."},"enable_classiclink_dns_support":{"default":null,"description":"Should be true to enable ClassicLink DNS Support for the VPC. Only valid in regions and accounts that support EC2 Classic."},"enable_dhcp_options":{"default":false,"description":"Should be true if you want to specify a DHCP options set with a custom domain name, DNS servers, NTP servers, netbios servers, and/or netbios server type"},"enable_dns_hostnames":{"default":false,"description":"Should be true to enable DNS hostnames in the VPC"},"enable_dns_support":{"default":true,"description":"Should be true to enable DNS support in the VPC"},"enable_flow_log":{"default":false,"description":"Whether or not to enable VPC Flow Logs"},"enable_ipv6":{"default":false,"description":"Requests an Amazon-provided IPv6 CIDR block with a /56 prefix length for the VPC. You cannot specify the range of IP addresses, or the size of the CIDR block."},"enable_nat_gateway":{"default":false,"description":"Should be true if you want to provision NAT Gateways for each of your private networks"},"enable_public_redshift":{"default":false,"description":"Controls if redshift should have public routing table"},"enable_vpn_gateway":{"default":false,"description":"Should be true if you want to create a new VPN Gateway resource and attach it to the VPC"},"external_nat_ip_ids":{"default":[],"description":"List of EIP IDs to be assigned to the NAT Gateways (used in combination with reuse_nat_ips)"},"external_nat_ips":{"default":[],"description":"List of EIPs to be used for `nat_public_ips` output (used in combination with reuse_nat_ips and external_nat_ip_ids)"},"flow_log_cloudwatch_iam_role_arn":{"default":"","description":"The ARN for the IAM role that's used to post flow logs to a CloudWatch Logs log group. When flow_log_destination_arn is set to ARN of Cloudwatch Logs, this argument needs to be provided."},"flow_log_cloudwatch_log_group_kms_key_id":{"default":null,"description":"The ARN of the KMS Key to use when encrypting log data for VPC flow logs."},"flow_log_cloudwatch_log_group_name_prefix":{"default":"/aws/vpc-flow-log/","description":"Specifies the name prefix of CloudWatch Log Group for VPC flow logs."},"flow_log_cloudwatch_log_group_retention_in_days":{"default":null,"description":"Specifies the number of days you want to retain log events in the specified log group for VPC flow logs."},"flow_log_destination_arn":{"default":"","description":"The ARN of the CloudWatch log group or S3 bucket where VPC Flow Logs will be pushed. If this ARN is a S3 bucket the appropriate permissions need to be set on that bucket's policy. When create_flow_log_cloudwatch_log_group is set to false this argument must be provided."},"flow_log_destination_type":{"default":"cloud-watch-logs","description":"Type of flow log destination. Can be s3 or cloud-watch-logs."},"flow_log_file_format":{"default":"plain-text","description":"(Optional) The format for the flow log. Valid values: `plain-text`, `parquet`."},"flow_log_hive_compatible_partitions":{"default":false,"description":"(Optional) Indicates whether to use Hive-compatible prefixes for flow logs stored in Amazon S3."},"flow_log_log_format":{"default":null,"description":"The fields to include in the flow log record, in the order in which they should appear."},"flow_log_max_aggregation_interval":{"default":600,"description":"The maximum interval of time during which a flow of packets is captured and aggregated into a flow log record. Valid Values: `60` seconds or `600` seconds."},"flow_log_per_hour_partition":{"default":false,"description":"(Optional) Indicates whether to partition the flow log per hour. This reduces the cost and response time for queries."},"flow_log_traffic_type":{"default":"ALL","description":"The type of traffic to capture. Valid values: ACCEPT, REJECT, ALL."},"igw_tags":{"default":{},"description":"Additional tags for the internet gateway"},"instance_tenancy":{"default":"default","description":"A tenancy option for instances launched into the VPC"},"intra_acl_tags":{"default":{},"description":"Additional tags for the intra subnets network ACL"},"intra_dedicated_network_acl":{"default":false,"description":"Whether to use dedicated network ACL (not default) and custom rules for intra subnets"},"intra_inbound_acl_rules":{"default":[{"cidr_block":"0.0.0.0/0","from_port":"0","protocol":"-1","rule_action":"allow","rule_number":"100","to_port":"0"}],"description":"Intra subnets inbound network ACLs"},"intra_outbound_acl_rules":{"default":[{"cidr_block":"0.0.0.0/0","from_port":"0","protocol":"-1","rule_action":"allow","rule_number":"100","to_port":"0"}],"description":"Intra subnets outbound network ACLs"},"intra_route_table_tags":{"default":{},"description":"Additional tags for the intra route tables"},"intra_subnet_assign_ipv6_address_on_creation":{"default":null,"description":"Assign IPv6 address on intra subnet, must be disabled to change IPv6 CIDRs. This is the IPv6 equivalent of map_public_ip_on_launch"},"intra_subnet_ipv6_prefixes":{"default":[],"description":"Assigns IPv6 intra subnet id based on the Amazon provided /56 prefix base 10 integer (0-256). Must be of equal length to the corresponding IPv4 subnet list"},"intra_subnet_suffix":{"default":"intra","description":"Suffix to append to intra subnets name"},"intra_subnet_tags":{"default":{},"description":"Additional tags for the intra subnets"},"intra_subnets":{"default":[],"description":"A list of intra subnets"},"manage_default_network_acl":{"default":false,"description":"Should be true to adopt and manage Default Network ACL"},"manage_default_route_table":{"default":false,"description":"Should be true to manage default route table"},"manage_default_security_group":{"default":false,"description":"Should be true to adopt and manage default security group"},"manage_default_vpc":{"default":false,"description":"Should be true to adopt and manage Default VPC"},"map_public_ip_on_launch":{"default":true,"description":"Should be false if you do not want to auto-assign public IP on launch"},"name":{"default":"","description":"Name to be used on all the resources as identifier"},"nat_eip_tags":{"default":{},"description":"Additional tags for the NAT EIP"},"nat_gateway_destination_cidr_block":{"default":"0.0.0.0/0","description":"Used to pass a custom destination route for private NAT Gateway. If not specified, the default 0.0.0.0/0 is used as a destination route."},"nat_gateway_tags":{"default":{},"description":"Additional tags for the NAT gateways"},"one_nat_gateway_per_az":{"default":false,"description":"Should be true if you want only one NAT Gateway per availability zone. Requires `var.azs` to be set, and the number of `public_subnets` created to be greater than or equal to the number of availability zones specified in `var.azs`."},"outpost_acl_tags":{"default":{},"description":"Additional tags for the outpost subnets network ACL"},"outpost_arn":{"default":null,"description":"ARN of Outpost you want to create a subnet in."},"outpost_az":{"default":null,"description":"AZ where Outpost is anchored."},"outpost_dedicated_network_acl":{"default":false,"description":"Whether to use dedicated network ACL (not default) and custom rules for outpost subnets"},"outpost_inbound_acl_rules":{"default":[{"cidr_block":"0.0.0.0/0","from_port":"0","protocol":"-1","rule_action":"allow","rule_number":"100","to_port":"0"}],"description":"Outpost subnets inbound network ACLs"},"outpost_outbound_acl_rules":{"default":[{"cidr_block":"0.0.0.0/0","from_port":"0","protocol":"-1","rule_action":"allow","rule_number":"100","to_port":"0"}],"description":"Outpost subnets outbound network ACLs"},"outpost_subnet_assign_ipv6_address_on_creation":{"default":null,"description":"Assign IPv6 address on outpost subnet, must be disabled to change IPv6 CIDRs. This is the IPv6 equivalent of map_public_ip_on_launch"},"outpost_subnet_ipv6_prefixes":{"default":[],"description":"Assigns IPv6 outpost subnet id based on the Amazon provided /56 prefix base 10 integer (0-256). Must be of equal length to the corresponding IPv4 subnet list"},"outpost_subnet_suffix":{"default":"outpost","description":"Suffix to append to outpost subnets name"},"outpost_subnet_tags":{"default":{},"description":"Additional tags for the outpost subnets"},"outpost_subnets":{"default":[],"description":"A list of outpost subnets inside the VPC"},"private_acl_tags":{"default":{},"description":"Additional tags for the private subnets network ACL"},"private_dedicated_network_acl":{"default":false,"description":"Whether to use dedicated network ACL (not default) and custom rules for private subnets"},"private_inbound_acl_rules":{"default":[{"cidr_block":"0.0.0.0/0","from_port":"0","protocol":"-1","rule_action":"allow","rule_number":"100","to_port":"0"}],"description":"Private subnets inbound network ACLs"},"private_outbound_acl_rules":{"default":[{"cidr_block":"0.0.0.0/0","from_port":"0","protocol":"-1","rule_action":"allow","rule_number":"100","to_port":"0"}],"description":"Private subnets outbound network ACLs"},"private_route_table_tags":{"default":{},"description":"Additional tags for the private route tables"},"private_subnet_assign_ipv6_address_on_creation":{"default":null,"description":"Assign IPv6 address on private subnet, must be disabled to change IPv6 CIDRs. This is the IPv6 equivalent of map_public_ip_on_launch"},"private_subnet_ipv6_prefixes":{"default":[],"description":"Assigns IPv6 private subnet id based on the Amazon provided /56 prefix base 10 integer (0-256). Must be of equal length to the corresponding IPv4 subnet list"},"private_subnet_suffix":{"default":"private","description":"Suffix to append to private subnets name"},"private_subnet_tags":{"default":{},"description":"Additional tags for the private subnets"},"private_subnets":{"default":[],"description":"A list of private subnets inside the VPC"},"propagate_intra_route_tables_vgw":{"default":false,"description":"Should be true if you want route table propagation"},"propagate_private_route_tables_vgw":{"default":false,"description":"Should be true if you want route table propagation"},"propagate_public_route_tables_vgw":{"default":false,"description":"Should be true if you want route table propagation"},"public_acl_tags":{"default":{},"description":"Additional tags for the public subnets network ACL"},"public_dedicated_network_acl":{"default":false,"description":"Whether to use dedicated network ACL (not default) and custom rules for public subnets"},"public_inbound_acl_rules":{"default":[{"cidr_block":"0.0.0.0/0","from_port":"0","protocol":"-1","rule_action":"allow","rule_number":"100","to_port":"0"}],"description":"Public subnets inbound network ACLs"},"public_outbound_acl_rules":{"default":[{"cidr_block":"0.0.0.0/0","from_port":"0","protocol":"-1","rule_action":"allow","rule_number":"100","to_port":"0"}],"description":"Public subnets outbound network ACLs"},"public_route_table_tags":{"default":{},"description":"Additional tags for the public route tables"},"public_subnet_assign_ipv6_address_on_creation":{"default":null,"description":"Assign IPv6 address on public subnet, must be disabled to change IPv6 CIDRs. This is the IPv6 equivalent of map_public_ip_on_launch"},"public_subnet_ipv6_prefixes":{"default":[],"description":"Assigns IPv6 public subnet id based on the Amazon provided /56 prefix base 10 integer (0-256). Must be of equal length to the corresponding IPv4 subnet list"},"public_subnet_suffix":{"default":"public","description":"Suffix to append to public subnets name"},"public_subnet_tags":{"default":{},"description":"Additional tags for the public subnets"},"public_subnets":{"default":[],"description":"A list of public subnets inside the VPC"},"putin_khuylo":{"default":true,"description":"Do you agree that Putin doesn't respect Ukrainian sovereignty and territorial integrity? More info: https://en.wikipedia.org/wiki/Putin_khuylo!"},"redshift_acl_tags":{"default":{},"description":"Additional tags for the redshift subnets network ACL"},"redshift_dedicated_network_acl":{"default":false,"description":"Whether to use dedicated network ACL (not default) and custom rules for redshift subnets"},"redshift_inbound_acl_rules":{"default":[{"cidr_block":"0.0.0.0/0","from_port":"0","protocol":"-1","rule_action":"allow","rule_number":"100","to_port":"0"}],"description":"Redshift subnets inbound network ACL rules"},"redshift_outbound_acl_rules":{"default":[{"cidr_block":"0.0.0.0/0","from_port":"0","protocol":"-1","rule_action":"allow","rule_number":"100","to_port":"0"}],"description":"Redshift subnets outbound network ACL rules"},"redshift_route_table_tags":{"default":{},"description":"Additional tags for the redshift route tables"},"redshift_subnet_assign_ipv6_address_on_creation":{"default":null,"description":"Assign IPv6 address on redshift subnet, must be disabled to change IPv6 CIDRs. This is the IPv6 equivalent of map_public_ip_on_launch"},"redshift_subnet_group_name":{"default":null,"description":"Name of redshift subnet group"},"redshift_subnet_group_tags":{"default":{},"description":"Additional tags for the redshift subnet group"},"redshift_subnet_ipv6_prefixes":{"default":[],"description":"Assigns IPv6 redshift subnet id based on the Amazon provided /56 prefix base 10 integer (0-256). Must be of equal length to the corresponding IPv4 subnet list"},"redshift_subnet_suffix":{"default":"redshift","description":"Suffix to append to redshift subnets name"},"redshift_subnet_tags":{"default":{},"description":"Additional tags for the redshift subnets"},"redshift_subnets":{"default":[],"description":"A list of redshift subnets"},"reuse_nat_ips":{"default":false,"description":"Should be true if you don't want EIPs to be created for your NAT Gateways and will instead pass them in via the 'external_nat_ip_ids' variable"},"secondary_cidr_blocks":{"default":[],"description":"List of secondary CIDR blocks to associate with the VPC to extend the IP Address pool"},"single_nat_gateway":{"default":false,"description":"Should be true if you want to provision a single shared NAT Gateway across all of your private networks"},"tags":{"default":{},"description":"A map of tags to add to all resources"},"vpc_flow_log_permissions_boundary":{"default":null,"description":"The ARN of the Permissions Boundary for the VPC Flow Log IAM Role"},"vpc_flow_log_tags":{"default":{},"description":"Additional tags for the VPC Flow Logs"},"vpc_tags":{"default":{},"description":"Additional tags for the VPC"},"vpn_gateway_az":{"default":null,"description":"The Availability Zone for the VPN Gateway"},"vpn_gateway_id":{"default":"","description":"ID of VPN Gateway to attach to the VPC"},"vpn_gateway_tags":{"default":{},"description":"Additional tags for the VPN gateway"}}}}},"variables":{"cidr_block":{"default":"10.100.0.0/16"},"ec2_node_cidr":{},"private_sn":{"default":["10.100.0.0/24","10.100.1.0/24"]},"public_sn":{"default":["10.100.32.0/24","10.100.42.0/24"]},"repo-name":{},"vpc_name":{"default":"JasperMainNet"}}}},"s3-bucket":{"source":"terraform-aws-modules/s3-bucket/aws","module":{"outputs":{"s3_bucket_arn":{"expression":{"references":["aws_s3_bucket.this[0].arn","aws_s3_bucket.this[0]","aws_s3_bucket.this"]},"description":"The ARN of the bucket. Will be of format arn:aws:s3:::bucketname."},"s3_bucket_bucket_domain_name":{"expression":{"references":["aws_s3_bucket.this[0].bucket_domain_name","aws_s3_bucket.this[0]","aws_s3_bucket.this"]},"description":"The bucket domain name. Will be of format bucketname.s3.amazonaws.com."},"s3_bucket_bucket_regional_domain_name":{"expression":{"references":["aws_s3_bucket.this[0].bucket_regional_domain_name","aws_s3_bucket.this[0]","aws_s3_bucket.this"]},"description":"The bucket region-specific domain name. The bucket domain name including the region name, please refer here for format. Note: The AWS CloudFront allows specifying S3 region-specific endpoint when creating S3 origin, it will prevent redirect issues from CloudFront to S3 Origin URL."},"s3_bucket_hosted_zone_id":{"expression":{"references":["aws_s3_bucket.this[0].hosted_zone_id","aws_s3_bucket.this[0]","aws_s3_bucket.this"]},"description":"The Route 53 Hosted Zone ID for this bucket's region."},"s3_bucket_id":{"expression":{"references":["aws_s3_bucket_policy.this[0].id","aws_s3_bucket_policy.this[0]","aws_s3_bucket_policy.this","aws_s3_bucket.this[0].id","aws_s3_bucket.this[0]","aws_s3_bucket.this"]},"description":"The name of the bucket."},"s3_bucket_region":{"expression":{"references":["aws_s3_bucket.this[0].region","aws_s3_bucket.this[0]","aws_s3_bucket.this"]},"description":"The AWS region this bucket resides in."},"s3_bucket_website_domain":{"expression":{"references":["aws_s3_bucket_website_configuration.this[0].website_domain","aws_s3_bucket_website_configuration.this[0]","aws_s3_bucket_website_configuration.this"]},"description":"The domain of the website endpoint, if the bucket is configured with a website. If not, this will be an empty string. This is used to create Route 53 alias records."},"s3_bucket_website_endpoint":{"expression":{"references":["aws_s3_bucket_website_configuration.this[0].website_endpoint","aws_s3_bucket_website_configuration.this[0]","aws_s3_bucket_website_configuration.this"]},"description":"The website endpoint, if the bucket is configured with a website. If not, this will be an empty string."}},"resources":[{"address":"aws_s3_bucket.this","mode":"managed","type":"aws_s3_bucket","name":"this","provider_config_key":"aws","expressions":{"bucket":{"references":["var.bucket"]},"bucket_prefix":{"references":["var.bucket_prefix"]},"force_destroy":{"references":["var.force_destroy"]},"object_lock_enabled":{"references":["var.object_lock_enabled"]},"tags":{"references":["var.tags"]}},"schema_version":0,"count_expression":{"references":["local.create_bucket"]}},{"address":"aws_s3_bucket_accelerate_configuration.this","mode":"managed","type":"aws_s3_bucket_accelerate_configuration","name":"this","provider_config_key":"aws","expressions":{"bucket":{"references":["aws_s3_bucket.this[0].id","aws_s3_bucket.this[0]","aws_s3_bucket.this"]},"expected_bucket_owner":{"references":["var.expected_bucket_owner"]},"status":{"references":["var.acceleration_status"]}},"schema_version":0,"count_expression":{"references":["local.create_bucket","var.acceleration_status"]}},{"address":"aws_s3_bucket_acl.this","mode":"managed","type":"aws_s3_bucket_acl","name":"this","provider_config_key":"aws","expressions":{"acl":{"references":["var.acl","var.acl"]},"bucket":{"references":["aws_s3_bucket.this[0].id","aws_s3_bucket.this[0]","aws_s3_bucket.this"]},"expected_bucket_owner":{"references":["var.expected_bucket_owner"]}},"schema_version":0,"count_expression":{"references":["local.create_bucket","var.acl","var.acl","local.grants"]}},{"address":"aws_s3_bucket_cors_configuration.this","mode":"managed","type":"aws_s3_bucket_cors_configuration","name":"this","provider_config_key":"aws","expressions":{"bucket":{"references":["aws_s3_bucket.this[0].id","aws_s3_bucket.this[0]","aws_s3_bucket.this"]},"expected_bucket_owner":{"references":["var.expected_bucket_owner"]}},"schema_version":0,"count_expression":{"references":["local.create_bucket","local.cors_rules"]}},{"address":"aws_s3_bucket_intelligent_tiering_configuration.this","mode":"managed","type":"aws_s3_bucket_intelligent_tiering_configuration","name":"this","provider_config_key":"aws","expressions":{"bucket":{"references":["aws_s3_bucket.this[0].id","aws_s3_bucket.this[0]","aws_s3_bucket.this"]},"name":{"references":["each.key"]},"status":{"references":["each.value.status","each.value","each.value.status","each.value"]}},"schema_version":0,"for_each_expression":{"references":["local.intelligent_tiering","local.create_bucket"]}},{"address":"aws_s3_bucket_lifecycle_configuration.this","mode":"managed","type":"aws_s3_bucket_lifecycle_configuration","name":"this","provider_config_key":"aws","expressions":{"bucket":{"references":["aws_s3_bucket.this[0].id","aws_s3_bucket.this[0]","aws_s3_bucket.this"]},"expected_bucket_owner":{"references":["var.expected_bucket_owner"]}},"schema_version":0,"count_expression":{"references":["local.create_bucket","local.lifecycle_rules"]},"depends_on":["aws_s3_bucket_versioning.this"]},{"address":"aws_s3_bucket_logging.this","mode":"managed","type":"aws_s3_bucket_logging","name":"this","provider_config_key":"aws","expressions":{"bucket":{"references":["aws_s3_bucket.this[0].id","aws_s3_bucket.this[0]","aws_s3_bucket.this"]},"target_bucket":{"references":["var.logging[\"target_bucket\"]","var.logging"]},"target_prefix":{"references":["var.logging[\"target_prefix\"]","var.logging"]}},"schema_version":0,"count_expression":{"references":["local.create_bucket","var.logging"]}},{"address":"aws_s3_bucket_object_lock_configuration.this","mode":"managed","type":"aws_s3_bucket_object_lock_configuration","name":"this","provider_config_key":"aws","expressions":{"bucket":{"references":["aws_s3_bucket.this[0].id","aws_s3_bucket.this[0]","aws_s3_bucket.this"]},"expected_bucket_owner":{"references":["var.expected_bucket_owner"]},"rule":[{"default_retention":[{"days":{"references":["var.object_lock_configuration.rule.default_retention.days","var.object_lock_configuration.rule.default_retention","var.object_lock_configuration.rule","var.object_lock_configuration"]},"mode":{"references":["var.object_lock_configuration.rule.default_retention.mode","var.object_lock_configuration.rule.default_retention","var.object_lock_configuration.rule","var.object_lock_configuration"]},"years":{"references":["var.object_lock_configuration.rule.default_retention.years","var.object_lock_configuration.rule.default_retention","var.object_lock_configuration.rule","var.object_lock_configuration"]}}]}],"token":{"references":["var.object_lock_configuration.token","var.object_lock_configuration"]}},"schema_version":0,"count_expression":{"references":["local.create_bucket","var.object_lock_enabled","var.object_lock_configuration.rule.default_retention","var.object_lock_configuration.rule","var.object_lock_configuration"]}},{"address":"aws_s3_bucket_ownership_controls.this","mode":"managed","type":"aws_s3_bucket_ownership_controls","name":"this","provider_config_key":"aws","expressions":{"bucket":{"references":["local.attach_policy","aws_s3_bucket_policy.this[0].id","aws_s3_bucket_policy.this[0]","aws_s3_bucket_policy.this","aws_s3_bucket.this[0].id","aws_s3_bucket.this[0]","aws_s3_bucket.this"]},"rule":[{"object_ownership":{"references":["var.object_ownership"]}}]},"schema_version":0,"count_expression":{"references":["local.create_bucket","var.control_object_ownership"]},"depends_on":["aws_s3_bucket_policy.this","aws_s3_bucket_public_access_block.this","aws_s3_bucket.this"]},{"address":"aws_s3_bucket_policy.this","mode":"managed","type":"aws_s3_bucket_policy","name":"this","provider_config_key":"aws","expressions":{"bucket":{"references":["aws_s3_bucket.this[0].id","aws_s3_bucket.this[0]","aws_s3_bucket.this"]},"policy":{"references":["data.aws_iam_policy_document.combined[0].json","data.aws_iam_policy_document.combined[0]","data.aws_iam_policy_document.combined"]}},"schema_version":0,"count_expression":{"references":["local.create_bucket","local.attach_policy"]}},{"address":"aws_s3_bucket_public_access_block.this","mode":"managed","type":"aws_s3_bucket_public_access_block","name":"this","provider_config_key":"aws","expressions":{"block_public_acls":{"references":["var.block_public_acls"]},"block_public_policy":{"references":["var.block_public_policy"]},"bucket":{"references":["local.attach_policy","aws_s3_bucket_policy.this[0].id","aws_s3_bucket_policy.this[0]","aws_s3_bucket_policy.this","aws_s3_bucket.this[0].id","aws_s3_bucket.this[0]","aws_s3_bucket.this"]},"ignore_public_acls":{"references":["var.ignore_public_acls"]},"restrict_public_buckets":{"references":["var.restrict_public_buckets"]}},"schema_version":0,"count_expression":{"references":["local.create_bucket","var.attach_public_policy"]}},{"address":"aws_s3_bucket_replication_configuration.this","mode":"managed","type":"aws_s3_bucket_replication_configuration","name":"this","provider_config_key":"aws","expressions":{"bucket":{"references":["aws_s3_bucket.this[0].id","aws_s3_bucket.this[0]","aws_s3_bucket.this"]},"role":{"references":["var.replication_configuration[\"role\"]","var.replication_configuration"]}},"schema_version":0,"count_expression":{"references":["local.create_bucket","var.replication_configuration"]},"depends_on":["aws_s3_bucket_versioning.this"]},{"address":"aws_s3_bucket_request_payment_configuration.this","mode":"managed","type":"aws_s3_bucket_request_payment_configuration","name":"this","provider_config_key":"aws","expressions":{"bucket":{"references":["aws_s3_bucket.this[0].id","aws_s3_bucket.this[0]","aws_s3_bucket.this"]},"expected_bucket_owner":{"references":["var.expected_bucket_owner"]},"payer":{"references":["var.request_payer"]}},"schema_version":0,"count_expression":{"references":["local.create_bucket","var.request_payer"]}},{"address":"aws_s3_bucket_server_side_encryption_configuration.this","mode":"managed","type":"aws_s3_bucket_server_side_encryption_configuration","name":"this","provider_config_key":"aws","expressions":{"bucket":{"references":["aws_s3_bucket.this[0].id","aws_s3_bucket.this[0]","aws_s3_bucket.this"]},"expected_bucket_owner":{"references":["var.expected_bucket_owner"]}},"schema_version":0,"count_expression":{"references":["local.create_bucket","var.server_side_encryption_configuration"]}},{"address":"aws_s3_bucket_versioning.this","mode":"managed","type":"aws_s3_bucket_versioning","name":"this","provider_config_key":"aws","expressions":{"bucket":{"references":["aws_s3_bucket.this[0].id","aws_s3_bucket.this[0]","aws_s3_bucket.this"]},"expected_bucket_owner":{"references":["var.expected_bucket_owner"]},"mfa":{"references":["var.versioning[\"mfa\"]","var.versioning"]},"versioning_configuration":[{"mfa_delete":{"references":["var.versioning[\"mfa_delete\"]","var.versioning","var.versioning[\"mfa_delete\"]","var.versioning"]},"status":{"references":["var.versioning[\"enabled\"]","var.versioning","var.versioning[\"status\"]","var.versioning","var.versioning[\"status\"]","var.versioning"]}}]},"schema_version":0,"count_expression":{"references":["local.create_bucket","var.versioning"]}},{"address":"aws_s3_bucket_website_configuration.this","mode":"managed","type":"aws_s3_bucket_website_configuration","name":"this","provider_config_key":"aws","expressions":{"bucket":{"references":["aws_s3_bucket.this[0].id","aws_s3_bucket.this[0]","aws_s3_bucket.this"]},"expected_bucket_owner":{"references":["var.expected_bucket_owner"]}},"schema_version":0,"count_expression":{"references":["local.create_bucket","var.website"]}},{"address":"data.aws_canonical_user_id.this","mode":"data","type":"aws_canonical_user_id","name":"this","provider_config_key":"aws","schema_version":0},{"address":"data.aws_elb_service_account.this","mode":"data","type":"aws_elb_service_account","name":"this","provider_config_key":"aws","schema_version":0,"count_expression":{"references":["local.create_bucket","var.attach_elb_log_delivery_policy"]}},{"address":"data.aws_iam_policy_document.combined","mode":"data","type":"aws_iam_policy_document","name":"combined","provider_config_key":"aws","expressions":{"source_policy_documents":{"references":["var.attach_elb_log_delivery_policy","data.aws_iam_policy_document.elb_log_delivery[0].json","data.aws_iam_policy_document.elb_log_delivery[0]","data.aws_iam_policy_document.elb_log_delivery","var.attach_lb_log_delivery_policy","data.aws_iam_policy_document.lb_log_delivery[0].json","data.aws_iam_policy_document.lb_log_delivery[0]","data.aws_iam_policy_document.lb_log_delivery","var.attach_require_latest_tls_policy","data.aws_iam_policy_document.require_latest_tls[0].json","data.aws_iam_policy_document.require_latest_tls[0]","data.aws_iam_policy_document.require_latest_tls","var.attach_deny_insecure_transport_policy","data.aws_iam_policy_document.deny_insecure_transport[0].json","data.aws_iam_policy_document.deny_insecure_transport[0]","data.aws_iam_policy_document.deny_insecure_transport","var.attach_policy","var.policy"]}},"schema_version":0,"count_expression":{"references":["local.create_bucket","local.attach_policy"]}},{"address":"data.aws_iam_policy_document.deny_insecure_transport","mode":"data","type":"aws_iam_policy_document","name":"deny_insecure_transport","provider_config_key":"aws","expressions":{"statement":[{"actions":{"constant_value":["s3:*"]},"condition":[{"test":{"constant_value":"Bool"},"values":{"constant_value":["false"]},"variable":{"constant_value":"aws:SecureTransport"}}],"effect":{"constant_value":"Deny"},"principals":[{"identifiers":{"constant_value":["*"]},"type":{"constant_value":"*"}}],"resources":{"references":["aws_s3_bucket.this[0].arn","aws_s3_bucket.this[0]","aws_s3_bucket.this","aws_s3_bucket.this[0].arn","aws_s3_bucket.this[0]","aws_s3_bucket.this"]},"sid":{"constant_value":"denyInsecureTransport"}}]},"schema_version":0,"count_expression":{"references":["local.create_bucket","var.attach_deny_insecure_transport_policy"]}},{"address":"data.aws_iam_policy_document.elb_log_delivery","mode":"data","type":"aws_iam_policy_document","name":"elb_log_delivery","provider_config_key":"aws","expressions":{"statement":[{"actions":{"constant_value":["s3:PutObject"]},"effect":{"constant_value":"Allow"},"principals":[{"identifiers":{"references":["data.aws_elb_service_account.this"]},"type":{"constant_value":"AWS"}}],"resources":{"references":["aws_s3_bucket.this[0].arn","aws_s3_bucket.this[0]","aws_s3_bucket.this"]},"sid":{"constant_value":""}}]},"schema_version":0,"count_expression":{"references":["local.create_bucket","var.attach_elb_log_delivery_policy"]}},{"address":"data.aws_iam_policy_document.lb_log_delivery","mode":"data","type":"aws_iam_policy_document","name":"lb_log_delivery","provider_config_key":"aws","expressions":{"statement":[{"actions":{"constant_value":["s3:PutObject"]},"condition":[{"test":{"constant_value":"StringEquals"},"values":{"constant_value":["bucket-owner-full-control"]},"variable":{"constant_value":"s3:x-amz-acl"}}],"effect":{"constant_value":"Allow"},"principals":[{"identifiers":{"constant_value":["delivery.logs.amazonaws.com"]},"type":{"constant_value":"Service"}}],"resources":{"references":["aws_s3_bucket.this[0].arn","aws_s3_bucket.this[0]","aws_s3_bucket.this"]},"sid":{"constant_value":"AWSLogDeliveryWrite"}},{"actions":{"constant_value":["s3:GetBucketAcl"]},"effect":{"constant_value":"Allow"},"principals":[{"identifiers":{"constant_value":["delivery.logs.amazonaws.com"]},"type":{"constant_value":"Service"}}],"resources":{"references":["aws_s3_bucket.this[0].arn","aws_s3_bucket.this[0]","aws_s3_bucket.this"]},"sid":{"constant_value":"AWSLogDeliveryAclCheck"}}]},"schema_version":0,"count_expression":{"references":["local.create_bucket","var.attach_lb_log_delivery_policy"]}},{"address":"data.aws_iam_policy_document.require_latest_tls","mode":"data","type":"aws_iam_policy_document","name":"require_latest_tls","provider_config_key":"aws","expressions":{"statement":[{"actions":{"constant_value":["s3:*"]},"condition":[{"test":{"constant_value":"NumericLessThan"},"values":{"constant_value":["1.2"]},"variable":{"constant_value":"s3:TlsVersion"}}],"effect":{"constant_value":"Deny"},"principals":[{"identifiers":{"constant_value":["*"]},"type":{"constant_value":"*"}}],"resources":{"references":["aws_s3_bucket.this[0].arn","aws_s3_bucket.this[0]","aws_s3_bucket.this","aws_s3_bucket.this[0].arn","aws_s3_bucket.this[0]","aws_s3_bucket.this"]},"sid":{"constant_value":"denyOutdatedTLS"}}]},"schema_version":0,"count_expression":{"references":["local.create_bucket","var.attach_require_latest_tls_policy"]}}],"variables":{"acceleration_status":{"default":null,"description":"(Optional) Sets the accelerate configuration of an existing bucket. Can be Enabled or Suspended."},"acl":{"default":null,"description":"(Optional) The canned ACL to apply. Conflicts with `grant`"},"attach_deny_insecure_transport_policy":{"default":false,"description":"Controls if S3 bucket should have deny non-SSL transport policy attached"},"attach_elb_log_delivery_policy":{"default":false,"description":"Controls if S3 bucket should have ELB log delivery policy attached"},"attach_lb_log_delivery_policy":{"default":false,"description":"Controls if S3 bucket should have ALB/NLB log delivery policy attached"},"attach_policy":{"default":false,"description":"Controls if S3 bucket should have bucket policy attached (set to `true` to use value of `policy` as bucket policy)"},"attach_public_policy":{"default":true,"description":"Controls if a user defined public bucket policy will be attached (set to `false` to allow upstream to apply defaults to the bucket)"},"attach_require_latest_tls_policy":{"default":false,"description":"Controls if S3 bucket should require the latest version of TLS"},"block_public_acls":{"default":false,"description":"Whether Amazon S3 should block public ACLs for this bucket."},"block_public_policy":{"default":false,"description":"Whether Amazon S3 should block public bucket policies for this bucket."},"bucket":{"default":null,"description":"(Optional, Forces new resource) The name of the bucket. If omitted, Terraform will assign a random, unique name."},"bucket_prefix":{"default":null,"description":"(Optional, Forces new resource) Creates a unique bucket name beginning with the specified prefix. Conflicts with bucket."},"control_object_ownership":{"default":false,"description":"Whether to manage S3 Bucket Ownership Controls on this bucket."},"cors_rule":{"default":[],"description":"List of maps containing rules for Cross-Origin Resource Sharing."},"create_bucket":{"default":true,"description":"Controls if S3 bucket should be created"},"expected_bucket_owner":{"default":null,"description":"The account ID of the expected bucket owner"},"force_destroy":{"default":false,"description":"(Optional, Default:false ) A boolean that indicates all objects should be deleted from the bucket so that the bucket can be destroyed without error. These objects are not recoverable."},"grant":{"default":[],"description":"An ACL policy grant. Conflicts with `acl`"},"ignore_public_acls":{"default":false,"description":"Whether Amazon S3 should ignore public ACLs for this bucket."},"intelligent_tiering":{"default":{},"description":"Map containing intelligent tiering configuration."},"lifecycle_rule":{"default":[],"description":"List of maps containing configuration of object lifecycle management."},"logging":{"default":{},"description":"Map containing access bucket logging configuration."},"object_lock_configuration":{"default":{},"description":"Map containing S3 object locking configuration."},"object_lock_enabled":{"default":false,"description":"Whether S3 bucket should have an Object Lock configuration enabled."},"object_ownership":{"default":"ObjectWriter","description":"Object ownership. Valid values: BucketOwnerEnforced, BucketOwnerPreferred or ObjectWriter. 'BucketOwnerEnforced': ACLs are disabled, and the bucket owner automatically owns and has full control over every object in the bucket. 'BucketOwnerPreferred': Objects uploaded to the bucket change ownership to the bucket owner if the objects are uploaded with the bucket-owner-full-control canned ACL. 'ObjectWriter': The uploading account will own the object if the object is uploaded with the bucket-owner-full-control canned ACL."},"owner":{"default":{},"description":"Bucket owner's display name and ID. Conflicts with `acl`"},"policy":{"default":null,"description":"(Optional) A valid bucket policy JSON document. Note that if the policy document is not specific enough (but still valid), Terraform may view the policy as constantly changing in a terraform plan. In this case, please make sure you use the verbose/specific version of the policy. For more information about building AWS IAM policy documents with Terraform, see the AWS IAM Policy Document Guide."},"putin_khuylo":{"default":true,"description":"Do you agree that Putin doesn't respect Ukrainian sovereignty and territorial integrity? More info: https://en.wikipedia.org/wiki/Putin_khuylo!"},"replication_configuration":{"default":{},"description":"Map containing cross-region replication configuration."},"request_payer":{"default":null,"description":"(Optional) Specifies who should bear the cost of Amazon S3 data transfer. Can be either BucketOwner or Requester. By default, the owner of the S3 bucket would incur the costs of any data transfer. See Requester Pays Buckets developer guide for more information."},"restrict_public_buckets":{"default":false,"description":"Whether Amazon S3 should restrict public bucket policies for this bucket."},"server_side_encryption_configuration":{"default":{},"description":"Map containing server-side encryption configuration."},"tags":{"default":{},"description":"(Optional) A mapping of tags to assign to the bucket."},"versioning":{"default":{},"description":"Map containing versioning configuration."},"website":{"default":{},"description":"Map containing static web-site hosting or redirect configuration."}}},"version_constraint":"3.3.0"}},"variables":{"region":{"default":"us-east-1"},"repo-name":{"default":"space-monkey"},"subnet_id":{"default":["$module.networking.vpc.public_subnets[0]"]}}}},"relevant_attributes":[{"resource":"module.networking.module.vpc.aws_eip.nat","attribute":[]},{"resource":"module.ec2.module.ec2_instance.aws_spot_instance_request.this[0]","attribute":["capacity_reservation_specification"]},{"resource":"module.ec2.module.ec2_instance.aws_spot_instance_request.this[0]","attribute":["instance_state"]},{"resource":"module.networking.module.vpc.aws_network_acl.intra[0]","attribute":["arn"]},{"resource":"module.networking.module.vpc.aws_elasticache_subnet_group.elasticache[0]","attribute":["id"]},{"resource":"module.networking.module.vpc.aws_route_table_association.private","attribute":[]},{"resource":"module.ec2_bastion.module.ec2_bastion.aws_instance.this[0]","attribute":["password_data"]},{"resource":"module.ec2_bastion.module.ec2_bastion.aws_instance.this[0]","attribute":["arn"]},{"resource":"module.networking.module.vpc.aws_subnet.private","attribute":[]},{"resource":"module.s3-bucket.aws_s3_bucket.this[0]","attribute":["region"]},{"resource":"module.networking.aws_security_group.bastion-host-sg","attribute":[]},{"resource":"module.ec2.module.ec2_instance.aws_spot_instance_request.this[0]","attribute":["id"]},{"resource":"module.ec2_bastion.module.ec2_bastion.aws_spot_instance_request.this[0]","attribute":["instance_state"]},{"resource":"module.s3-bucket.aws_s3_bucket.this[0]","attribute":["bucket_domain_name"]},{"resource":"module.networking.module.vpc.aws_egress_only_internet_gateway.this[0]","attribute":["id"]},{"resource":"module.networking.module.vpc.aws_network_acl.outpost[0]","attribute":["id"]},{"resource":"module.networking.module.vpc.aws_network_acl.database[0]","attribute":["id"]},{"resource":"module.networking.module.vpc.aws_network_acl.outpost[0]","attribute":["arn"]},{"resource":"module.networking.module.vpc.aws_route_table_association.elasticache","attribute":[]},{"resource":"module.ec2.module.ec2_instance.aws_spot_instance_request.this[0]","attribute":["outpost_arn"]},{"resource":"module.networking.data.http.terraform_ip","attribute":["body"]},{"resource":"module.networking.module.vpc.aws_vpn_gateway_attachment.this[0]","attribute":["vpn_gateway_id"]},{"resource":"module.networking.module.vpc.aws_network_acl.intra[0]","attribute":["id"]},{"resource":"module.ec2.module.ec2_instance.aws_instance.this[0]","attribute":["ipv6_addresses"]},{"resource":"module.networking.module.vpc.aws_cloudwatch_log_group.flow_log[0]","attribute":["arn"]},{"resource":"module.networking.module.vpc.aws_iam_role.vpc_flow_log_cloudwatch[0]","attribute":["arn"]},{"resource":"module.networking.data.aws_availability_zones.available","attribute":["names"]},{"resource":"module.networking.module.vpc.aws_default_vpc.this[0]","attribute":["enable_dns_hostnames"]},{"resource":"module.networking.module.vpc.aws_route_table.intra","attribute":[]},{"resource":"module.networking.module.vpc.aws_route_table.public","attribute":[]},{"resource":"module.networking.module.vpc.aws_egress_only_internet_gateway.this","attribute":[]},{"resource":"module.key_gen.tls_private_key.rsa","attribute":["private_key_pem"]},{"resource":"module.ec2_bastion.module.ec2_bastion.aws_spot_instance_request.this[0]","attribute":["outpost_arn"]},{"resource":"module.ec2.module.ec2_instance.aws_spot_instance_request.this[0]","attribute":["spot_instance_id"]},{"resource":"module.networking.module.vpc.aws_network_acl.elasticache[0]","attribute":["id"]},{"resource":"module.networking.aws_security_group.webserver-sg","attribute":[]},{"resource":"module.s3-bucket.aws_s3_bucket.this[0]","attribute":["id"]},{"resource":"module.ec2_bastion.data.aws_availability_zones.available","attribute":["names",0]},{"resource":"module.s3-bucket.aws_s3_bucket_website_configuration.this[0]","attribute":["website_domain"]},{"resource":"module.networking.module.vpc.aws_route.database_ipv6_egress[0]","attribute":["id"]},{"resource":"module.networking.module.vpc.aws_route_table_association.redshift","attribute":[]},{"resource":"module.networking.module.vpc.aws_default_vpc.this[0]","attribute":["cidr_block"]},{"resource":"module.s3-bucket.aws_s3_bucket_website_configuration.this[0]","attribute":["website_endpoint"]},{"resource":"module.networking.module.vpc.aws_vpn_gateway.this[0]","attribute":["id"]},{"resource":"module.networking.module.vpc.aws_nat_gateway.this","attribute":[]},{"resource":"module.ec2_bastion.module.ec2_bastion.aws_spot_instance_request.this[0]","attribute":["spot_request_state"]},{"resource":"module.ec2.module.ec2_instance.aws_instance.this[0]","attribute":["tags_all"]},{"resource":"module.networking.module.vpc.aws_default_vpc.this[0]","attribute":["instance_tenancy"]},{"resource":"module.networking.module.vpc.aws_vpc.this[0]","attribute":["enable_dns_hostnames"]},{"resource":"module.networking.module.vpc.aws_route_table.elasticache","attribute":[]},{"resource":"module.ec2.module.ec2_instance.aws_spot_instance_request.this[0]","attribute":["spot_bid_status"]},{"resource":"module.ec2.module.ec2_instance.aws_spot_instance_request.this[0]","attribute":["private_ip"]},{"resource":"module.networking.module.vpc.aws_route.private_nat_gateway","attribute":[]},{"resource":"module.ec2_bastion.module.ec2_bastion.aws_instance.this[0]","attribute":["id"]},{"resource":"module.ec2_bastion.module.ec2_bastion.aws_spot_instance_request.this[0]","attribute":["arn"]},{"resource":"module.networking.module.vpc.aws_elasticache_subnet_group.elasticache[0]","attribute":["name"]},{"resource":"module.ec2.module.ec2_instance.aws_spot_instance_request.this[0]","attribute":["primary_network_interface_id"]},{"resource":"module.networking.module.vpc.aws_default_vpc.this[0]","attribute":["default_security_group_id"]},{"resource":"module.key_gen.module.key_pair.aws_key_pair.this","attribute":[]},{"resource":"module.networking.module.vpc.aws_vpc.this[0]","attribute":["cidr_block"]},{"resource":"module.ec2.module.ec2_instance.aws_instance.this[0]","attribute":["public_dns"]},{"resource":"module.ec2.module.ec2_instance.aws_instance.this[0]","attribute":["capacity_reservation_specification"]},{"resource":"module.networking.module.vpc.aws_network_acl.database[0]","attribute":["arn"]},{"resource":"module.networking.module.vpc.aws_route.private_ipv6_egress","attribute":[]},{"resource":"module.ec2_bastion.module.ec2_bastion.aws_instance.this[0]","attribute":["tags_all"]},{"resource":"module.ec2.module.ec2_instance.aws_instance.this[0]","attribute":["primary_network_interface_id"]},{"resource":"module.ec2.module.ec2_instance.aws_spot_instance_request.this[0]","attribute":["password_data"]},{"resource":"module.networking.module.vpc.aws_network_acl.elasticache[0]","attribute":["arn"]},{"resource":"module.ec2_bastion.module.ec2_bastion.aws_spot_instance_request.this[0]","attribute":["private_dns"]},{"resource":"module.ec2_bastion.module.ec2_bastion.aws_instance.this[0]","attribute":["capacity_reservation_specification"]},{"resource":"module.ec2_bastion.module.ec2_bastion.aws_spot_instance_request.this[0]","attribute":["tags_all"]},{"resource":"module.ec2_bastion.module.ec2_bastion.aws_instance.this[0]","attribute":["public_ip"]},{"resource":"module.ec2.module.ec2_instance.aws_instance.this[0]","attribute":["public_ip"]},{"resource":"module.ec2.module.ec2_instance.aws_instance.this[0]","attribute":["instance_state"]},{"resource":"module.networking.module.vpc.aws_vpc.this[0]","attribute":["default_network_acl_id"]},{"resource":"module.networking.module.vpc.aws_subnet.elasticache","attribute":[]},{"resource":"module.networking.module.vpc.aws_route.database_nat_gateway","attribute":[]},{"resource":"module.ec2.module.ec2_instance.aws_instance.this[0]","attribute":["password_data"]},{"resource":"module.ec2.data.aws_ami.ami","attribute":["id"]},{"resource":"module.networking.module.vpc.aws_default_vpc.this[0]","attribute":["id"]},{"resource":"module.networking.module.vpc.aws_vpc.this[0]","attribute":["main_route_table_id"]},{"resource":"module.ec2_bastion.module.ec2_bastion.aws_instance.this[0]","attribute":["primary_network_interface_id"]},{"resource":"module.ec2_bastion.module.ec2_bastion.aws_instance.this[0]","attribute":["private_dns"]},{"resource":"module.networking.module.vpc.aws_vpc.this[0]","attribute":["ipv6_cidr_block"]},{"resource":"module.networking.module.vpc.aws_flow_log.this[0]","attribute":["id"]},{"resource":"module.networking.module.vpc.aws_route_table.redshift","attribute":[]},{"resource":"module.ec2_bastion.module.ec2_bastion.aws_spot_instance_request.this[0]","attribute":["spot_instance_id"]},{"resource":"module.ec2_bastion.module.ec2_bastion.aws_spot_instance_request.this[0]","attribute":["public_dns"]},{"resource":"module.ec2_bastion.module.ec2_bastion.aws_spot_instance_request.this[0]","attribute":["id"]},{"resource":"module.ec2.module.ec2_instance.aws_spot_instance_request.this[0]","attribute":["private_dns"]},{"resource":"module.key_gen.tls_private_key.rsa","attribute":["public_key_openssh"]},{"resource":"module.ec2_bastion.aws_ebs_volume.ebs_vol_01","attribute":["id"]},{"resource":"module.networking.module.vpc.aws_default_vpc.this[0]","attribute":["arn"]},{"resource":"module.ec2.aws_ebs_volume.ebs_vol_01","attribute":[]},{"resource":"module.networking.module.vpc.aws_vpc.this[0]","attribute":["enable_dns_support"]},{"resource":"module.networking.module.vpc.aws_vpc.this[0]","attribute":["ipv6_association_id"]},{"resource":"module.networking.module.vpc.aws_network_acl.public[0]","attribute":["arn"]},{"resource":"module.ec2_bastion.module.ec2_bastion.aws_spot_instance_request.this[0]","attribute":["spot_bid_status"]},{"resource":"module.ec2_bastion.module.ec2_bastion.aws_instance.this[0]","attribute":["ipv6_addresses"]},{"resource":"module.networking.module.vpc.aws_subnet.public","attribute":[]},{"resource":"module.networking.module.vpc.aws_vpc.this[0]","attribute":["default_route_table_id"]},{"resource":"module.networking.module.vpc.aws_vpc.this[0]","attribute":["default_security_group_id"]},{"resource":"module.ec2_bastion.module.ec2_bastion.aws_spot_instance_request.this[0]","attribute":["private_ip"]},{"resource":"module.ec2.module.ec2_instance.aws_instance.this[0]","attribute":["private_dns"]},{"resource":"module.ec2_bastion.module.ec2_bastion.aws_instance.this[0]","attribute":["public_dns"]},{"resource":"module.ec2.aws_ebs_volume.ebs_vol_01","attribute":["id"]},{"resource":"module.networking.module.vpc.aws_default_vpc.this[0]","attribute":["main_route_table_id"]},{"resource":"module.ec2_bastion.aws_ebs_volume.ebs_vol_01","attribute":[]},{"resource":"module.ec2.module.ec2_instance.aws_spot_instance_request.this[0]","attribute":["public_dns"]},{"resource":"module.networking.module.vpc.aws_customer_gateway.this","attribute":[]},{"resource":"module.networking.module.vpc.aws_subnet.intra","attribute":[]},{"resource":"module.networking.module.vpc.aws_db_subnet_group.database[0]","attribute":["id"]},{"resource":"module.networking.module.vpc.aws_route_table_association.redshift_public","attribute":[]},{"resource":"module.ec2_bastion.module.ec2_bastion.aws_spot_instance_request.this[0]","attribute":["primary_network_interface_id"]},{"resource":"module.ec2_bastion.module.ec2_bastion.aws_spot_instance_request.this[0]","attribute":["public_ip"]},{"resource":"module.ec2.module.ec2_instance.aws_spot_instance_request.this[0]","attribute":["spot_request_state"]},{"resource":"module.networking.module.vpc.aws_vpc.this[0]","attribute":["arn"]},{"resource":"module.networking.module.vpc.aws_network_acl.redshift[0]","attribute":["arn"]},{"resource":"module.networking.module.vpc.aws_route_table_association.database","attribute":[]},{"resource":"module.networking.module.vpc.aws_vpc.this[0]","attribute":["id"]},{"resource":"module.networking.module.vpc.aws_internet_gateway.this[0]","attribute":["arn"]},{"resource":"module.s3-bucket.aws_s3_bucket_policy.this[0]","attribute":["id"]},{"resource":"module.ec2.data.aws_availability_zones.available","attribute":["names",0]},{"resource":"module.s3-bucket.aws_s3_bucket.this[0]","attribute":["arn"]},{"resource":"module.networking.module.vpc.aws_subnet.redshift","attribute":[]},{"resource":"module.networking.module.vpc.aws_subnet.database","attribute":[]},{"resource":"module.networking.module.vpc.aws_network_acl.redshift[0]","attribute":["id"]},{"resource":"module.ec2_bastion.module.ec2_bastion.aws_instance.this[0]","attribute":["instance_state"]},{"resource":"module.ec2_bastion.module.ec2_bastion.aws_spot_instance_request.this[0]","attribute":["password_data"]},{"resource":"module.networking.module.vpc.aws_route_table.public[0]","attribute":["id"]},{"resource":"module.networking.module.vpc.aws_default_vpc.this[0]","attribute":["enable_dns_support"]},{"resource":"module.networking.module.vpc.aws_default_vpc.this[0]","attribute":["default_route_table_id"]},{"resource":"module.ec2.module.ec2_instance.aws_instance.this[0]","attribute":["private_ip"]},{"resource":"module.networking.module.vpc.aws_redshift_subnet_group.redshift[0]","attribute":["id"]},{"resource":"module.networking.module.vpc.aws_route_table.database","attribute":[]},{"resource":"module.ec2_bastion.module.ec2_bastion.aws_instance.this[0]","attribute":["private_ip"]},{"resource":"module.ec2.module.ec2_instance.aws_instance.this[0]","attribute":["id"]},{"resource":"module.networking.module.vpc.aws_route_table.private","attribute":[]},{"resource":"module.networking.module.vpc.aws_route_table_association.public","attribute":[]},{"resource":"module.networking.module.vpc.aws_route.public_internet_gateway[0]","attribute":["id"]},{"resource":"module.ec2_bastion.module.ec2_bastion.aws_spot_instance_request.this[0]","attribute":["capacity_reservation_specification"]},{"resource":"module.s3-bucket.aws_s3_bucket.this[0]","attribute":["bucket_regional_domain_name"]},{"resource":"module.networking.module.vpc.aws_vpc.this[0]","attribute":["instance_tenancy"]},{"resource":"module.networking.module.vpc.aws_route.public_internet_gateway_ipv6[0]","attribute":["id"]},{"resource":"module.networking.module.vpc.aws_network_acl.private[0]","attribute":["arn"]},{"resource":"module.networking.module.vpc.aws_network_acl.public[0]","attribute":["id"]},{"resource":"module.networking.module.vpc.aws_internet_gateway.this[0]","attribute":["id"]},{"resource":"module.networking.module.vpc.aws_default_vpc.this[0]","attribute":["default_network_acl_id"]},{"resource":"module.networking.module.vpc.aws_db_subnet_group.database[0]","attribute":["name"]},{"resource":"module.ec2.module.ec2_instance.aws_instance.this[0]","attribute":["outpost_arn"]},{"resource":"module.ec2.module.ec2_instance.aws_spot_instance_request.this[0]","attribute":["arn"]},{"resource":"module.networking.module.vpc.aws_vpc_ipv4_cidr_block_association.this[0]","attribute":["vpc_id"]},{"resource":"module.networking.module.vpc.aws_vpc_dhcp_options.this[0]","attribute":["id"]},{"resource":"module.s3-bucket.aws_s3_bucket.this[0]","attribute":["hosted_zone_id"]},{"resource":"module.networking.module.vpc.aws_vpc_ipv4_cidr_block_association.this","attribute":[]},{"resource":"module.ec2_bastion.module.ec2_bastion.aws_instance.this[0]","attribute":["outpost_arn"]},{"resource":"module.networking.module.vpc.aws_vpc.this[0]","attribute":["owner_id"]},{"resource":"module.ec2.module.ec2_instance.aws_spot_instance_request.this[0]","attribute":["tags_all"]},{"resource":"module.networking.module.vpc.aws_route.database_internet_gateway[0]","attribute":["id"]},{"resource":"module.networking.module.vpc.aws_network_acl.private[0]","attribute":["id"]},{"resource":"module.ec2.module.ec2_instance.aws_instance.this[0]","attribute":["arn"]},{"resource":"module.ec2.module.ec2_instance.aws_spot_instance_request.this[0]","attribute":["public_ip"]},{"resource":"module.networking.module.vpc.aws_vpn_gateway.this[0]","attribute":["arn"]},{"resource":"module.networking.module.vpc.aws_subnet.outpost","attribute":[]},{"resource":"module.networking.module.vpc.aws_route_table_association.intra","attribute":[]}]}
